// !$*UTF8*$!
{
	archiveVersion = 1;
	classes = {
	};
	objectVersion = 46;
	objects = {

/* Begin PBXBuildFile section */
		B906C1F417439B3A004BE58F /* Default.png in Resources */ = {isa = PBXBuildFile; fileRef = B906C1F317439B3A004BE58F /* Default.png */; };
		B96413CD1742352500908B3E /* Default.png in Resources */ = {isa = PBXBuildFile; fileRef = B96413CC1742352500908B3E /* Default.png */; };
		B96413D01742373000908B3E /* btn-launchwebsite.png in Resources */ = {isa = PBXBuildFile; fileRef = B96413CE1742373000908B3E /* btn-launchwebsite.png */; };
		B96413D11742373000908B3E /* btn_tryagain.png in Resources */ = {isa = PBXBuildFile; fileRef = B96413CF1742373000908B3E /* btn_tryagain.png */; };
		B9868B07171D11F70021AB7F /* UIKit.framework in Frameworks */ = {isa = PBXBuildFile; fileRef = B9868B06171D11F70021AB7F /* UIKit.framework */; };
		B9868B09171D11F70021AB7F /* Foundation.framework in Frameworks */ = {isa = PBXBuildFile; fileRef = B9868B08171D11F70021AB7F /* Foundation.framework */; };
		B9868B0B171D11F70021AB7F /* CoreGraphics.framework in Frameworks */ = {isa = PBXBuildFile; fileRef = B9868B0A171D11F70021AB7F /* CoreGraphics.framework */; };
		B9868B11171D11F70021AB7F /* InfoPlist.strings in Resources */ = {isa = PBXBuildFile; fileRef = B9868B0F171D11F70021AB7F /* InfoPlist.strings */; };
		B9868B13171D11F70021AB7F /* main.m in Sources */ = {isa = PBXBuildFile; fileRef = B9868B12171D11F70021AB7F /* main.m */; };
		B9868B17171D11F70021AB7F /* GMAppDelegate.m in Sources */ = {isa = PBXBuildFile; fileRef = B9868B16171D11F70021AB7F /* GMAppDelegate.m */; };
		B9868B20171D11F70021AB7F /* GMViewController.m in Sources */ = {isa = PBXBuildFile; fileRef = B9868B1F171D11F70021AB7F /* GMViewController.m */; };
		B9868B23171D11F70021AB7F /* GMViewController_iPhone.xib in Resources */ = {isa = PBXBuildFile; fileRef = B9868B21171D11F70021AB7F /* GMViewController_iPhone.xib */; };
		B9868B26171D11F70021AB7F /* GMViewController_iPad.xib in Resources */ = {isa = PBXBuildFile; fileRef = B9868B24171D11F70021AB7F /* GMViewController_iPad.xib */; };
		B9868B2E171D11F80021AB7F /* SenTestingKit.framework in Frameworks */ = {isa = PBXBuildFile; fileRef = B9868B2D171D11F80021AB7F /* SenTestingKit.framework */; };
		B9868B2F171D11F80021AB7F /* UIKit.framework in Frameworks */ = {isa = PBXBuildFile; fileRef = B9868B06171D11F70021AB7F /* UIKit.framework */; };
		B9868B30171D11F80021AB7F /* Foundation.framework in Frameworks */ = {isa = PBXBuildFile; fileRef = B9868B08171D11F70021AB7F /* Foundation.framework */; };
		B9868B38171D11F80021AB7F /* InfoPlist.strings in Resources */ = {isa = PBXBuildFile; fileRef = B9868B36171D11F80021AB7F /* InfoPlist.strings */; };
		B9868B3B171D11F80021AB7F /* GamesWrapperTests.m in Sources */ = {isa = PBXBuildFile; fileRef = B9868B3A171D11F80021AB7F /* GamesWrapperTests.m */; };
		B99989F1171D58810014E04F /* UrlFile.plist in Resources */ = {isa = PBXBuildFile; fileRef = B99989F0171D58810014E04F /* UrlFile.plist */; };
		B9C1E35F17210E0200A97D25 /* CoreLocation.framework in Frameworks */ = {isa = PBXBuildFile; fileRef = B9C1E35E17210E0200A97D25 /* CoreLocation.framework */; };
		B9C1E36017210F1A00A97D25 /* CoreLocation.framework in Frameworks */ = {isa = PBXBuildFile; fileRef = B9C1E35E17210E0200A97D25 /* CoreLocation.framework */; };
		B9C1E364172520F300A97D25 /* Reachability.m in Sources */ = {isa = PBXBuildFile; fileRef = B9C1E363172520F300A97D25 /* Reachability.m */; settings = {COMPILER_FLAGS = "-fno-objc-arc"; }; };
		B9C1E3661725342E00A97D25 /* CFNetwork.framework in Frameworks */ = {isa = PBXBuildFile; fileRef = B9C1E3651725342E00A97D25 /* CFNetwork.framework */; };
		B9C1E3681725349000A97D25 /* SystemConfiguration.framework in Frameworks */ = {isa = PBXBuildFile; fileRef = B9C1E3671725349000A97D25 /* SystemConfiguration.framework */; };
		B9C1E37F17268E0400A97D25 /* Social.framework in Frameworks */ = {isa = PBXBuildFile; fileRef = B9C1E37E17268E0400A97D25 /* Social.framework */; settings = {ATTRIBUTES = (Weak, ); }; };
		B9C1E38317268E6B00A97D25 /* FacebookSDK.framework in Frameworks */ = {isa = PBXBuildFile; fileRef = B9C1E38217268E6B00A97D25 /* FacebookSDK.framework */; settings = {ATTRIBUTES = (Weak, ); }; };
		B9C1E3851726954900A97D25 /* AdSupport.framework in Frameworks */ = {isa = PBXBuildFile; fileRef = B9C1E3841726954900A97D25 /* AdSupport.framework */; settings = {ATTRIBUTES = (Weak, ); }; };
		B9C1E387172695AD00A97D25 /* libsqlite3.dylib in Frameworks */ = {isa = PBXBuildFile; fileRef = B9C1E386172695AD00A97D25 /* libsqlite3.dylib */; settings = {ATTRIBUTES = (Weak, ); }; };
		B9C1E389172695D400A97D25 /* FacebookSDKResources.bundle in Resources */ = {isa = PBXBuildFile; fileRef = B9C1E388172695D400A97D25 /* FacebookSDKResources.bundle */; };
		B9C1E38B172695FF00A97D25 /* Security.framework in Frameworks */ = {isa = PBXBuildFile; fileRef = B9C1E38A172695FF00A97D25 /* Security.framework */; settings = {ATTRIBUTES = (Weak, ); }; };
		B9C1E38D1726969E00A97D25 /* Accounts.framework in Frameworks */ = {isa = PBXBuildFile; fileRef = B9C1E38C1726969E00A97D25 /* Accounts.framework */; settings = {ATTRIBUTES = (Weak, ); }; };
		B9C1E39A172697CB00A97D25 /* app_icon_ipad.png in Resources */ = {isa = PBXBuildFile; fileRef = B9C1E391172697CB00A97D25 /* app_icon_ipad.png */; };
		B9C1E39B172697CB00A97D25 /* app_icon_ipad@2x.png in Resources */ = {isa = PBXBuildFile; fileRef = B9C1E392172697CB00A97D25 /* app_icon_ipad@2x.png */; };
		B9C1E39C172697CB00A97D25 /* Default-568h@2x.png in Resources */ = {isa = PBXBuildFile; fileRef = B9C1E393172697CB00A97D25 /* Default-568h@2x.png */; };
		B9C1E39E172697CB00A97D25 /* Default@2x.png in Resources */ = {isa = PBXBuildFile; fileRef = B9C1E395172697CB00A97D25 /* Default@2x.png */; };
		B9C1E39F172697CB00A97D25 /* splash_768x1024.png in Resources */ = {isa = PBXBuildFile; fileRef = B9C1E396172697CB00A97D25 /* splash_768x1024.png */; };
		B9C1E3A0172697CB00A97D25 /* splash_768x1024@2x.png in Resources */ = {isa = PBXBuildFile; fileRef = B9C1E397172697CB00A97D25 /* splash_768x1024@2x.png */; };
		B9C3087D172FA3C2008181B5 /* libFlurry.a in Frameworks */ = {isa = PBXBuildFile; fileRef = B9C307F8172FA3C1008181B5 /* libFlurry.a */; };
		B9C3087E172FA3C2008181B5 /* annotated.html in Resources */ = {isa = PBXBuildFile; fileRef = B9C307FA172FA3C1008181B5 /* annotated.html */; };
		B9C3087F172FA3C2008181B5 /* annotated.js in Resources */ = {isa = PBXBuildFile; fileRef = B9C307FB172FA3C1008181B5 /* annotated.js */; };
		B9C30880172FA3C2008181B5 /* bc_s.png in Resources */ = {isa = PBXBuildFile; fileRef = B9C307FC172FA3C2008181B5 /* bc_s.png */; };
		B9C30881172FA3C2008181B5 /* bdwn.png in Resources */ = {isa = PBXBuildFile; fileRef = B9C307FD172FA3C2008181B5 /* bdwn.png */; };
		B9C30882172FA3C2008181B5 /* class_flurry-members.html in Resources */ = {isa = PBXBuildFile; fileRef = B9C307FE172FA3C2008181B5 /* class_flurry-members.html */; };
		B9C30883172FA3C2008181B5 /* class_flurry_ads-members.html in Resources */ = {isa = PBXBuildFile; fileRef = B9C307FF172FA3C2008181B5 /* class_flurry_ads-members.html */; };
		B9C30884172FA3C2008181B5 /* classes.html in Resources */ = {isa = PBXBuildFile; fileRef = B9C30800172FA3C2008181B5 /* classes.html */; };
		B9C30885172FA3C2008181B5 /* closed.png in Resources */ = {isa = PBXBuildFile; fileRef = B9C30801172FA3C2008181B5 /* closed.png */; };
		B9C30886172FA3C2008181B5 /* deprecated.html in Resources */ = {isa = PBXBuildFile; fileRef = B9C30802172FA3C2008181B5 /* deprecated.html */; };
		B9C30887172FA3C2008181B5 /* dir_0ebd64bd1208439ff9fb2dd897b3c4a1.html in Resources */ = {isa = PBXBuildFile; fileRef = B9C30803172FA3C2008181B5 /* dir_0ebd64bd1208439ff9fb2dd897b3c4a1.html */; };
		B9C30888172FA3C2008181B5 /* dir_2c12105386bcc5c3935feab96f296a41.html in Resources */ = {isa = PBXBuildFile; fileRef = B9C30804172FA3C2008181B5 /* dir_2c12105386bcc5c3935feab96f296a41.html */; };
		B9C30889172FA3C2008181B5 /* dir_bf6e624d37ff37ef15235f475e02dcb0.html in Resources */ = {isa = PBXBuildFile; fileRef = B9C30805172FA3C2008181B5 /* dir_bf6e624d37ff37ef15235f475e02dcb0.html */; };
		B9C3088A172FA3C2008181B5 /* dir_d451cda8043a26795542aab0016218be.html in Resources */ = {isa = PBXBuildFile; fileRef = B9C30806172FA3C2008181B5 /* dir_d451cda8043a26795542aab0016218be.html */; };
		B9C3088B172FA3C2008181B5 /* doxygen.css in Resources */ = {isa = PBXBuildFile; fileRef = B9C30807172FA3C2008181B5 /* doxygen.css */; };
		B9C3088C172FA3C2008181B5 /* doxygen.png in Resources */ = {isa = PBXBuildFile; fileRef = B9C30808172FA3C2008181B5 /* doxygen.png */; };
		B9C3088D172FA3C2008181B5 /* dynsections.js in Resources */ = {isa = PBXBuildFile; fileRef = B9C30809172FA3C2008181B5 /* dynsections.js */; };
		B9C3088E172FA3C2008181B5 /* ftv2blank.png in Resources */ = {isa = PBXBuildFile; fileRef = B9C3080A172FA3C2008181B5 /* ftv2blank.png */; };
		B9C3088F172FA3C2008181B5 /* ftv2cl.png in Resources */ = {isa = PBXBuildFile; fileRef = B9C3080B172FA3C2008181B5 /* ftv2cl.png */; };
		B9C30890172FA3C2008181B5 /* ftv2doc.png in Resources */ = {isa = PBXBuildFile; fileRef = B9C3080C172FA3C2008181B5 /* ftv2doc.png */; };
		B9C30891172FA3C2008181B5 /* ftv2folderclosed.png in Resources */ = {isa = PBXBuildFile; fileRef = B9C3080D172FA3C2008181B5 /* ftv2folderclosed.png */; };
		B9C30892172FA3C2008181B5 /* ftv2folderopen.png in Resources */ = {isa = PBXBuildFile; fileRef = B9C3080E172FA3C2008181B5 /* ftv2folderopen.png */; };
		B9C30893172FA3C2008181B5 /* ftv2lastnode.png in Resources */ = {isa = PBXBuildFile; fileRef = B9C3080F172FA3C2008181B5 /* ftv2lastnode.png */; };
		B9C30894172FA3C2008181B5 /* ftv2link.png in Resources */ = {isa = PBXBuildFile; fileRef = B9C30810172FA3C2008181B5 /* ftv2link.png */; };
		B9C30895172FA3C2008181B5 /* ftv2mlastnode.png in Resources */ = {isa = PBXBuildFile; fileRef = B9C30811172FA3C2008181B5 /* ftv2mlastnode.png */; };
		B9C30896172FA3C2008181B5 /* ftv2mnode.png in Resources */ = {isa = PBXBuildFile; fileRef = B9C30812172FA3C2008181B5 /* ftv2mnode.png */; };
		B9C30897172FA3C2008181B5 /* ftv2mo.png in Resources */ = {isa = PBXBuildFile; fileRef = B9C30813172FA3C2008181B5 /* ftv2mo.png */; };
		B9C30898172FA3C2008181B5 /* ftv2node.png in Resources */ = {isa = PBXBuildFile; fileRef = B9C30814172FA3C2008181B5 /* ftv2node.png */; };
		B9C30899172FA3C2008181B5 /* ftv2ns.png in Resources */ = {isa = PBXBuildFile; fileRef = B9C30815172FA3C2008181B5 /* ftv2ns.png */; };
		B9C3089A172FA3C2008181B5 /* ftv2plastnode.png in Resources */ = {isa = PBXBuildFile; fileRef = B9C30816172FA3C2008181B5 /* ftv2plastnode.png */; };
		B9C3089B172FA3C2008181B5 /* ftv2pnode.png in Resources */ = {isa = PBXBuildFile; fileRef = B9C30817172FA3C2008181B5 /* ftv2pnode.png */; };
		B9C3089C172FA3C2008181B5 /* ftv2splitbar.png in Resources */ = {isa = PBXBuildFile; fileRef = B9C30818172FA3C2008181B5 /* ftv2splitbar.png */; };
		B9C3089D172FA3C2008181B5 /* ftv2vertline.png in Resources */ = {isa = PBXBuildFile; fileRef = B9C30819172FA3C2008181B5 /* ftv2vertline.png */; };
		B9C3089E172FA3C2008181B5 /* functions.html in Resources */ = {isa = PBXBuildFile; fileRef = B9C3081A172FA3C2008181B5 /* functions.html */; };
		B9C3089F172FA3C2008181B5 /* functions_func.html in Resources */ = {isa = PBXBuildFile; fileRef = B9C3081B172FA3C2008181B5 /* functions_func.html */; };
		B9C308A0172FA3C2008181B5 /* index.html in Resources */ = {isa = PBXBuildFile; fileRef = B9C3081C172FA3C2008181B5 /* index.html */; };
		B9C308A1172FA3C2008181B5 /* interface_flurry.html in Resources */ = {isa = PBXBuildFile; fileRef = B9C3081D172FA3C2008181B5 /* interface_flurry.html */; };
		B9C308A2172FA3C2008181B5 /* interface_flurry_ads.html in Resources */ = {isa = PBXBuildFile; fileRef = B9C3081E172FA3C2008181B5 /* interface_flurry_ads.html */; };
		B9C308A3172FA3C2008181B5 /* jquery.js in Resources */ = {isa = PBXBuildFile; fileRef = B9C3081F172FA3C2008181B5 /* jquery.js */; };
		B9C308A4172FA3C2008181B5 /* nav_f.png in Resources */ = {isa = PBXBuildFile; fileRef = B9C30820172FA3C2008181B5 /* nav_f.png */; };
		B9C308A5172FA3C2008181B5 /* nav_g.png in Resources */ = {isa = PBXBuildFile; fileRef = B9C30821172FA3C2008181B5 /* nav_g.png */; };
		B9C308A6172FA3C2008181B5 /* nav_h.png in Resources */ = {isa = PBXBuildFile; fileRef = B9C30822172FA3C2008181B5 /* nav_h.png */; };
		B9C308A7172FA3C2008181B5 /* navtree.css in Resources */ = {isa = PBXBuildFile; fileRef = B9C30823172FA3C2008181B5 /* navtree.css */; };
		B9C308A8172FA3C2008181B5 /* navtree.js in Resources */ = {isa = PBXBuildFile; fileRef = B9C30824172FA3C2008181B5 /* navtree.js */; };
		B9C308A9172FA3C2008181B5 /* navtreeindex0.js in Resources */ = {isa = PBXBuildFile; fileRef = B9C30825172FA3C2008181B5 /* navtreeindex0.js */; };
		B9C308AA172FA3C2008181B5 /* open.png in Resources */ = {isa = PBXBuildFile; fileRef = B9C30826172FA3C2008181B5 /* open.png */; };
		B9C308AB172FA3C2008181B5 /* pages.html in Resources */ = {isa = PBXBuildFile; fileRef = B9C30827172FA3C2008181B5 /* pages.html */; };
		B9C308AC172FA3C2008181B5 /* protocol_flurry_ad_delegate-p-members.html in Resources */ = {isa = PBXBuildFile; fileRef = B9C30828172FA3C2008181B5 /* protocol_flurry_ad_delegate-p-members.html */; };
		B9C308AD172FA3C2008181B5 /* protocol_flurry_ad_delegate-p.html in Resources */ = {isa = PBXBuildFile; fileRef = B9C30829172FA3C2008181B5 /* protocol_flurry_ad_delegate-p.html */; };
		B9C308AE172FA3C2008181B5 /* protocol_flurry_ad_delegate-p.js in Resources */ = {isa = PBXBuildFile; fileRef = B9C3082A172FA3C2008181B5 /* protocol_flurry_ad_delegate-p.js */; };
		B9C308AF172FA3C2008181B5 /* resize.js in Resources */ = {isa = PBXBuildFile; fileRef = B9C3082B172FA3C2008181B5 /* resize.js */; };
		B9C308B0172FA3C2008181B5 /* all_61.html in Resources */ = {isa = PBXBuildFile; fileRef = B9C3082D172FA3C2008181B5 /* all_61.html */; };
		B9C308B1172FA3C2008181B5 /* all_61.js in Resources */ = {isa = PBXBuildFile; fileRef = B9C3082E172FA3C2008181B5 /* all_61.js */; };
		B9C308B2172FA3C2008181B5 /* all_63.html in Resources */ = {isa = PBXBuildFile; fileRef = B9C3082F172FA3C2008181B5 /* all_63.html */; };
		B9C308B3172FA3C2008181B5 /* all_63.js in Resources */ = {isa = PBXBuildFile; fileRef = B9C30830172FA3C2008181B5 /* all_63.js */; };
		B9C308B4172FA3C2008181B5 /* all_64.html in Resources */ = {isa = PBXBuildFile; fileRef = B9C30831172FA3C2008181B5 /* all_64.html */; };
		B9C308B5172FA3C2008181B5 /* all_64.js in Resources */ = {isa = PBXBuildFile; fileRef = B9C30832172FA3C2008181B5 /* all_64.js */; };
		B9C308B6172FA3C2008181B5 /* all_65.html in Resources */ = {isa = PBXBuildFile; fileRef = B9C30833172FA3C2008181B5 /* all_65.html */; };
		B9C308B7172FA3C2008181B5 /* all_65.js in Resources */ = {isa = PBXBuildFile; fileRef = B9C30834172FA3C2008181B5 /* all_65.js */; };
		B9C308B8172FA3C2008181B5 /* all_66.html in Resources */ = {isa = PBXBuildFile; fileRef = B9C30835172FA3C2008181B5 /* all_66.html */; };
		B9C308B9172FA3C2008181B5 /* all_66.js in Resources */ = {isa = PBXBuildFile; fileRef = B9C30836172FA3C2008181B5 /* all_66.js */; };
		B9C308BA172FA3C2008181B5 /* all_67.html in Resources */ = {isa = PBXBuildFile; fileRef = B9C30837172FA3C2008181B5 /* all_67.html */; };
		B9C308BB172FA3C2008181B5 /* all_67.js in Resources */ = {isa = PBXBuildFile; fileRef = B9C30838172FA3C2008181B5 /* all_67.js */; };
		B9C308BC172FA3C2008181B5 /* all_69.html in Resources */ = {isa = PBXBuildFile; fileRef = B9C30839172FA3C2008181B5 /* all_69.html */; };
		B9C308BD172FA3C2008181B5 /* all_69.js in Resources */ = {isa = PBXBuildFile; fileRef = B9C3083A172FA3C2008181B5 /* all_69.js */; };
		B9C308BE172FA3C2008181B5 /* all_6c.html in Resources */ = {isa = PBXBuildFile; fileRef = B9C3083B172FA3C2008181B5 /* all_6c.html */; };
		B9C308BF172FA3C2008181B5 /* all_6c.js in Resources */ = {isa = PBXBuildFile; fileRef = B9C3083C172FA3C2008181B5 /* all_6c.js */; };
		B9C308C0172FA3C2008181B5 /* all_72.html in Resources */ = {isa = PBXBuildFile; fileRef = B9C3083D172FA3C2008181B5 /* all_72.html */; };
		B9C308C1172FA3C2008181B5 /* all_72.js in Resources */ = {isa = PBXBuildFile; fileRef = B9C3083E172FA3C2008181B5 /* all_72.js */; };
		B9C308C2172FA3C2008181B5 /* all_73.html in Resources */ = {isa = PBXBuildFile; fileRef = B9C3083F172FA3C2008181B5 /* all_73.html */; };
		B9C308C3172FA3C2008181B5 /* all_73.js in Resources */ = {isa = PBXBuildFile; fileRef = B9C30840172FA3C2008181B5 /* all_73.js */; };
		B9C308C4172FA3C2008181B5 /* all_76.html in Resources */ = {isa = PBXBuildFile; fileRef = B9C30841172FA3C2008181B5 /* all_76.html */; };
		B9C308C5172FA3C2008181B5 /* all_76.js in Resources */ = {isa = PBXBuildFile; fileRef = B9C30842172FA3C2008181B5 /* all_76.js */; };
		B9C308C6172FA3C2008181B5 /* classes_66.html in Resources */ = {isa = PBXBuildFile; fileRef = B9C30843172FA3C2008181B5 /* classes_66.html */; };
		B9C308C7172FA3C2008181B5 /* classes_66.js in Resources */ = {isa = PBXBuildFile; fileRef = B9C30844172FA3C2008181B5 /* classes_66.js */; };
		B9C308C8172FA3C2008181B5 /* close.png in Resources */ = {isa = PBXBuildFile; fileRef = B9C30845172FA3C2008181B5 /* close.png */; };
		B9C308C9172FA3C2008181B5 /* functions_61.html in Resources */ = {isa = PBXBuildFile; fileRef = B9C30846172FA3C2008181B5 /* functions_61.html */; };
		B9C308CA172FA3C2008181B5 /* functions_61.js in Resources */ = {isa = PBXBuildFile; fileRef = B9C30847172FA3C2008181B5 /* functions_61.js */; };
		B9C308CB172FA3C2008181B5 /* functions_63.html in Resources */ = {isa = PBXBuildFile; fileRef = B9C30848172FA3C2008181B5 /* functions_63.html */; };
		B9C308CC172FA3C2008181B5 /* functions_63.js in Resources */ = {isa = PBXBuildFile; fileRef = B9C30849172FA3C2008181B5 /* functions_63.js */; };
		B9C308CD172FA3C2008181B5 /* functions_64.html in Resources */ = {isa = PBXBuildFile; fileRef = B9C3084A172FA3C2008181B5 /* functions_64.html */; };
		B9C308CE172FA3C2008181B5 /* functions_64.js in Resources */ = {isa = PBXBuildFile; fileRef = B9C3084B172FA3C2008181B5 /* functions_64.js */; };
		B9C308CF172FA3C2008181B5 /* functions_65.html in Resources */ = {isa = PBXBuildFile; fileRef = B9C3084C172FA3C2008181B5 /* functions_65.html */; };
		B9C308D0172FA3C2008181B5 /* functions_65.js in Resources */ = {isa = PBXBuildFile; fileRef = B9C3084D172FA3C2008181B5 /* functions_65.js */; };
		B9C308D1172FA3C2008181B5 /* functions_66.html in Resources */ = {isa = PBXBuildFile; fileRef = B9C3084E172FA3C2008181B5 /* functions_66.html */; };
		B9C308D2172FA3C2008181B5 /* functions_66.js in Resources */ = {isa = PBXBuildFile; fileRef = B9C3084F172FA3C2008181B5 /* functions_66.js */; };
		B9C308D3172FA3C2008181B5 /* functions_67.html in Resources */ = {isa = PBXBuildFile; fileRef = B9C30850172FA3C2008181B5 /* functions_67.html */; };
		B9C308D4172FA3C2008181B5 /* functions_67.js in Resources */ = {isa = PBXBuildFile; fileRef = B9C30851172FA3C2008181B5 /* functions_67.js */; };
		B9C308D5172FA3C2008181B5 /* functions_69.html in Resources */ = {isa = PBXBuildFile; fileRef = B9C30852172FA3C2008181B5 /* functions_69.html */; };
		B9C308D6172FA3C2008181B5 /* functions_69.js in Resources */ = {isa = PBXBuildFile; fileRef = B9C30853172FA3C2008181B5 /* functions_69.js */; };
		B9C308D7172FA3C2008181B5 /* functions_6c.html in Resources */ = {isa = PBXBuildFile; fileRef = B9C30854172FA3C2008181B5 /* functions_6c.html */; };
		B9C308D8172FA3C2008181B5 /* functions_6c.js in Resources */ = {isa = PBXBuildFile; fileRef = B9C30855172FA3C2008181B5 /* functions_6c.js */; };
		B9C308D9172FA3C2008181B5 /* functions_72.html in Resources */ = {isa = PBXBuildFile; fileRef = B9C30856172FA3C2008181B5 /* functions_72.html */; };
		B9C308DA172FA3C2008181B5 /* functions_72.js in Resources */ = {isa = PBXBuildFile; fileRef = B9C30857172FA3C2008181B5 /* functions_72.js */; };
		B9C308DB172FA3C2008181B5 /* functions_73.html in Resources */ = {isa = PBXBuildFile; fileRef = B9C30858172FA3C2008181B5 /* functions_73.html */; };
		B9C308DC172FA3C2008181B5 /* functions_73.js in Resources */ = {isa = PBXBuildFile; fileRef = B9C30859172FA3C2008181B5 /* functions_73.js */; };
		B9C308DD172FA3C2008181B5 /* functions_76.html in Resources */ = {isa = PBXBuildFile; fileRef = B9C3085A172FA3C2008181B5 /* functions_76.html */; };
		B9C308DE172FA3C2008181B5 /* functions_76.js in Resources */ = {isa = PBXBuildFile; fileRef = B9C3085B172FA3C2008181B5 /* functions_76.js */; };
		B9C308DF172FA3C2008181B5 /* mag_sel.png in Resources */ = {isa = PBXBuildFile; fileRef = B9C3085C172FA3C2008181B5 /* mag_sel.png */; };
		B9C308E0172FA3C2008181B5 /* nomatches.html in Resources */ = {isa = PBXBuildFile; fileRef = B9C3085D172FA3C2008181B5 /* nomatches.html */; };
		B9C308E1172FA3C2008181B5 /* pages_64.html in Resources */ = {isa = PBXBuildFile; fileRef = B9C3085E172FA3C2008181B5 /* pages_64.html */; };
		B9C308E2172FA3C2008181B5 /* pages_64.js in Resources */ = {isa = PBXBuildFile; fileRef = B9C3085F172FA3C2008181B5 /* pages_64.js */; };
		B9C308E3172FA3C2008181B5 /* search.css in Resources */ = {isa = PBXBuildFile; fileRef = B9C30860172FA3C2008181B5 /* search.css */; };
		B9C308E4172FA3C2008181B5 /* search.js in Resources */ = {isa = PBXBuildFile; fileRef = B9C30861172FA3C2008181B5 /* search.js */; };
		B9C308E5172FA3C2008181B5 /* search_l.png in Resources */ = {isa = PBXBuildFile; fileRef = B9C30862172FA3C2008181B5 /* search_l.png */; };
		B9C308E6172FA3C2008181B5 /* search_m.png in Resources */ = {isa = PBXBuildFile; fileRef = B9C30863172FA3C2008181B5 /* search_m.png */; };
		B9C308E7172FA3C2008181B5 /* search_r.png in Resources */ = {isa = PBXBuildFile; fileRef = B9C30864172FA3C2008181B5 /* search_r.png */; };
		B9C308E8172FA3C2008181B5 /* sync_off.png in Resources */ = {isa = PBXBuildFile; fileRef = B9C30865172FA3C2008181B5 /* sync_off.png */; };
		B9C308E9172FA3C2008181B5 /* sync_on.png in Resources */ = {isa = PBXBuildFile; fileRef = B9C30866172FA3C2008181B5 /* sync_on.png */; };
		B9C308EA172FA3C2008181B5 /* tab_a.png in Resources */ = {isa = PBXBuildFile; fileRef = B9C30867172FA3C2008181B5 /* tab_a.png */; };
		B9C308EB172FA3C2008181B5 /* tab_b.png in Resources */ = {isa = PBXBuildFile; fileRef = B9C30868172FA3C2008181B5 /* tab_b.png */; };
		B9C308EC172FA3C2008181B5 /* tab_h.png in Resources */ = {isa = PBXBuildFile; fileRef = B9C30869172FA3C2008181B5 /* tab_h.png */; };
		B9C308ED172FA3C2008181B5 /* tab_s.png in Resources */ = {isa = PBXBuildFile; fileRef = B9C3086A172FA3C2008181B5 /* tab_s.png */; };
		B9C308EE172FA3C2008181B5 /* tabs.css in Resources */ = {isa = PBXBuildFile; fileRef = B9C3086B172FA3C2008181B5 /* tabs.css */; };
		B9C308EF172FA3C2008181B5 /* Flurry iOS Advertising README v4.2.1.pdf in Resources */ = {isa = PBXBuildFile; fileRef = B9C3086C172FA3C2008181B5 /* Flurry iOS Advertising README v4.2.1.pdf */; };
		B9C308F0172FA3C2008181B5 /* Flurry iOS Analytics README v4.2.1 .pdf in Resources */ = {isa = PBXBuildFile; fileRef = B9C3086D172FA3C2008181B5 /* Flurry iOS Analytics README v4.2.1 .pdf */; };
		B9C308F1172FA3C2008181B5 /* Flurry iOS Release Notes v4.2.1 .pdf in Resources */ = {isa = PBXBuildFile; fileRef = B9C3086E172FA3C2008181B5 /* Flurry iOS Release Notes v4.2.1 .pdf */; };
		B9C308F2172FA3C2008181B5 /* Flurry iOS-4.x-Upgrade-README .pdf in Resources */ = {isa = PBXBuildFile; fileRef = B9C3086F172FA3C2008181B5 /* Flurry iOS-4.x-Upgrade-README .pdf */; };
		B9C308F3172FA3C2008181B5 /* libFlurryAds.a in Frameworks */ = {isa = PBXBuildFile; fileRef = B9C30873172FA3C2008181B5 /* libFlurryAds.a */; };
		B9C308F4172FA3C2008181B5 /* Avro-LICENSE.txt in Resources */ = {isa = PBXBuildFile; fileRef = B9C30875172FA3C2008181B5 /* Avro-LICENSE.txt */; };
		B9C308F5172FA3C2008181B5 /* Flurry AppCircle Advertiser TOS FINAL August 1, 2012.pdf in Resources */ = {isa = PBXBuildFile; fileRef = B9C30876172FA3C2008181B5 /* Flurry AppCircle Advertiser TOS FINAL August 1, 2012.pdf */; };
		B9C308F6172FA3C2008181B5 /* Flurry AppSpot Publisher Platform TOS FINAL August 1, 2012.pdf in Resources */ = {isa = PBXBuildFile; fileRef = B9C30877172FA3C2008181B5 /* Flurry AppSpot Publisher Platform TOS FINAL August 1, 2012.pdf */; };
		B9C308F7172FA3C2008181B5 /* Flurry-LICENSE.txt in Resources */ = {isa = PBXBuildFile; fileRef = B9C30878172FA3C2008181B5 /* Flurry-LICENSE.txt */; };
		B9C308F8172FA3C2008181B5 /* Flurry_AppCircle_Advertiser_TOS.pdf in Resources */ = {isa = PBXBuildFile; fileRef = B9C30879172FA3C2008181B5 /* Flurry_AppCircle_Advertiser_TOS.pdf */; };
		B9C308F9172FA3C2008181B5 /* Flurry_AppSpot_Publisher_Platform_TOS.pdf in Resources */ = {isa = PBXBuildFile; fileRef = B9C3087A172FA3C2008181B5 /* Flurry_AppSpot_Publisher_Platform_TOS.pdf */; };
		B9C308FA172FA3C2008181B5 /* Jansson-LICENSE.txt in Resources */ = {isa = PBXBuildFile; fileRef = B9C3087B172FA3C2008181B5 /* Jansson-LICENSE.txt */; };
		B9C308FB172FA3C2008181B5 /* ProjectApiKey.txt in Resources */ = {isa = PBXBuildFile; fileRef = B9C3087C172FA3C2008181B5 /* ProjectApiKey.txt */; };
		B9C475EC1727BFBC00456DFE /* icon.png in Resources */ = {isa = PBXBuildFile; fileRef = B9C475EA1727BFBC00456DFE /* icon.png */; };
		B9C475ED1727BFBC00456DFE /* icon@2x.png in Resources */ = {isa = PBXBuildFile; fileRef = B9C475EB1727BFBC00456DFE /* icon@2x.png */; };
		B9C47759172A425300456DFE /* Default-Portrait@2x~ipad.png in Resources */ = {isa = PBXBuildFile; fileRef = B9C47757172A425300456DFE /* Default-Portrait@2x~ipad.png */; };
/* End PBXBuildFile section */

/* Begin PBXContainerItemProxy section */
		B9868B31171D11F80021AB7F /* PBXContainerItemProxy */ = {
			isa = PBXContainerItemProxy;
			containerPortal = B9868AFB171D11F70021AB7F /* Project object */;
			proxyType = 1;
			remoteGlobalIDString = B9868B02171D11F70021AB7F;
			remoteInfo = GamesWrapper;
		};
/* End PBXContainerItemProxy section */

/* Begin PBXFileReference section */
		B906C1F317439B3A004BE58F /* Default.png */ = {isa = PBXFileReference; lastKnownFileType = image.png; path = Default.png; sourceTree = "<group>"; };
		B96413CC1742352500908B3E /* Default.png */ = {isa = PBXFileReference; lastKnownFileType = image.png; name = Default.png; path = ../../Default.png; sourceTree = "<group>"; };
		B96413CE1742373000908B3E /* btn-launchwebsite.png */ = {isa = PBXFileReference; lastKnownFileType = image.png; path = "btn-launchwebsite.png"; sourceTree = "<group>"; };
		B96413CF1742373000908B3E /* btn_tryagain.png */ = {isa = PBXFileReference; lastKnownFileType = image.png; path = btn_tryagain.png; sourceTree = "<group>"; };
		B9868B03171D11F70021AB7F /* GamesWrapper.app */ = {isa = PBXFileReference; explicitFileType = wrapper.application; includeInIndex = 0; path = GamesWrapper.app; sourceTree = BUILT_PRODUCTS_DIR; };
		B9868B06171D11F70021AB7F /* UIKit.framework */ = {isa = PBXFileReference; lastKnownFileType = wrapper.framework; name = UIKit.framework; path = System/Library/Frameworks/UIKit.framework; sourceTree = SDKROOT; };
		B9868B08171D11F70021AB7F /* Foundation.framework */ = {isa = PBXFileReference; lastKnownFileType = wrapper.framework; name = Foundation.framework; path = System/Library/Frameworks/Foundation.framework; sourceTree = SDKROOT; };
		B9868B0A171D11F70021AB7F /* CoreGraphics.framework */ = {isa = PBXFileReference; lastKnownFileType = wrapper.framework; name = CoreGraphics.framework; path = System/Library/Frameworks/CoreGraphics.framework; sourceTree = SDKROOT; };
		B9868B0E171D11F70021AB7F /* GamesWrapper-Info.plist */ = {isa = PBXFileReference; lastKnownFileType = text.plist.xml; path = "GamesWrapper-Info.plist"; sourceTree = "<group>"; };
		B9868B10171D11F70021AB7F /* en */ = {isa = PBXFileReference; lastKnownFileType = text.plist.strings; name = en; path = en.lproj/InfoPlist.strings; sourceTree = "<group>"; };
		B9868B12171D11F70021AB7F /* main.m */ = {isa = PBXFileReference; lastKnownFileType = sourcecode.c.objc; path = main.m; sourceTree = "<group>"; };
		B9868B14171D11F70021AB7F /* GamesWrapper-Prefix.pch */ = {isa = PBXFileReference; lastKnownFileType = sourcecode.c.h; path = "GamesWrapper-Prefix.pch"; sourceTree = "<group>"; };
		B9868B15171D11F70021AB7F /* GMAppDelegate.h */ = {isa = PBXFileReference; lastKnownFileType = sourcecode.c.h; path = GMAppDelegate.h; sourceTree = "<group>"; };
		B9868B16171D11F70021AB7F /* GMAppDelegate.m */ = {isa = PBXFileReference; lastKnownFileType = sourcecode.c.objc; path = GMAppDelegate.m; sourceTree = "<group>"; };
		B9868B1E171D11F70021AB7F /* GMViewController.h */ = {isa = PBXFileReference; lastKnownFileType = sourcecode.c.h; path = GMViewController.h; sourceTree = "<group>"; };
		B9868B1F171D11F70021AB7F /* GMViewController.m */ = {isa = PBXFileReference; lastKnownFileType = sourcecode.c.objc; path = GMViewController.m; sourceTree = "<group>"; };
		B9868B22171D11F70021AB7F /* en */ = {isa = PBXFileReference; lastKnownFileType = file.xib; name = en; path = en.lproj/GMViewController_iPhone.xib; sourceTree = "<group>"; };
		B9868B25171D11F70021AB7F /* en */ = {isa = PBXFileReference; lastKnownFileType = file.xib; name = en; path = en.lproj/GMViewController_iPad.xib; sourceTree = "<group>"; };
		B9868B2C171D11F80021AB7F /* GamesWrapperTests.octest */ = {isa = PBXFileReference; explicitFileType = wrapper.cfbundle; includeInIndex = 0; path = GamesWrapperTests.octest; sourceTree = BUILT_PRODUCTS_DIR; };
		B9868B2D171D11F80021AB7F /* SenTestingKit.framework */ = {isa = PBXFileReference; lastKnownFileType = wrapper.framework; name = SenTestingKit.framework; path = Library/Frameworks/SenTestingKit.framework; sourceTree = DEVELOPER_DIR; };
		B9868B35171D11F80021AB7F /* GamesWrapperTests-Info.plist */ = {isa = PBXFileReference; lastKnownFileType = text.plist.xml; path = "GamesWrapperTests-Info.plist"; sourceTree = "<group>"; };
		B9868B37171D11F80021AB7F /* en */ = {isa = PBXFileReference; lastKnownFileType = text.plist.strings; name = en; path = en.lproj/InfoPlist.strings; sourceTree = "<group>"; };
		B9868B39171D11F80021AB7F /* GamesWrapperTests.h */ = {isa = PBXFileReference; lastKnownFileType = sourcecode.c.h; path = GamesWrapperTests.h; sourceTree = "<group>"; };
		B9868B3A171D11F80021AB7F /* GamesWrapperTests.m */ = {isa = PBXFileReference; lastKnownFileType = sourcecode.c.objc; path = GamesWrapperTests.m; sourceTree = "<group>"; };
		B99989F0171D58810014E04F /* UrlFile.plist */ = {isa = PBXFileReference; fileEncoding = 4; lastKnownFileType = text.plist.xml; path = UrlFile.plist; sourceTree = "<group>"; };
		B9ADDAF01738FA2800BD041B /* GMConstants.h */ = {isa = PBXFileReference; fileEncoding = 4; lastKnownFileType = sourcecode.c.h; path = GMConstants.h; sourceTree = "<group>"; };
		B9C1E35E17210E0200A97D25 /* CoreLocation.framework */ = {isa = PBXFileReference; lastKnownFileType = wrapper.framework; name = CoreLocation.framework; path = System/Library/Frameworks/CoreLocation.framework; sourceTree = SDKROOT; };
		B9C1E362172520F300A97D25 /* Reachability.h */ = {isa = PBXFileReference; fileEncoding = 4; lastKnownFileType = sourcecode.c.h; path = Reachability.h; sourceTree = "<group>"; };
		B9C1E363172520F300A97D25 /* Reachability.m */ = {isa = PBXFileReference; fileEncoding = 4; lastKnownFileType = sourcecode.c.objc; path = Reachability.m; sourceTree = "<group>"; };
		B9C1E3651725342E00A97D25 /* CFNetwork.framework */ = {isa = PBXFileReference; lastKnownFileType = wrapper.framework; name = CFNetwork.framework; path = System/Library/Frameworks/CFNetwork.framework; sourceTree = SDKROOT; };
		B9C1E3671725349000A97D25 /* SystemConfiguration.framework */ = {isa = PBXFileReference; lastKnownFileType = wrapper.framework; name = SystemConfiguration.framework; path = System/Library/Frameworks/SystemConfiguration.framework; sourceTree = SDKROOT; };
		B9C1E37E17268E0400A97D25 /* Social.framework */ = {isa = PBXFileReference; lastKnownFileType = wrapper.framework; name = Social.framework; path = System/Library/Frameworks/Social.framework; sourceTree = SDKROOT; };
		B9C1E38217268E6B00A97D25 /* FacebookSDK.framework */ = {isa = PBXFileReference; lastKnownFileType = wrapper.framework; path = FacebookSDK.framework; sourceTree = "<group>"; };
		B9C1E3841726954900A97D25 /* AdSupport.framework */ = {isa = PBXFileReference; lastKnownFileType = wrapper.framework; name = AdSupport.framework; path = System/Library/Frameworks/AdSupport.framework; sourceTree = SDKROOT; };
		B9C1E386172695AD00A97D25 /* libsqlite3.dylib */ = {isa = PBXFileReference; lastKnownFileType = "compiled.mach-o.dylib"; name = libsqlite3.dylib; path = usr/lib/libsqlite3.dylib; sourceTree = SDKROOT; };
		B9C1E388172695D400A97D25 /* FacebookSDKResources.bundle */ = {isa = PBXFileReference; lastKnownFileType = "wrapper.plug-in"; name = FacebookSDKResources.bundle; path = FacebookSDK.framework/Versions/A/Resources/FacebookSDKResources.bundle; sourceTree = "<group>"; };
		B9C1E38A172695FF00A97D25 /* Security.framework */ = {isa = PBXFileReference; lastKnownFileType = wrapper.framework; name = Security.framework; path = System/Library/Frameworks/Security.framework; sourceTree = SDKROOT; };
		B9C1E38C1726969E00A97D25 /* Accounts.framework */ = {isa = PBXFileReference; lastKnownFileType = wrapper.framework; name = Accounts.framework; path = System/Library/Frameworks/Accounts.framework; sourceTree = SDKROOT; };
		B9C1E391172697CB00A97D25 /* app_icon_ipad.png */ = {isa = PBXFileReference; lastKnownFileType = image.png; path = app_icon_ipad.png; sourceTree = "<group>"; };
		B9C1E392172697CB00A97D25 /* app_icon_ipad@2x.png */ = {isa = PBXFileReference; lastKnownFileType = image.png; path = "app_icon_ipad@2x.png"; sourceTree = "<group>"; };
		B9C1E393172697CB00A97D25 /* Default-568h@2x.png */ = {isa = PBXFileReference; lastKnownFileType = image.png; path = "Default-568h@2x.png"; sourceTree = "<group>"; };
		B9C1E395172697CB00A97D25 /* Default@2x.png */ = {isa = PBXFileReference; lastKnownFileType = image.png; path = "Default@2x.png"; sourceTree = "<group>"; };
		B9C1E396172697CB00A97D25 /* splash_768x1024.png */ = {isa = PBXFileReference; lastKnownFileType = image.png; path = splash_768x1024.png; sourceTree = "<group>"; };
		B9C1E397172697CB00A97D25 /* splash_768x1024@2x.png */ = {isa = PBXFileReference; lastKnownFileType = image.png; path = "splash_768x1024@2x.png"; sourceTree = "<group>"; };
		B9C307F7172FA3C1008181B5 /* Flurry.h */ = {isa = PBXFileReference; fileEncoding = 4; lastKnownFileType = sourcecode.c.h; path = Flurry.h; sourceTree = "<group>"; };
		B9C307F8172FA3C1008181B5 /* libFlurry.a */ = {isa = PBXFileReference; lastKnownFileType = archive.ar; path = libFlurry.a; sourceTree = "<group>"; };
		B9C307FA172FA3C1008181B5 /* annotated.html */ = {isa = PBXFileReference; fileEncoding = 4; lastKnownFileType = text.html; path = annotated.html; sourceTree = "<group>"; };
		B9C307FB172FA3C1008181B5 /* annotated.js */ = {isa = PBXFileReference; fileEncoding = 4; lastKnownFileType = sourcecode.javascript; path = annotated.js; sourceTree = "<group>"; };
		B9C307FC172FA3C2008181B5 /* bc_s.png */ = {isa = PBXFileReference; lastKnownFileType = image.png; path = bc_s.png; sourceTree = "<group>"; };
		B9C307FD172FA3C2008181B5 /* bdwn.png */ = {isa = PBXFileReference; lastKnownFileType = image.png; path = bdwn.png; sourceTree = "<group>"; };
		B9C307FE172FA3C2008181B5 /* class_flurry-members.html */ = {isa = PBXFileReference; fileEncoding = 4; lastKnownFileType = text.html; path = "class_flurry-members.html"; sourceTree = "<group>"; };
		B9C307FF172FA3C2008181B5 /* class_flurry_ads-members.html */ = {isa = PBXFileReference; fileEncoding = 4; lastKnownFileType = text.html; path = "class_flurry_ads-members.html"; sourceTree = "<group>"; };
		B9C30800172FA3C2008181B5 /* classes.html */ = {isa = PBXFileReference; fileEncoding = 4; lastKnownFileType = text.html; path = classes.html; sourceTree = "<group>"; };
		B9C30801172FA3C2008181B5 /* closed.png */ = {isa = PBXFileReference; lastKnownFileType = image.png; path = closed.png; sourceTree = "<group>"; };
		B9C30802172FA3C2008181B5 /* deprecated.html */ = {isa = PBXFileReference; fileEncoding = 4; lastKnownFileType = text.html; path = deprecated.html; sourceTree = "<group>"; };
		B9C30803172FA3C2008181B5 /* dir_0ebd64bd1208439ff9fb2dd897b3c4a1.html */ = {isa = PBXFileReference; fileEncoding = 4; lastKnownFileType = text.html; path = dir_0ebd64bd1208439ff9fb2dd897b3c4a1.html; sourceTree = "<group>"; };
		B9C30804172FA3C2008181B5 /* dir_2c12105386bcc5c3935feab96f296a41.html */ = {isa = PBXFileReference; fileEncoding = 4; lastKnownFileType = text.html; path = dir_2c12105386bcc5c3935feab96f296a41.html; sourceTree = "<group>"; };
		B9C30805172FA3C2008181B5 /* dir_bf6e624d37ff37ef15235f475e02dcb0.html */ = {isa = PBXFileReference; fileEncoding = 4; lastKnownFileType = text.html; path = dir_bf6e624d37ff37ef15235f475e02dcb0.html; sourceTree = "<group>"; };
		B9C30806172FA3C2008181B5 /* dir_d451cda8043a26795542aab0016218be.html */ = {isa = PBXFileReference; fileEncoding = 4; lastKnownFileType = text.html; path = dir_d451cda8043a26795542aab0016218be.html; sourceTree = "<group>"; };
		B9C30807172FA3C2008181B5 /* doxygen.css */ = {isa = PBXFileReference; fileEncoding = 4; lastKnownFileType = text.css; path = doxygen.css; sourceTree = "<group>"; };
		B9C30808172FA3C2008181B5 /* doxygen.png */ = {isa = PBXFileReference; lastKnownFileType = image.png; path = doxygen.png; sourceTree = "<group>"; };
		B9C30809172FA3C2008181B5 /* dynsections.js */ = {isa = PBXFileReference; fileEncoding = 4; lastKnownFileType = sourcecode.javascript; path = dynsections.js; sourceTree = "<group>"; };
		B9C3080A172FA3C2008181B5 /* ftv2blank.png */ = {isa = PBXFileReference; lastKnownFileType = image.png; path = ftv2blank.png; sourceTree = "<group>"; };
		B9C3080B172FA3C2008181B5 /* ftv2cl.png */ = {isa = PBXFileReference; lastKnownFileType = image.png; path = ftv2cl.png; sourceTree = "<group>"; };
		B9C3080C172FA3C2008181B5 /* ftv2doc.png */ = {isa = PBXFileReference; lastKnownFileType = image.png; path = ftv2doc.png; sourceTree = "<group>"; };
		B9C3080D172FA3C2008181B5 /* ftv2folderclosed.png */ = {isa = PBXFileReference; lastKnownFileType = image.png; path = ftv2folderclosed.png; sourceTree = "<group>"; };
		B9C3080E172FA3C2008181B5 /* ftv2folderopen.png */ = {isa = PBXFileReference; lastKnownFileType = image.png; path = ftv2folderopen.png; sourceTree = "<group>"; };
		B9C3080F172FA3C2008181B5 /* ftv2lastnode.png */ = {isa = PBXFileReference; lastKnownFileType = image.png; path = ftv2lastnode.png; sourceTree = "<group>"; };
		B9C30810172FA3C2008181B5 /* ftv2link.png */ = {isa = PBXFileReference; lastKnownFileType = image.png; path = ftv2link.png; sourceTree = "<group>"; };
		B9C30811172FA3C2008181B5 /* ftv2mlastnode.png */ = {isa = PBXFileReference; lastKnownFileType = image.png; path = ftv2mlastnode.png; sourceTree = "<group>"; };
		B9C30812172FA3C2008181B5 /* ftv2mnode.png */ = {isa = PBXFileReference; lastKnownFileType = image.png; path = ftv2mnode.png; sourceTree = "<group>"; };
		B9C30813172FA3C2008181B5 /* ftv2mo.png */ = {isa = PBXFileReference; lastKnownFileType = image.png; path = ftv2mo.png; sourceTree = "<group>"; };
		B9C30814172FA3C2008181B5 /* ftv2node.png */ = {isa = PBXFileReference; lastKnownFileType = image.png; path = ftv2node.png; sourceTree = "<group>"; };
		B9C30815172FA3C2008181B5 /* ftv2ns.png */ = {isa = PBXFileReference; lastKnownFileType = image.png; path = ftv2ns.png; sourceTree = "<group>"; };
		B9C30816172FA3C2008181B5 /* ftv2plastnode.png */ = {isa = PBXFileReference; lastKnownFileType = image.png; path = ftv2plastnode.png; sourceTree = "<group>"; };
		B9C30817172FA3C2008181B5 /* ftv2pnode.png */ = {isa = PBXFileReference; lastKnownFileType = image.png; path = ftv2pnode.png; sourceTree = "<group>"; };
		B9C30818172FA3C2008181B5 /* ftv2splitbar.png */ = {isa = PBXFileReference; lastKnownFileType = image.png; path = ftv2splitbar.png; sourceTree = "<group>"; };
		B9C30819172FA3C2008181B5 /* ftv2vertline.png */ = {isa = PBXFileReference; lastKnownFileType = image.png; path = ftv2vertline.png; sourceTree = "<group>"; };
		B9C3081A172FA3C2008181B5 /* functions.html */ = {isa = PBXFileReference; fileEncoding = 4; lastKnownFileType = text.html; path = functions.html; sourceTree = "<group>"; };
		B9C3081B172FA3C2008181B5 /* functions_func.html */ = {isa = PBXFileReference; fileEncoding = 4; lastKnownFileType = text.html; path = functions_func.html; sourceTree = "<group>"; };
		B9C3081C172FA3C2008181B5 /* index.html */ = {isa = PBXFileReference; fileEncoding = 4; lastKnownFileType = text.html; path = index.html; sourceTree = "<group>"; };
		B9C3081D172FA3C2008181B5 /* interface_flurry.html */ = {isa = PBXFileReference; fileEncoding = 4; lastKnownFileType = text.html; path = interface_flurry.html; sourceTree = "<group>"; };
		B9C3081E172FA3C2008181B5 /* interface_flurry_ads.html */ = {isa = PBXFileReference; fileEncoding = 4; lastKnownFileType = text.html; path = interface_flurry_ads.html; sourceTree = "<group>"; };
		B9C3081F172FA3C2008181B5 /* jquery.js */ = {isa = PBXFileReference; fileEncoding = 4; lastKnownFileType = sourcecode.javascript; path = jquery.js; sourceTree = "<group>"; };
		B9C30820172FA3C2008181B5 /* nav_f.png */ = {isa = PBXFileReference; lastKnownFileType = image.png; path = nav_f.png; sourceTree = "<group>"; };
		B9C30821172FA3C2008181B5 /* nav_g.png */ = {isa = PBXFileReference; lastKnownFileType = image.png; path = nav_g.png; sourceTree = "<group>"; };
		B9C30822172FA3C2008181B5 /* nav_h.png */ = {isa = PBXFileReference; lastKnownFileType = image.png; path = nav_h.png; sourceTree = "<group>"; };
		B9C30823172FA3C2008181B5 /* navtree.css */ = {isa = PBXFileReference; fileEncoding = 4; lastKnownFileType = text.css; path = navtree.css; sourceTree = "<group>"; };
		B9C30824172FA3C2008181B5 /* navtree.js */ = {isa = PBXFileReference; fileEncoding = 4; lastKnownFileType = sourcecode.javascript; path = navtree.js; sourceTree = "<group>"; };
		B9C30825172FA3C2008181B5 /* navtreeindex0.js */ = {isa = PBXFileReference; fileEncoding = 4; lastKnownFileType = sourcecode.javascript; path = navtreeindex0.js; sourceTree = "<group>"; };
		B9C30826172FA3C2008181B5 /* open.png */ = {isa = PBXFileReference; lastKnownFileType = image.png; path = open.png; sourceTree = "<group>"; };
		B9C30827172FA3C2008181B5 /* pages.html */ = {isa = PBXFileReference; fileEncoding = 4; lastKnownFileType = text.html; path = pages.html; sourceTree = "<group>"; };
		B9C30828172FA3C2008181B5 /* protocol_flurry_ad_delegate-p-members.html */ = {isa = PBXFileReference; fileEncoding = 4; lastKnownFileType = text.html; path = "protocol_flurry_ad_delegate-p-members.html"; sourceTree = "<group>"; };
		B9C30829172FA3C2008181B5 /* protocol_flurry_ad_delegate-p.html */ = {isa = PBXFileReference; fileEncoding = 4; lastKnownFileType = text.html; path = "protocol_flurry_ad_delegate-p.html"; sourceTree = "<group>"; };
		B9C3082A172FA3C2008181B5 /* protocol_flurry_ad_delegate-p.js */ = {isa = PBXFileReference; fileEncoding = 4; lastKnownFileType = sourcecode.javascript; path = "protocol_flurry_ad_delegate-p.js"; sourceTree = "<group>"; };
		B9C3082B172FA3C2008181B5 /* resize.js */ = {isa = PBXFileReference; fileEncoding = 4; lastKnownFileType = sourcecode.javascript; path = resize.js; sourceTree = "<group>"; };
		B9C3082D172FA3C2008181B5 /* all_61.html */ = {isa = PBXFileReference; fileEncoding = 4; lastKnownFileType = text.html; path = all_61.html; sourceTree = "<group>"; };
		B9C3082E172FA3C2008181B5 /* all_61.js */ = {isa = PBXFileReference; fileEncoding = 4; lastKnownFileType = sourcecode.javascript; path = all_61.js; sourceTree = "<group>"; };
		B9C3082F172FA3C2008181B5 /* all_63.html */ = {isa = PBXFileReference; fileEncoding = 4; lastKnownFileType = text.html; path = all_63.html; sourceTree = "<group>"; };
		B9C30830172FA3C2008181B5 /* all_63.js */ = {isa = PBXFileReference; fileEncoding = 4; lastKnownFileType = sourcecode.javascript; path = all_63.js; sourceTree = "<group>"; };
		B9C30831172FA3C2008181B5 /* all_64.html */ = {isa = PBXFileReference; fileEncoding = 4; lastKnownFileType = text.html; path = all_64.html; sourceTree = "<group>"; };
		B9C30832172FA3C2008181B5 /* all_64.js */ = {isa = PBXFileReference; fileEncoding = 4; lastKnownFileType = sourcecode.javascript; path = all_64.js; sourceTree = "<group>"; };
		B9C30833172FA3C2008181B5 /* all_65.html */ = {isa = PBXFileReference; fileEncoding = 4; lastKnownFileType = text.html; path = all_65.html; sourceTree = "<group>"; };
		B9C30834172FA3C2008181B5 /* all_65.js */ = {isa = PBXFileReference; fileEncoding = 4; lastKnownFileType = sourcecode.javascript; path = all_65.js; sourceTree = "<group>"; };
		B9C30835172FA3C2008181B5 /* all_66.html */ = {isa = PBXFileReference; fileEncoding = 4; lastKnownFileType = text.html; path = all_66.html; sourceTree = "<group>"; };
		B9C30836172FA3C2008181B5 /* all_66.js */ = {isa = PBXFileReference; fileEncoding = 4; lastKnownFileType = sourcecode.javascript; path = all_66.js; sourceTree = "<group>"; };
		B9C30837172FA3C2008181B5 /* all_67.html */ = {isa = PBXFileReference; fileEncoding = 4; lastKnownFileType = text.html; path = all_67.html; sourceTree = "<group>"; };
		B9C30838172FA3C2008181B5 /* all_67.js */ = {isa = PBXFileReference; fileEncoding = 4; lastKnownFileType = sourcecode.javascript; path = all_67.js; sourceTree = "<group>"; };
		B9C30839172FA3C2008181B5 /* all_69.html */ = {isa = PBXFileReference; fileEncoding = 4; lastKnownFileType = text.html; path = all_69.html; sourceTree = "<group>"; };
		B9C3083A172FA3C2008181B5 /* all_69.js */ = {isa = PBXFileReference; fileEncoding = 4; lastKnownFileType = sourcecode.javascript; path = all_69.js; sourceTree = "<group>"; };
		B9C3083B172FA3C2008181B5 /* all_6c.html */ = {isa = PBXFileReference; fileEncoding = 4; lastKnownFileType = text.html; path = all_6c.html; sourceTree = "<group>"; };
		B9C3083C172FA3C2008181B5 /* all_6c.js */ = {isa = PBXFileReference; fileEncoding = 4; lastKnownFileType = sourcecode.javascript; path = all_6c.js; sourceTree = "<group>"; };
		B9C3083D172FA3C2008181B5 /* all_72.html */ = {isa = PBXFileReference; fileEncoding = 4; lastKnownFileType = text.html; path = all_72.html; sourceTree = "<group>"; };
		B9C3083E172FA3C2008181B5 /* all_72.js */ = {isa = PBXFileReference; fileEncoding = 4; lastKnownFileType = sourcecode.javascript; path = all_72.js; sourceTree = "<group>"; };
		B9C3083F172FA3C2008181B5 /* all_73.html */ = {isa = PBXFileReference; fileEncoding = 4; lastKnownFileType = text.html; path = all_73.html; sourceTree = "<group>"; };
		B9C30840172FA3C2008181B5 /* all_73.js */ = {isa = PBXFileReference; fileEncoding = 4; lastKnownFileType = sourcecode.javascript; path = all_73.js; sourceTree = "<group>"; };
		B9C30841172FA3C2008181B5 /* all_76.html */ = {isa = PBXFileReference; fileEncoding = 4; lastKnownFileType = text.html; path = all_76.html; sourceTree = "<group>"; };
		B9C30842172FA3C2008181B5 /* all_76.js */ = {isa = PBXFileReference; fileEncoding = 4; lastKnownFileType = sourcecode.javascript; path = all_76.js; sourceTree = "<group>"; };
		B9C30843172FA3C2008181B5 /* classes_66.html */ = {isa = PBXFileReference; fileEncoding = 4; lastKnownFileType = text.html; path = classes_66.html; sourceTree = "<group>"; };
		B9C30844172FA3C2008181B5 /* classes_66.js */ = {isa = PBXFileReference; fileEncoding = 4; lastKnownFileType = sourcecode.javascript; path = classes_66.js; sourceTree = "<group>"; };
		B9C30845172FA3C2008181B5 /* close.png */ = {isa = PBXFileReference; lastKnownFileType = image.png; path = close.png; sourceTree = "<group>"; };
		B9C30846172FA3C2008181B5 /* functions_61.html */ = {isa = PBXFileReference; fileEncoding = 4; lastKnownFileType = text.html; path = functions_61.html; sourceTree = "<group>"; };
		B9C30847172FA3C2008181B5 /* functions_61.js */ = {isa = PBXFileReference; fileEncoding = 4; lastKnownFileType = sourcecode.javascript; path = functions_61.js; sourceTree = "<group>"; };
		B9C30848172FA3C2008181B5 /* functions_63.html */ = {isa = PBXFileReference; fileEncoding = 4; lastKnownFileType = text.html; path = functions_63.html; sourceTree = "<group>"; };
		B9C30849172FA3C2008181B5 /* functions_63.js */ = {isa = PBXFileReference; fileEncoding = 4; lastKnownFileType = sourcecode.javascript; path = functions_63.js; sourceTree = "<group>"; };
		B9C3084A172FA3C2008181B5 /* functions_64.html */ = {isa = PBXFileReference; fileEncoding = 4; lastKnownFileType = text.html; path = functions_64.html; sourceTree = "<group>"; };
		B9C3084B172FA3C2008181B5 /* functions_64.js */ = {isa = PBXFileReference; fileEncoding = 4; lastKnownFileType = sourcecode.javascript; path = functions_64.js; sourceTree = "<group>"; };
		B9C3084C172FA3C2008181B5 /* functions_65.html */ = {isa = PBXFileReference; fileEncoding = 4; lastKnownFileType = text.html; path = functions_65.html; sourceTree = "<group>"; };
		B9C3084D172FA3C2008181B5 /* functions_65.js */ = {isa = PBXFileReference; fileEncoding = 4; lastKnownFileType = sourcecode.javascript; path = functions_65.js; sourceTree = "<group>"; };
		B9C3084E172FA3C2008181B5 /* functions_66.html */ = {isa = PBXFileReference; fileEncoding = 4; lastKnownFileType = text.html; path = functions_66.html; sourceTree = "<group>"; };
		B9C3084F172FA3C2008181B5 /* functions_66.js */ = {isa = PBXFileReference; fileEncoding = 4; lastKnownFileType = sourcecode.javascript; path = functions_66.js; sourceTree = "<group>"; };
		B9C30850172FA3C2008181B5 /* functions_67.html */ = {isa = PBXFileReference; fileEncoding = 4; lastKnownFileType = text.html; path = functions_67.html; sourceTree = "<group>"; };
		B9C30851172FA3C2008181B5 /* functions_67.js */ = {isa = PBXFileReference; fileEncoding = 4; lastKnownFileType = sourcecode.javascript; path = functions_67.js; sourceTree = "<group>"; };
		B9C30852172FA3C2008181B5 /* functions_69.html */ = {isa = PBXFileReference; fileEncoding = 4; lastKnownFileType = text.html; path = functions_69.html; sourceTree = "<group>"; };
		B9C30853172FA3C2008181B5 /* functions_69.js */ = {isa = PBXFileReference; fileEncoding = 4; lastKnownFileType = sourcecode.javascript; path = functions_69.js; sourceTree = "<group>"; };
		B9C30854172FA3C2008181B5 /* functions_6c.html */ = {isa = PBXFileReference; fileEncoding = 4; lastKnownFileType = text.html; path = functions_6c.html; sourceTree = "<group>"; };
		B9C30855172FA3C2008181B5 /* functions_6c.js */ = {isa = PBXFileReference; fileEncoding = 4; lastKnownFileType = sourcecode.javascript; path = functions_6c.js; sourceTree = "<group>"; };
		B9C30856172FA3C2008181B5 /* functions_72.html */ = {isa = PBXFileReference; fileEncoding = 4; lastKnownFileType = text.html; path = functions_72.html; sourceTree = "<group>"; };
		B9C30857172FA3C2008181B5 /* functions_72.js */ = {isa = PBXFileReference; fileEncoding = 4; lastKnownFileType = sourcecode.javascript; path = functions_72.js; sourceTree = "<group>"; };
		B9C30858172FA3C2008181B5 /* functions_73.html */ = {isa = PBXFileReference; fileEncoding = 4; lastKnownFileType = text.html; path = functions_73.html; sourceTree = "<group>"; };
		B9C30859172FA3C2008181B5 /* functions_73.js */ = {isa = PBXFileReference; fileEncoding = 4; lastKnownFileType = sourcecode.javascript; path = functions_73.js; sourceTree = "<group>"; };
		B9C3085A172FA3C2008181B5 /* functions_76.html */ = {isa = PBXFileReference; fileEncoding = 4; lastKnownFileType = text.html; path = functions_76.html; sourceTree = "<group>"; };
		B9C3085B172FA3C2008181B5 /* functions_76.js */ = {isa = PBXFileReference; fileEncoding = 4; lastKnownFileType = sourcecode.javascript; path = functions_76.js; sourceTree = "<group>"; };
		B9C3085C172FA3C2008181B5 /* mag_sel.png */ = {isa = PBXFileReference; lastKnownFileType = image.png; path = mag_sel.png; sourceTree = "<group>"; };
		B9C3085D172FA3C2008181B5 /* nomatches.html */ = {isa = PBXFileReference; fileEncoding = 4; lastKnownFileType = text.html; path = nomatches.html; sourceTree = "<group>"; };
		B9C3085E172FA3C2008181B5 /* pages_64.html */ = {isa = PBXFileReference; fileEncoding = 4; lastKnownFileType = text.html; path = pages_64.html; sourceTree = "<group>"; };
		B9C3085F172FA3C2008181B5 /* pages_64.js */ = {isa = PBXFileReference; fileEncoding = 4; lastKnownFileType = sourcecode.javascript; path = pages_64.js; sourceTree = "<group>"; };
		B9C30860172FA3C2008181B5 /* search.css */ = {isa = PBXFileReference; fileEncoding = 4; lastKnownFileType = text.css; path = search.css; sourceTree = "<group>"; };
		B9C30861172FA3C2008181B5 /* search.js */ = {isa = PBXFileReference; fileEncoding = 4; lastKnownFileType = sourcecode.javascript; path = search.js; sourceTree = "<group>"; };
		B9C30862172FA3C2008181B5 /* search_l.png */ = {isa = PBXFileReference; lastKnownFileType = image.png; path = search_l.png; sourceTree = "<group>"; };
		B9C30863172FA3C2008181B5 /* search_m.png */ = {isa = PBXFileReference; lastKnownFileType = image.png; path = search_m.png; sourceTree = "<group>"; };
		B9C30864172FA3C2008181B5 /* search_r.png */ = {isa = PBXFileReference; lastKnownFileType = image.png; path = search_r.png; sourceTree = "<group>"; };
		B9C30865172FA3C2008181B5 /* sync_off.png */ = {isa = PBXFileReference; lastKnownFileType = image.png; path = sync_off.png; sourceTree = "<group>"; };
		B9C30866172FA3C2008181B5 /* sync_on.png */ = {isa = PBXFileReference; lastKnownFileType = image.png; path = sync_on.png; sourceTree = "<group>"; };
		B9C30867172FA3C2008181B5 /* tab_a.png */ = {isa = PBXFileReference; lastKnownFileType = image.png; path = tab_a.png; sourceTree = "<group>"; };
		B9C30868172FA3C2008181B5 /* tab_b.png */ = {isa = PBXFileReference; lastKnownFileType = image.png; path = tab_b.png; sourceTree = "<group>"; };
		B9C30869172FA3C2008181B5 /* tab_h.png */ = {isa = PBXFileReference; lastKnownFileType = image.png; path = tab_h.png; sourceTree = "<group>"; };
		B9C3086A172FA3C2008181B5 /* tab_s.png */ = {isa = PBXFileReference; lastKnownFileType = image.png; path = tab_s.png; sourceTree = "<group>"; };
		B9C3086B172FA3C2008181B5 /* tabs.css */ = {isa = PBXFileReference; fileEncoding = 4; lastKnownFileType = text.css; path = tabs.css; sourceTree = "<group>"; };
		B9C3086C172FA3C2008181B5 /* Flurry iOS Advertising README v4.2.1.pdf */ = {isa = PBXFileReference; lastKnownFileType = image.pdf; path = "Flurry iOS Advertising README v4.2.1.pdf"; sourceTree = "<group>"; };
		B9C3086D172FA3C2008181B5 /* Flurry iOS Analytics README v4.2.1 .pdf */ = {isa = PBXFileReference; lastKnownFileType = image.pdf; path = "Flurry iOS Analytics README v4.2.1 .pdf"; sourceTree = "<group>"; };
		B9C3086E172FA3C2008181B5 /* Flurry iOS Release Notes v4.2.1 .pdf */ = {isa = PBXFileReference; lastKnownFileType = image.pdf; path = "Flurry iOS Release Notes v4.2.1 .pdf"; sourceTree = "<group>"; };
		B9C3086F172FA3C2008181B5 /* Flurry iOS-4.x-Upgrade-README .pdf */ = {isa = PBXFileReference; lastKnownFileType = image.pdf; path = "Flurry iOS-4.x-Upgrade-README .pdf"; sourceTree = "<group>"; };
		B9C30871172FA3C2008181B5 /* FlurryAdDelegate.h */ = {isa = PBXFileReference; fileEncoding = 4; lastKnownFileType = sourcecode.c.h; path = FlurryAdDelegate.h; sourceTree = "<group>"; };
		B9C30872172FA3C2008181B5 /* FlurryAds.h */ = {isa = PBXFileReference; fileEncoding = 4; lastKnownFileType = sourcecode.c.h; path = FlurryAds.h; sourceTree = "<group>"; };
		B9C30873172FA3C2008181B5 /* libFlurryAds.a */ = {isa = PBXFileReference; lastKnownFileType = archive.ar; path = libFlurryAds.a; sourceTree = "<group>"; };
		B9C30875172FA3C2008181B5 /* Avro-LICENSE.txt */ = {isa = PBXFileReference; fileEncoding = 4; lastKnownFileType = text; path = "Avro-LICENSE.txt"; sourceTree = "<group>"; };
		B9C30876172FA3C2008181B5 /* Flurry AppCircle Advertiser TOS FINAL August 1, 2012.pdf */ = {isa = PBXFileReference; lastKnownFileType = image.pdf; path = "Flurry AppCircle Advertiser TOS FINAL August 1, 2012.pdf"; sourceTree = "<group>"; };
		B9C30877172FA3C2008181B5 /* Flurry AppSpot Publisher Platform TOS FINAL August 1, 2012.pdf */ = {isa = PBXFileReference; lastKnownFileType = image.pdf; path = "Flurry AppSpot Publisher Platform TOS FINAL August 1, 2012.pdf"; sourceTree = "<group>"; };
		B9C30878172FA3C2008181B5 /* Flurry-LICENSE.txt */ = {isa = PBXFileReference; fileEncoding = 4; lastKnownFileType = text; path = "Flurry-LICENSE.txt"; sourceTree = "<group>"; };
		B9C30879172FA3C2008181B5 /* Flurry_AppCircle_Advertiser_TOS.pdf */ = {isa = PBXFileReference; lastKnownFileType = image.pdf; path = Flurry_AppCircle_Advertiser_TOS.pdf; sourceTree = "<group>"; };
		B9C3087A172FA3C2008181B5 /* Flurry_AppSpot_Publisher_Platform_TOS.pdf */ = {isa = PBXFileReference; lastKnownFileType = image.pdf; path = Flurry_AppSpot_Publisher_Platform_TOS.pdf; sourceTree = "<group>"; };
		B9C3087B172FA3C2008181B5 /* Jansson-LICENSE.txt */ = {isa = PBXFileReference; fileEncoding = 4; lastKnownFileType = text; path = "Jansson-LICENSE.txt"; sourceTree = "<group>"; };
		B9C3087C172FA3C2008181B5 /* ProjectApiKey.txt */ = {isa = PBXFileReference; fileEncoding = 4; lastKnownFileType = text; path = ProjectApiKey.txt; sourceTree = "<group>"; };
		B9C475EA1727BFBC00456DFE /* icon.png */ = {isa = PBXFileReference; lastKnownFileType = image.png; path = icon.png; sourceTree = "<group>"; };
		B9C475EB1727BFBC00456DFE /* icon@2x.png */ = {isa = PBXFileReference; lastKnownFileType = image.png; path = "icon@2x.png"; sourceTree = "<group>"; };
		B9C47757172A425300456DFE /* Default-Portrait@2x~ipad.png */ = {isa = PBXFileReference; lastKnownFileType = image.png; path = "Default-Portrait@2x~ipad.png"; sourceTree = "<group>"; };
		B9C47758172A425300456DFE /* Default-Portrait~ipad.png */ = {isa = PBXFileReference; lastKnownFileType = image.png; path = "Default-Portrait~ipad.png"; sourceTree = "<group>"; };
/* End PBXFileReference section */

/* Begin PBXFrameworksBuildPhase section */
		B9868B00171D11F70021AB7F /* Frameworks */ = {
			isa = PBXFrameworksBuildPhase;
			buildActionMask = 2147483647;
			files = (
				B9C1E38D1726969E00A97D25 /* Accounts.framework in Frameworks */,
				B9C1E38B172695FF00A97D25 /* Security.framework in Frameworks */,
				B9C1E387172695AD00A97D25 /* libsqlite3.dylib in Frameworks */,
				B9C1E3851726954900A97D25 /* AdSupport.framework in Frameworks */,
				B9C1E37F17268E0400A97D25 /* Social.framework in Frameworks */,
				B9C1E3681725349000A97D25 /* SystemConfiguration.framework in Frameworks */,
				B9C1E3661725342E00A97D25 /* CFNetwork.framework in Frameworks */,
				B9C1E36017210F1A00A97D25 /* CoreLocation.framework in Frameworks */,
				B9868B07171D11F70021AB7F /* UIKit.framework in Frameworks */,
				B9868B09171D11F70021AB7F /* Foundation.framework in Frameworks */,
				B9868B0B171D11F70021AB7F /* CoreGraphics.framework in Frameworks */,
				B9C1E38317268E6B00A97D25 /* FacebookSDK.framework in Frameworks */,
				B9C3087D172FA3C2008181B5 /* libFlurry.a in Frameworks */,
				B9C308F3172FA3C2008181B5 /* libFlurryAds.a in Frameworks */,
			);
			runOnlyForDeploymentPostprocessing = 0;
		};
		B9868B28171D11F80021AB7F /* Frameworks */ = {
			isa = PBXFrameworksBuildPhase;
			buildActionMask = 2147483647;
			files = (
				B9C1E35F17210E0200A97D25 /* CoreLocation.framework in Frameworks */,
				B9868B2E171D11F80021AB7F /* SenTestingKit.framework in Frameworks */,
				B9868B2F171D11F80021AB7F /* UIKit.framework in Frameworks */,
				B9868B30171D11F80021AB7F /* Foundation.framework in Frameworks */,
			);
			runOnlyForDeploymentPostprocessing = 0;
		};
/* End PBXFrameworksBuildPhase section */

/* Begin PBXGroup section */
		B9868AFA171D11F70021AB7F = {
			isa = PBXGroup;
			children = (
				B9868B0C171D11F70021AB7F /* GamesWrapper */,
				B9868B33171D11F80021AB7F /* GamesWrapperTests */,
				B9868B05171D11F70021AB7F /* Frameworks */,
				B9868B04171D11F70021AB7F /* Products */,
			);
			sourceTree = "<group>";
		};
		B9868B04171D11F70021AB7F /* Products */ = {
			isa = PBXGroup;
			children = (
				B9868B03171D11F70021AB7F /* GamesWrapper.app */,
				B9868B2C171D11F80021AB7F /* GamesWrapperTests.octest */,
			);
			name = Products;
			sourceTree = "<group>";
		};
		B9868B05171D11F70021AB7F /* Frameworks */ = {
			isa = PBXGroup;
			children = (
				B9C1E386172695AD00A97D25 /* libsqlite3.dylib */,
				B9C1E3841726954900A97D25 /* AdSupport.framework */,
				B9C1E37E17268E0400A97D25 /* Social.framework */,
				B9C1E3671725349000A97D25 /* SystemConfiguration.framework */,
				B9C1E3651725342E00A97D25 /* CFNetwork.framework */,
				B9C1E35E17210E0200A97D25 /* CoreLocation.framework */,
				B9C1E38A172695FF00A97D25 /* Security.framework */,
				B9C1E38C1726969E00A97D25 /* Accounts.framework */,
				B9C1E388172695D400A97D25 /* FacebookSDKResources.bundle */,
				B9C1E38217268E6B00A97D25 /* FacebookSDK.framework */,
				B9868B06171D11F70021AB7F /* UIKit.framework */,
				B9868B08171D11F70021AB7F /* Foundation.framework */,
				B9868B0A171D11F70021AB7F /* CoreGraphics.framework */,
				B9868B2D171D11F80021AB7F /* SenTestingKit.framework */,
			);
			name = Frameworks;
			sourceTree = "<group>";
		};
		B9868B0C171D11F70021AB7F /* GamesWrapper */ = {
			isa = PBXGroup;
			children = (
				B9ADDAEF1738FA0B00BD041B /* Utilities */,
				B9C307F4172FA3C1008181B5 /* Flurry iPhone SDK viPhone 4.2.1 */,
				B9C1E361172520F300A97D25 /* InternetConnectivity */,
				B9868B15171D11F70021AB7F /* GMAppDelegate.h */,
				B9868B16171D11F70021AB7F /* GMAppDelegate.m */,
				B9868B1E171D11F70021AB7F /* GMViewController.h */,
				B9868B1F171D11F70021AB7F /* GMViewController.m */,
				B9868B21171D11F70021AB7F /* GMViewController_iPhone.xib */,
				B9868B24171D11F70021AB7F /* GMViewController_iPad.xib */,
				B9868B0D171D11F70021AB7F /* Supporting Files */,
			);
			path = GamesWrapper;
			sourceTree = "<group>";
		};
		B9868B0D171D11F70021AB7F /* Supporting Files */ = {
			isa = PBXGroup;
			children = (
				B9C1E38E172697CB00A97D25 /* Images */,
				B9868B0E171D11F70021AB7F /* GamesWrapper-Info.plist */,
				B99989F0171D58810014E04F /* UrlFile.plist */,
				B9868B0F171D11F70021AB7F /* InfoPlist.strings */,
				B9868B12171D11F70021AB7F /* main.m */,
				B9868B14171D11F70021AB7F /* GamesWrapper-Prefix.pch */,
			);
			name = "Supporting Files";
			sourceTree = "<group>";
		};
		B9868B33171D11F80021AB7F /* GamesWrapperTests */ = {
			isa = PBXGroup;
			children = (
				B9868B39171D11F80021AB7F /* GamesWrapperTests.h */,
				B9868B3A171D11F80021AB7F /* GamesWrapperTests.m */,
				B9868B34171D11F80021AB7F /* Supporting Files */,
			);
			path = GamesWrapperTests;
			sourceTree = "<group>";
		};
		B9868B34171D11F80021AB7F /* Supporting Files */ = {
			isa = PBXGroup;
			children = (
				B9868B35171D11F80021AB7F /* GamesWrapperTests-Info.plist */,
				B9868B36171D11F80021AB7F /* InfoPlist.strings */,
			);
			name = "Supporting Files";
			sourceTree = "<group>";
		};
		B9ADDAEF1738FA0B00BD041B /* Utilities */ = {
			isa = PBXGroup;
			children = (
				B9ADDAF01738FA2800BD041B /* GMConstants.h */,
			);
			name = Utilities;
			sourceTree = "<group>";
		};
		B9C1E361172520F300A97D25 /* InternetConnectivity */ = {
			isa = PBXGroup;
			children = (
				B9C1E362172520F300A97D25 /* Reachability.h */,
				B9C1E363172520F300A97D25 /* Reachability.m */,
			);
			path = InternetConnectivity;
			sourceTree = "<group>";
		};
		B9C1E38E172697CB00A97D25 /* Images */ = {
			isa = PBXGroup;
			children = (
				B96413CC1742352500908B3E /* Default.png */,
				B9C47757172A425300456DFE /* Default-Portrait@2x~ipad.png */,
				B906C1F317439B3A004BE58F /* Default.png */,
				B96413CE1742373000908B3E /* btn-launchwebsite.png */,
				B96413CF1742373000908B3E /* btn_tryagain.png */,
				B9C47758172A425300456DFE /* Default-Portrait~ipad.png */,
				B9C475EA1727BFBC00456DFE /* icon.png */,
				B9C475EB1727BFBC00456DFE /* icon@2x.png */,
				B9C1E391172697CB00A97D25 /* app_icon_ipad.png */,
				B9C1E392172697CB00A97D25 /* app_icon_ipad@2x.png */,
				B9C1E393172697CB00A97D25 /* Default-568h@2x.png */,
				B9C1E395172697CB00A97D25 /* Default@2x.png */,
				B9C1E396172697CB00A97D25 /* splash_768x1024.png */,
				B9C1E397172697CB00A97D25 /* splash_768x1024@2x.png */,
			);
			path = Images;
			sourceTree = "<group>";
		};
		B9C307F4172FA3C1008181B5 /* Flurry iPhone SDK viPhone 4.2.1 */ = {
			isa = PBXGroup;
			children = (
				B9C307F5172FA3C1008181B5 /* Flurry-iOS-4.2.1 */,
				B9C3087C172FA3C2008181B5 /* ProjectApiKey.txt */,
			);
			path = "Flurry iPhone SDK viPhone 4.2.1";
			sourceTree = "<group>";
		};
		B9C307F5172FA3C1008181B5 /* Flurry-iOS-4.2.1 */ = {
			isa = PBXGroup;
			children = (
				B9C307F6172FA3C1008181B5 /* Flurry */,
				B9C307F9172FA3C1008181B5 /* Flurry API Documentation */,
				B9C3086C172FA3C2008181B5 /* Flurry iOS Advertising README v4.2.1.pdf */,
				B9C3086D172FA3C2008181B5 /* Flurry iOS Analytics README v4.2.1 .pdf */,
				B9C3086E172FA3C2008181B5 /* Flurry iOS Release Notes v4.2.1 .pdf */,
				B9C3086F172FA3C2008181B5 /* Flurry iOS-4.x-Upgrade-README .pdf */,
				B9C30870172FA3C2008181B5 /* FlurryAds */,
				B9C30874172FA3C2008181B5 /* Licenses */,
			);
			path = "Flurry-iOS-4.2.1";
			sourceTree = "<group>";
		};
		B9C307F6172FA3C1008181B5 /* Flurry */ = {
			isa = PBXGroup;
			children = (
				B9C307F7172FA3C1008181B5 /* Flurry.h */,
				B9C307F8172FA3C1008181B5 /* libFlurry.a */,
			);
			path = Flurry;
			sourceTree = "<group>";
		};
		B9C307F9172FA3C1008181B5 /* Flurry API Documentation */ = {
			isa = PBXGroup;
			children = (
				B9C307FA172FA3C1008181B5 /* annotated.html */,
				B9C307FB172FA3C1008181B5 /* annotated.js */,
				B9C307FC172FA3C2008181B5 /* bc_s.png */,
				B9C307FD172FA3C2008181B5 /* bdwn.png */,
				B9C307FE172FA3C2008181B5 /* class_flurry-members.html */,
				B9C307FF172FA3C2008181B5 /* class_flurry_ads-members.html */,
				B9C30800172FA3C2008181B5 /* classes.html */,
				B9C30801172FA3C2008181B5 /* closed.png */,
				B9C30802172FA3C2008181B5 /* deprecated.html */,
				B9C30803172FA3C2008181B5 /* dir_0ebd64bd1208439ff9fb2dd897b3c4a1.html */,
				B9C30804172FA3C2008181B5 /* dir_2c12105386bcc5c3935feab96f296a41.html */,
				B9C30805172FA3C2008181B5 /* dir_bf6e624d37ff37ef15235f475e02dcb0.html */,
				B9C30806172FA3C2008181B5 /* dir_d451cda8043a26795542aab0016218be.html */,
				B9C30807172FA3C2008181B5 /* doxygen.css */,
				B9C30808172FA3C2008181B5 /* doxygen.png */,
				B9C30809172FA3C2008181B5 /* dynsections.js */,
				B9C3080A172FA3C2008181B5 /* ftv2blank.png */,
				B9C3080B172FA3C2008181B5 /* ftv2cl.png */,
				B9C3080C172FA3C2008181B5 /* ftv2doc.png */,
				B9C3080D172FA3C2008181B5 /* ftv2folderclosed.png */,
				B9C3080E172FA3C2008181B5 /* ftv2folderopen.png */,
				B9C3080F172FA3C2008181B5 /* ftv2lastnode.png */,
				B9C30810172FA3C2008181B5 /* ftv2link.png */,
				B9C30811172FA3C2008181B5 /* ftv2mlastnode.png */,
				B9C30812172FA3C2008181B5 /* ftv2mnode.png */,
				B9C30813172FA3C2008181B5 /* ftv2mo.png */,
				B9C30814172FA3C2008181B5 /* ftv2node.png */,
				B9C30815172FA3C2008181B5 /* ftv2ns.png */,
				B9C30816172FA3C2008181B5 /* ftv2plastnode.png */,
				B9C30817172FA3C2008181B5 /* ftv2pnode.png */,
				B9C30818172FA3C2008181B5 /* ftv2splitbar.png */,
				B9C30819172FA3C2008181B5 /* ftv2vertline.png */,
				B9C3081A172FA3C2008181B5 /* functions.html */,
				B9C3081B172FA3C2008181B5 /* functions_func.html */,
				B9C3081C172FA3C2008181B5 /* index.html */,
				B9C3081D172FA3C2008181B5 /* interface_flurry.html */,
				B9C3081E172FA3C2008181B5 /* interface_flurry_ads.html */,
				B9C3081F172FA3C2008181B5 /* jquery.js */,
				B9C30820172FA3C2008181B5 /* nav_f.png */,
				B9C30821172FA3C2008181B5 /* nav_g.png */,
				B9C30822172FA3C2008181B5 /* nav_h.png */,
				B9C30823172FA3C2008181B5 /* navtree.css */,
				B9C30824172FA3C2008181B5 /* navtree.js */,
				B9C30825172FA3C2008181B5 /* navtreeindex0.js */,
				B9C30826172FA3C2008181B5 /* open.png */,
				B9C30827172FA3C2008181B5 /* pages.html */,
				B9C30828172FA3C2008181B5 /* protocol_flurry_ad_delegate-p-members.html */,
				B9C30829172FA3C2008181B5 /* protocol_flurry_ad_delegate-p.html */,
				B9C3082A172FA3C2008181B5 /* protocol_flurry_ad_delegate-p.js */,
				B9C3082B172FA3C2008181B5 /* resize.js */,
				B9C3082C172FA3C2008181B5 /* search */,
				B9C30865172FA3C2008181B5 /* sync_off.png */,
				B9C30866172FA3C2008181B5 /* sync_on.png */,
				B9C30867172FA3C2008181B5 /* tab_a.png */,
				B9C30868172FA3C2008181B5 /* tab_b.png */,
				B9C30869172FA3C2008181B5 /* tab_h.png */,
				B9C3086A172FA3C2008181B5 /* tab_s.png */,
				B9C3086B172FA3C2008181B5 /* tabs.css */,
			);
			path = "Flurry API Documentation";
			sourceTree = "<group>";
		};
		B9C3082C172FA3C2008181B5 /* search */ = {
			isa = PBXGroup;
			children = (
				B9C3082D172FA3C2008181B5 /* all_61.html */,
				B9C3082E172FA3C2008181B5 /* all_61.js */,
				B9C3082F172FA3C2008181B5 /* all_63.html */,
				B9C30830172FA3C2008181B5 /* all_63.js */,
				B9C30831172FA3C2008181B5 /* all_64.html */,
				B9C30832172FA3C2008181B5 /* all_64.js */,
				B9C30833172FA3C2008181B5 /* all_65.html */,
				B9C30834172FA3C2008181B5 /* all_65.js */,
				B9C30835172FA3C2008181B5 /* all_66.html */,
				B9C30836172FA3C2008181B5 /* all_66.js */,
				B9C30837172FA3C2008181B5 /* all_67.html */,
				B9C30838172FA3C2008181B5 /* all_67.js */,
				B9C30839172FA3C2008181B5 /* all_69.html */,
				B9C3083A172FA3C2008181B5 /* all_69.js */,
				B9C3083B172FA3C2008181B5 /* all_6c.html */,
				B9C3083C172FA3C2008181B5 /* all_6c.js */,
				B9C3083D172FA3C2008181B5 /* all_72.html */,
				B9C3083E172FA3C2008181B5 /* all_72.js */,
				B9C3083F172FA3C2008181B5 /* all_73.html */,
				B9C30840172FA3C2008181B5 /* all_73.js */,
				B9C30841172FA3C2008181B5 /* all_76.html */,
				B9C30842172FA3C2008181B5 /* all_76.js */,
				B9C30843172FA3C2008181B5 /* classes_66.html */,
				B9C30844172FA3C2008181B5 /* classes_66.js */,
				B9C30845172FA3C2008181B5 /* close.png */,
				B9C30846172FA3C2008181B5 /* functions_61.html */,
				B9C30847172FA3C2008181B5 /* functions_61.js */,
				B9C30848172FA3C2008181B5 /* functions_63.html */,
				B9C30849172FA3C2008181B5 /* functions_63.js */,
				B9C3084A172FA3C2008181B5 /* functions_64.html */,
				B9C3084B172FA3C2008181B5 /* functions_64.js */,
				B9C3084C172FA3C2008181B5 /* functions_65.html */,
				B9C3084D172FA3C2008181B5 /* functions_65.js */,
				B9C3084E172FA3C2008181B5 /* functions_66.html */,
				B9C3084F172FA3C2008181B5 /* functions_66.js */,
				B9C30850172FA3C2008181B5 /* functions_67.html */,
				B9C30851172FA3C2008181B5 /* functions_67.js */,
				B9C30852172FA3C2008181B5 /* functions_69.html */,
				B9C30853172FA3C2008181B5 /* functions_69.js */,
				B9C30854172FA3C2008181B5 /* functions_6c.html */,
				B9C30855172FA3C2008181B5 /* functions_6c.js */,
				B9C30856172FA3C2008181B5 /* functions_72.html */,
				B9C30857172FA3C2008181B5 /* functions_72.js */,
				B9C30858172FA3C2008181B5 /* functions_73.html */,
				B9C30859172FA3C2008181B5 /* functions_73.js */,
				B9C3085A172FA3C2008181B5 /* functions_76.html */,
				B9C3085B172FA3C2008181B5 /* functions_76.js */,
				B9C3085C172FA3C2008181B5 /* mag_sel.png */,
				B9C3085D172FA3C2008181B5 /* nomatches.html */,
				B9C3085E172FA3C2008181B5 /* pages_64.html */,
				B9C3085F172FA3C2008181B5 /* pages_64.js */,
				B9C30860172FA3C2008181B5 /* search.css */,
				B9C30861172FA3C2008181B5 /* search.js */,
				B9C30862172FA3C2008181B5 /* search_l.png */,
				B9C30863172FA3C2008181B5 /* search_m.png */,
				B9C30864172FA3C2008181B5 /* search_r.png */,
			);
			path = search;
			sourceTree = "<group>";
		};
		B9C30870172FA3C2008181B5 /* FlurryAds */ = {
			isa = PBXGroup;
			children = (
				B9C30871172FA3C2008181B5 /* FlurryAdDelegate.h */,
				B9C30872172FA3C2008181B5 /* FlurryAds.h */,
				B9C30873172FA3C2008181B5 /* libFlurryAds.a */,
			);
			path = FlurryAds;
			sourceTree = "<group>";
		};
		B9C30874172FA3C2008181B5 /* Licenses */ = {
			isa = PBXGroup;
			children = (
				B9C30875172FA3C2008181B5 /* Avro-LICENSE.txt */,
				B9C30876172FA3C2008181B5 /* Flurry AppCircle Advertiser TOS FINAL August 1, 2012.pdf */,
				B9C30877172FA3C2008181B5 /* Flurry AppSpot Publisher Platform TOS FINAL August 1, 2012.pdf */,
				B9C30878172FA3C2008181B5 /* Flurry-LICENSE.txt */,
				B9C30879172FA3C2008181B5 /* Flurry_AppCircle_Advertiser_TOS.pdf */,
				B9C3087A172FA3C2008181B5 /* Flurry_AppSpot_Publisher_Platform_TOS.pdf */,
				B9C3087B172FA3C2008181B5 /* Jansson-LICENSE.txt */,
			);
			path = Licenses;
			sourceTree = "<group>";
		};
/* End PBXGroup section */

/* Begin PBXNativeTarget section */
		B9868B02171D11F70021AB7F /* GamesWrapper */ = {
			isa = PBXNativeTarget;
			buildConfigurationList = B9868B3E171D11F80021AB7F /* Build configuration list for PBXNativeTarget "GamesWrapper" */;
			buildPhases = (
				B9868AFF171D11F70021AB7F /* Sources */,
				B9868B00171D11F70021AB7F /* Frameworks */,
				B9868B01171D11F70021AB7F /* Resources */,
			);
			buildRules = (
			);
			dependencies = (
			);
			name = GamesWrapper;
			productName = GamesWrapper;
			productReference = B9868B03171D11F70021AB7F /* GamesWrapper.app */;
			productType = "com.apple.product-type.application";
		};
		B9868B2B171D11F80021AB7F /* GamesWrapperTests */ = {
			isa = PBXNativeTarget;
			buildConfigurationList = B9868B41171D11F80021AB7F /* Build configuration list for PBXNativeTarget "GamesWrapperTests" */;
			buildPhases = (
				B9868B27171D11F80021AB7F /* Sources */,
				B9868B28171D11F80021AB7F /* Frameworks */,
				B9868B29171D11F80021AB7F /* Resources */,
				B9868B2A171D11F80021AB7F /* ShellScript */,
			);
			buildRules = (
			);
			dependencies = (
				B9868B32171D11F80021AB7F /* PBXTargetDependency */,
			);
			name = GamesWrapperTests;
			productName = GamesWrapperTests;
			productReference = B9868B2C171D11F80021AB7F /* GamesWrapperTests.octest */;
			productType = "com.apple.product-type.bundle";
		};
/* End PBXNativeTarget section */

/* Begin PBXProject section */
		B9868AFB171D11F70021AB7F /* Project object */ = {
			isa = PBXProject;
			attributes = {
				CLASSPREFIX = GM;
				LastUpgradeCheck = 0460;
				ORGANIZATIONNAME = "Madhusudhan HK";
			};
			buildConfigurationList = B9868AFE171D11F70021AB7F /* Build configuration list for PBXProject "GamesWrapper" */;
			compatibilityVersion = "Xcode 3.2";
			developmentRegion = English;
			hasScannedForEncodings = 0;
			knownRegions = (
				en,
			);
			mainGroup = B9868AFA171D11F70021AB7F;
			productRefGroup = B9868B04171D11F70021AB7F /* Products */;
			projectDirPath = "";
			projectRoot = "";
			targets = (
				B9868B02171D11F70021AB7F /* GamesWrapper */,
				B9868B2B171D11F80021AB7F /* GamesWrapperTests */,
			);
		};
/* End PBXProject section */

/* Begin PBXResourcesBuildPhase section */
		B9868B01171D11F70021AB7F /* Resources */ = {
			isa = PBXResourcesBuildPhase;
			buildActionMask = 2147483647;
			files = (
				B9C3087F172FA3C2008181B5 /* annotated.js in Resources */,
				B9C3088D172FA3C2008181B5 /* dynsections.js in Resources */,
				B9C308A3172FA3C2008181B5 /* jquery.js in Resources */,
				B9C308A8172FA3C2008181B5 /* navtree.js in Resources */,
				B9C308A9172FA3C2008181B5 /* navtreeindex0.js in Resources */,
				B9C308AE172FA3C2008181B5 /* protocol_flurry_ad_delegate-p.js in Resources */,
				B9C308AF172FA3C2008181B5 /* resize.js in Resources */,
				B9C308B1172FA3C2008181B5 /* all_61.js in Resources */,
				B9C308B3172FA3C2008181B5 /* all_63.js in Resources */,
				B9C308B5172FA3C2008181B5 /* all_64.js in Resources */,
				B9C308B7172FA3C2008181B5 /* all_65.js in Resources */,
				B9C308B9172FA3C2008181B5 /* all_66.js in Resources */,
				B9C308BB172FA3C2008181B5 /* all_67.js in Resources */,
				B9C308BD172FA3C2008181B5 /* all_69.js in Resources */,
				B9C308BF172FA3C2008181B5 /* all_6c.js in Resources */,
				B9C308C1172FA3C2008181B5 /* all_72.js in Resources */,
				B9C308C3172FA3C2008181B5 /* all_73.js in Resources */,
				B9C308C5172FA3C2008181B5 /* all_76.js in Resources */,
				B9C308C7172FA3C2008181B5 /* classes_66.js in Resources */,
				B9C308CA172FA3C2008181B5 /* functions_61.js in Resources */,
				B9C308CC172FA3C2008181B5 /* functions_63.js in Resources */,
				B9C308CE172FA3C2008181B5 /* functions_64.js in Resources */,
				B9C308D0172FA3C2008181B5 /* functions_65.js in Resources */,
				B9C308D2172FA3C2008181B5 /* functions_66.js in Resources */,
				B9C308D4172FA3C2008181B5 /* functions_67.js in Resources */,
				B9C308D6172FA3C2008181B5 /* functions_69.js in Resources */,
				B9C308D8172FA3C2008181B5 /* functions_6c.js in Resources */,
				B9C308DA172FA3C2008181B5 /* functions_72.js in Resources */,
				B9C308DC172FA3C2008181B5 /* functions_73.js in Resources */,
				B9C308DE172FA3C2008181B5 /* functions_76.js in Resources */,
				B9C308E2172FA3C2008181B5 /* pages_64.js in Resources */,
				B9C308E4172FA3C2008181B5 /* search.js in Resources */,
				B9868B11171D11F70021AB7F /* InfoPlist.strings in Resources */,
				B9868B23171D11F70021AB7F /* GMViewController_iPhone.xib in Resources */,
				B9868B26171D11F70021AB7F /* GMViewController_iPad.xib in Resources */,
				B99989F1171D58810014E04F /* UrlFile.plist in Resources */,
				B9C1E389172695D400A97D25 /* FacebookSDKResources.bundle in Resources */,
				B9C1E39A172697CB00A97D25 /* app_icon_ipad.png in Resources */,
				B9C1E39B172697CB00A97D25 /* app_icon_ipad@2x.png in Resources */,
				B9C1E39C172697CB00A97D25 /* Default-568h@2x.png in Resources */,
				B9C1E39E172697CB00A97D25 /* Default@2x.png in Resources */,
				B9C1E39F172697CB00A97D25 /* splash_768x1024.png in Resources */,
				B9C1E3A0172697CB00A97D25 /* splash_768x1024@2x.png in Resources */,
				B9C475EC1727BFBC00456DFE /* icon.png in Resources */,
				B9C475ED1727BFBC00456DFE /* icon@2x.png in Resources */,
				B9C47759172A425300456DFE /* Default-Portrait@2x~ipad.png in Resources */,
				B9C3087E172FA3C2008181B5 /* annotated.html in Resources */,
				B9C30880172FA3C2008181B5 /* bc_s.png in Resources */,
				B9C30881172FA3C2008181B5 /* bdwn.png in Resources */,
				B9C30882172FA3C2008181B5 /* class_flurry-members.html in Resources */,
				B9C30883172FA3C2008181B5 /* class_flurry_ads-members.html in Resources */,
				B9C30884172FA3C2008181B5 /* classes.html in Resources */,
				B9C30885172FA3C2008181B5 /* closed.png in Resources */,
				B9C30886172FA3C2008181B5 /* deprecated.html in Resources */,
				B9C30887172FA3C2008181B5 /* dir_0ebd64bd1208439ff9fb2dd897b3c4a1.html in Resources */,
				B9C30888172FA3C2008181B5 /* dir_2c12105386bcc5c3935feab96f296a41.html in Resources */,
				B9C30889172FA3C2008181B5 /* dir_bf6e624d37ff37ef15235f475e02dcb0.html in Resources */,
				B9C3088A172FA3C2008181B5 /* dir_d451cda8043a26795542aab0016218be.html in Resources */,
				B9C3088B172FA3C2008181B5 /* doxygen.css in Resources */,
				B9C3088C172FA3C2008181B5 /* doxygen.png in Resources */,
				B9C3088E172FA3C2008181B5 /* ftv2blank.png in Resources */,
				B9C3088F172FA3C2008181B5 /* ftv2cl.png in Resources */,
				B9C30890172FA3C2008181B5 /* ftv2doc.png in Resources */,
				B9C30891172FA3C2008181B5 /* ftv2folderclosed.png in Resources */,
				B9C30892172FA3C2008181B5 /* ftv2folderopen.png in Resources */,
				B9C30893172FA3C2008181B5 /* ftv2lastnode.png in Resources */,
				B9C30894172FA3C2008181B5 /* ftv2link.png in Resources */,
				B9C30895172FA3C2008181B5 /* ftv2mlastnode.png in Resources */,
				B9C30896172FA3C2008181B5 /* ftv2mnode.png in Resources */,
				B9C30897172FA3C2008181B5 /* ftv2mo.png in Resources */,
				B9C30898172FA3C2008181B5 /* ftv2node.png in Resources */,
				B9C30899172FA3C2008181B5 /* ftv2ns.png in Resources */,
				B9C3089A172FA3C2008181B5 /* ftv2plastnode.png in Resources */,
				B9C3089B172FA3C2008181B5 /* ftv2pnode.png in Resources */,
				B9C3089C172FA3C2008181B5 /* ftv2splitbar.png in Resources */,
				B9C3089D172FA3C2008181B5 /* ftv2vertline.png in Resources */,
				B9C3089E172FA3C2008181B5 /* functions.html in Resources */,
				B9C3089F172FA3C2008181B5 /* functions_func.html in Resources */,
				B9C308A0172FA3C2008181B5 /* index.html in Resources */,
				B9C308A1172FA3C2008181B5 /* interface_flurry.html in Resources */,
				B9C308A2172FA3C2008181B5 /* interface_flurry_ads.html in Resources */,
				B9C308A4172FA3C2008181B5 /* nav_f.png in Resources */,
				B9C308A5172FA3C2008181B5 /* nav_g.png in Resources */,
				B9C308A6172FA3C2008181B5 /* nav_h.png in Resources */,
				B9C308A7172FA3C2008181B5 /* navtree.css in Resources */,
				B9C308AA172FA3C2008181B5 /* open.png in Resources */,
				B9C308AB172FA3C2008181B5 /* pages.html in Resources */,
				B9C308AC172FA3C2008181B5 /* protocol_flurry_ad_delegate-p-members.html in Resources */,
				B9C308AD172FA3C2008181B5 /* protocol_flurry_ad_delegate-p.html in Resources */,
				B9C308B0172FA3C2008181B5 /* all_61.html in Resources */,
				B9C308B2172FA3C2008181B5 /* all_63.html in Resources */,
				B9C308B4172FA3C2008181B5 /* all_64.html in Resources */,
				B9C308B6172FA3C2008181B5 /* all_65.html in Resources */,
				B9C308B8172FA3C2008181B5 /* all_66.html in Resources */,
				B9C308BA172FA3C2008181B5 /* all_67.html in Resources */,
				B9C308BC172FA3C2008181B5 /* all_69.html in Resources */,
				B9C308BE172FA3C2008181B5 /* all_6c.html in Resources */,
				B9C308C0172FA3C2008181B5 /* all_72.html in Resources */,
				B9C308C2172FA3C2008181B5 /* all_73.html in Resources */,
				B9C308C4172FA3C2008181B5 /* all_76.html in Resources */,
				B9C308C6172FA3C2008181B5 /* classes_66.html in Resources */,
				B9C308C8172FA3C2008181B5 /* close.png in Resources */,
				B9C308C9172FA3C2008181B5 /* functions_61.html in Resources */,
				B9C308CB172FA3C2008181B5 /* functions_63.html in Resources */,
				B9C308CD172FA3C2008181B5 /* functions_64.html in Resources */,
				B9C308CF172FA3C2008181B5 /* functions_65.html in Resources */,
				B9C308D1172FA3C2008181B5 /* functions_66.html in Resources */,
				B9C308D3172FA3C2008181B5 /* functions_67.html in Resources */,
				B9C308D5172FA3C2008181B5 /* functions_69.html in Resources */,
				B9C308D7172FA3C2008181B5 /* functions_6c.html in Resources */,
				B9C308D9172FA3C2008181B5 /* functions_72.html in Resources */,
				B9C308DB172FA3C2008181B5 /* functions_73.html in Resources */,
				B9C308DD172FA3C2008181B5 /* functions_76.html in Resources */,
				B9C308DF172FA3C2008181B5 /* mag_sel.png in Resources */,
				B9C308E0172FA3C2008181B5 /* nomatches.html in Resources */,
				B9C308E1172FA3C2008181B5 /* pages_64.html in Resources */,
				B9C308E3172FA3C2008181B5 /* search.css in Resources */,
				B9C308E5172FA3C2008181B5 /* search_l.png in Resources */,
				B9C308E6172FA3C2008181B5 /* search_m.png in Resources */,
				B9C308E7172FA3C2008181B5 /* search_r.png in Resources */,
				B9C308E8172FA3C2008181B5 /* sync_off.png in Resources */,
				B9C308E9172FA3C2008181B5 /* sync_on.png in Resources */,
				B9C308EA172FA3C2008181B5 /* tab_a.png in Resources */,
				B9C308EB172FA3C2008181B5 /* tab_b.png in Resources */,
				B9C308EC172FA3C2008181B5 /* tab_h.png in Resources */,
				B9C308ED172FA3C2008181B5 /* tab_s.png in Resources */,
				B9C308EE172FA3C2008181B5 /* tabs.css in Resources */,
				B9C308EF172FA3C2008181B5 /* Flurry iOS Advertising README v4.2.1.pdf in Resources */,
				B9C308F0172FA3C2008181B5 /* Flurry iOS Analytics README v4.2.1 .pdf in Resources */,
				B9C308F1172FA3C2008181B5 /* Flurry iOS Release Notes v4.2.1 .pdf in Resources */,
				B9C308F2172FA3C2008181B5 /* Flurry iOS-4.x-Upgrade-README .pdf in Resources */,
				B9C308F4172FA3C2008181B5 /* Avro-LICENSE.txt in Resources */,
				B9C308F5172FA3C2008181B5 /* Flurry AppCircle Advertiser TOS FINAL August 1, 2012.pdf in Resources */,
				B9C308F6172FA3C2008181B5 /* Flurry AppSpot Publisher Platform TOS FINAL August 1, 2012.pdf in Resources */,
				B9C308F7172FA3C2008181B5 /* Flurry-LICENSE.txt in Resources */,
				B9C308F8172FA3C2008181B5 /* Flurry_AppCircle_Advertiser_TOS.pdf in Resources */,
				B9C308F9172FA3C2008181B5 /* Flurry_AppSpot_Publisher_Platform_TOS.pdf in Resources */,
				B9C308FA172FA3C2008181B5 /* Jansson-LICENSE.txt in Resources */,
				B9C308FB172FA3C2008181B5 /* ProjectApiKey.txt in Resources */,
				B96413CD1742352500908B3E /* Default.png in Resources */,
				B96413D01742373000908B3E /* btn-launchwebsite.png in Resources */,
				B96413D11742373000908B3E /* btn_tryagain.png in Resources */,
				B906C1F417439B3A004BE58F /* Default.png in Resources */,
			);
			runOnlyForDeploymentPostprocessing = 0;
		};
		B9868B29171D11F80021AB7F /* Resources */ = {
			isa = PBXResourcesBuildPhase;
			buildActionMask = 2147483647;
			files = (
				B9868B38171D11F80021AB7F /* InfoPlist.strings in Resources */,
			);
			runOnlyForDeploymentPostprocessing = 0;
		};
/* End PBXResourcesBuildPhase section */

/* Begin PBXShellScriptBuildPhase section */
		B9868B2A171D11F80021AB7F /* ShellScript */ = {
			isa = PBXShellScriptBuildPhase;
			buildActionMask = 2147483647;
			files = (
			);
			inputPaths = (
			);
			outputPaths = (
			);
			runOnlyForDeploymentPostprocessing = 0;
			shellPath = /bin/sh;
			shellScript = "# Run the unit tests in this test bundle.\n\"${SYSTEM_DEVELOPER_DIR}/Tools/RunUnitTests\"\n";
		};
/* End PBXShellScriptBuildPhase section */

/* Begin PBXSourcesBuildPhase section */
		B9868AFF171D11F70021AB7F /* Sources */ = {
			isa = PBXSourcesBuildPhase;
			buildActionMask = 2147483647;
			files = (
				B9868B13171D11F70021AB7F /* main.m in Sources */,
				B9868B17171D11F70021AB7F /* GMAppDelegate.m in Sources */,
				B9868B20171D11F70021AB7F /* GMViewController.m in Sources */,
				B9C1E364172520F300A97D25 /* Reachability.m in Sources */,
			);
			runOnlyForDeploymentPostprocessing = 0;
		};
		B9868B27171D11F80021AB7F /* Sources */ = {
			isa = PBXSourcesBuildPhase;
			buildActionMask = 2147483647;
			files = (
				B9868B3B171D11F80021AB7F /* GamesWrapperTests.m in Sources */,
			);
			runOnlyForDeploymentPostprocessing = 0;
		};
/* End PBXSourcesBuildPhase section */

/* Begin PBXTargetDependency section */
		B9868B32171D11F80021AB7F /* PBXTargetDependency */ = {
			isa = PBXTargetDependency;
			target = B9868B02171D11F70021AB7F /* GamesWrapper */;
			targetProxy = B9868B31171D11F80021AB7F /* PBXContainerItemProxy */;
		};
/* End PBXTargetDependency section */

/* Begin PBXVariantGroup section */
		B9868B0F171D11F70021AB7F /* InfoPlist.strings */ = {
			isa = PBXVariantGroup;
			children = (
				B9868B10171D11F70021AB7F /* en */,
			);
			name = InfoPlist.strings;
			sourceTree = "<group>";
		};
		B9868B21171D11F70021AB7F /* GMViewController_iPhone.xib */ = {
			isa = PBXVariantGroup;
			children = (
				B9868B22171D11F70021AB7F /* en */,
			);
			name = GMViewController_iPhone.xib;
			sourceTree = "<group>";
		};
		B9868B24171D11F70021AB7F /* GMViewController_iPad.xib */ = {
			isa = PBXVariantGroup;
			children = (
				B9868B25171D11F70021AB7F /* en */,
			);
			name = GMViewController_iPad.xib;
			sourceTree = "<group>";
		};
		B9868B36171D11F80021AB7F /* InfoPlist.strings */ = {
			isa = PBXVariantGroup;
			children = (
				B9868B37171D11F80021AB7F /* en */,
			);
			name = InfoPlist.strings;
			sourceTree = "<group>";
		};
/* End PBXVariantGroup section */

/* Begin XCBuildConfiguration section */
		B9868B3C171D11F80021AB7F /* Debug */ = {
			isa = XCBuildConfiguration;
			buildSettings = {
				ALWAYS_SEARCH_USER_PATHS = NO;
				CLANG_CXX_LANGUAGE_STANDARD = "gnu++0x";
				CLANG_CXX_LIBRARY = "libc++";
				CLANG_ENABLE_OBJC_ARC = YES;
				CLANG_WARN_CONSTANT_CONVERSION = YES;
				CLANG_WARN_EMPTY_BODY = YES;
				CLANG_WARN_ENUM_CONVERSION = YES;
				CLANG_WARN_INT_CONVERSION = YES;
				CLANG_WARN__DUPLICATE_METHOD_MATCH = YES;
				CODE_SIGN_IDENTITY = "iPhone Developer: Bharat Ahluwalia (Z5QQKGB5TP)";
				"CODE_SIGN_IDENTITY[sdk=iphoneos*]" = "iPhone Developer: Bharat Ahluwalia (Z5QQKGB5TP)";
				COPY_PHASE_STRIP = NO;
				GCC_C_LANGUAGE_STANDARD = gnu99;
				GCC_DYNAMIC_NO_PIC = NO;
				GCC_OPTIMIZATION_LEVEL = 0;
				GCC_PREPROCESSOR_DEFINITIONS = (
					"DEBUG=1",
					"$(inherited)",
				);
				GCC_SYMBOLS_PRIVATE_EXTERN = NO;
				GCC_WARN_ABOUT_RETURN_TYPE = YES;
				GCC_WARN_UNINITIALIZED_AUTOS = YES;
				GCC_WARN_UNUSED_VARIABLE = YES;
				IPHONEOS_DEPLOYMENT_TARGET = 5.0;
				ONLY_ACTIVE_ARCH = YES;
				OTHER_LDFLAGS = "-lsqlite3.0";
				PROVISIONING_PROFILE = "8CF4DFC6-2DB7-45EC-BCCF-DBDF698B41C2";
				"PROVISIONING_PROFILE[sdk=iphoneos*]" = "8CF4DFC6-2DB7-45EC-BCCF-DBDF698B41C2";
				SDKROOT = iphoneos;
				TARGETED_DEVICE_FAMILY = "1,2";
			};
			name = Debug;
		};
		B9868B3D171D11F80021AB7F /* Release */ = {
			isa = XCBuildConfiguration;
			buildSettings = {
				ALWAYS_SEARCH_USER_PATHS = NO;
				CLANG_CXX_LANGUAGE_STANDARD = "gnu++0x";
				CLANG_CXX_LIBRARY = "libc++";
				CLANG_ENABLE_OBJC_ARC = YES;
				CLANG_WARN_CONSTANT_CONVERSION = YES;
				CLANG_WARN_EMPTY_BODY = YES;
				CLANG_WARN_ENUM_CONVERSION = YES;
				CLANG_WARN_INT_CONVERSION = YES;
				CLANG_WARN__DUPLICATE_METHOD_MATCH = YES;
				CODE_SIGN_IDENTITY = "iPhone Distribution: Aditi Technologies";
				"CODE_SIGN_IDENTITY[sdk=iphoneos*]" = "iPhone Distribution: Aditi Technologies";
				COPY_PHASE_STRIP = YES;
				GCC_C_LANGUAGE_STANDARD = gnu99;
				GCC_WARN_ABOUT_RETURN_TYPE = YES;
				GCC_WARN_UNINITIALIZED_AUTOS = YES;
				GCC_WARN_UNUSED_VARIABLE = YES;
				IPHONEOS_DEPLOYMENT_TARGET = 5.0;
				OTHER_CFLAGS = "-DNS_BLOCK_ASSERTIONS=1";
				OTHER_LDFLAGS = "-lsqlite3.0";
				PROVISIONING_PROFILE = "8063F3A5-E26F-4FBC-8566-425468AB43EB";
				"PROVISIONING_PROFILE[sdk=iphoneos*]" = "8063F3A5-E26F-4FBC-8566-425468AB43EB";
				SDKROOT = iphoneos;
				TARGETED_DEVICE_FAMILY = "1,2";
				VALIDATE_PRODUCT = YES;
			};
			name = Release;
		};
		B9868B3F171D11F80021AB7F /* Debug */ = {
			isa = XCBuildConfiguration;
			buildSettings = {
				CODE_SIGN_IDENTITY = "iPhone Distribution: Aditi Technologies";
				"CODE_SIGN_IDENTITY[sdk=iphoneos*]" = "iPhone Developer: Bharat Ahluwalia (Z5QQKGB5TP)";
				FRAMEWORK_SEARCH_PATHS = (
					"$(inherited)",
					"\"$(SRCROOT)\"",
				);
				GCC_PRECOMPILE_PREFIX_HEADER = YES;
				GCC_PREFIX_HEADER = "GamesWrapper/GamesWrapper-Prefix.pch";
				INFOPLIST_FILE = "GamesWrapper/GamesWrapper-Info.plist";
				IPHONEOS_DEPLOYMENT_TARGET = 5.0;
				LIBRARY_SEARCH_PATHS = (
					"$(inherited)",
					"\"$(SRCROOT)/GamesWrapper/Flurry iPhone SDK viPhone 4.2.1/Flurry-iOS-4.2.1/Flurry\"",
					"\"$(SRCROOT)/GamesWrapper/Flurry iPhone SDK viPhone 4.2.1/Flurry-iOS-4.2.1/FlurryAds\"",
				);
				PRODUCT_NAME = "$(TARGET_NAME)";
				PROVISIONING_PROFILE = "8063F3A5-E26F-4FBC-8566-425468AB43EB";
				"PROVISIONING_PROFILE[sdk=iphoneos*]" = "75A8FDAF-E04D-4BB3-9586-2E23A0A6A550";
				WRAPPER_EXTENSION = app;
			};
			name = Debug;
		};
		B9868B40171D11F80021AB7F /* Release */ = {
			isa = XCBuildConfiguration;
			buildSettings = {
				CODE_SIGN_IDENTITY = "iPhone Distribution: Aditi Technologies";
				"CODE_SIGN_IDENTITY[sdk=iphoneos*]" = "iPhone Distribution: Aditi Technologies";
				FRAMEWORK_SEARCH_PATHS = (
					"$(inherited)",
					"\"$(SRCROOT)\"",
				);
				GCC_PRECOMPILE_PREFIX_HEADER = YES;
				GCC_PREFIX_HEADER = "GamesWrapper/GamesWrapper-Prefix.pch";
				INFOPLIST_FILE = "GamesWrapper/GamesWrapper-Info.plist";
				IPHONEOS_DEPLOYMENT_TARGET = 5.0;
				LIBRARY_SEARCH_PATHS = (
					"$(inherited)",
					"\"$(SRCROOT)/GamesWrapper/Flurry iPhone SDK viPhone 4.2.1/Flurry-iOS-4.2.1/Flurry\"",
					"\"$(SRCROOT)/GamesWrapper/Flurry iPhone SDK viPhone 4.2.1/Flurry-iOS-4.2.1/FlurryAds\"",
				);
				PRODUCT_NAME = "$(TARGET_NAME)";
				PROVISIONING_PROFILE = "10FA9778-2650-4FD6-AD8E-FA067928047A";
				"PROVISIONING_PROFILE[sdk=iphoneos*]" = "10FA9778-2650-4FD6-AD8E-FA067928047A";
				WRAPPER_EXTENSION = app;
			};
			name = Release;
		};
		B9868B42171D11F80021AB7F /* Debug */ = {
			isa = XCBuildConfiguration;
			buildSettings = {
				BUNDLE_LOADER = "$(BUILT_PRODUCTS_DIR)/GamesWrapper.app/GamesWrapper";
				FRAMEWORK_SEARCH_PATHS = (
					"\"$(SDKROOT)/Developer/Library/Frameworks\"",
					"\"$(DEVELOPER_LIBRARY_DIR)/Frameworks\"",
				);
				GCC_PRECOMPILE_PREFIX_HEADER = YES;
				GCC_PREFIX_HEADER = "GamesWrapper/GamesWrapper-Prefix.pch";
				INFOPLIST_FILE = "GamesWrapperTests/GamesWrapperTests-Info.plist";
				PRODUCT_NAME = "$(TARGET_NAME)";
				TEST_HOST = "$(BUNDLE_LOADER)";
				WRAPPER_EXTENSION = octest;
			};
			name = Debug;
		};
		B9868B43171D11F80021AB7F /* Release */ = {
			isa = XCBuildConfiguration;
			buildSettings = {
				BUNDLE_LOADER = "$(BUILT_PRODUCTS_DIR)/GamesWrapper.app/GamesWrapper";
				FRAMEWORK_SEARCH_PATHS = (
					"\"$(SDKROOT)/Developer/Library/Frameworks\"",
					"\"$(DEVELOPER_LIBRARY_DIR)/Frameworks\"",
				);
				GCC_PRECOMPILE_PREFIX_HEADER = YES;
				GCC_PREFIX_HEADER = "GamesWrapper/GamesWrapper-Prefix.pch";
				INFOPLIST_FILE = "GamesWrapperTests/GamesWrapperTests-Info.plist";
				PRODUCT_NAME = "$(TARGET_NAME)";
				TEST_HOST = "$(BUNDLE_LOADER)";
				WRAPPER_EXTENSION = octest;
			};
			name = Release;
		};
/* End XCBuildConfiguration section */

/* Begin XCConfigurationList section */
		B9868AFE171D11F70021AB7F /* Build configuration list for PBXProject "GamesWrapper" */ = {
			isa = XCConfigurationList;
			buildConfigurations = (
				B9868B3C171D11F80021AB7F /* Debug */,
				B9868B3D171D11F80021AB7F /* Release */,
			);
			defaultConfigurationIsVisible = 0;
			defaultConfigurationName = Release;
		};
		B9868B3E171D11F80021AB7F /* Build configuration list for PBXNativeTarget "GamesWrapper" */ = {
			isa = XCConfigurationList;
			buildConfigurations = (
				B9868B3F171D11F80021AB7F /* Debug */,
				B9868B40171D11F80021AB7F /* Release */,
			);
			defaultConfigurationIsVisible = 0;
			defaultConfigurationName = Release;
		};
		B9868B41171D11F80021AB7F /* Build configuration list for PBXNativeTarget "GamesWrapperTests" */ = {
			isa = XCConfigurationList;
			buildConfigurations = (
				B9868B42171D11F80021AB7F /* Debug */,
				B9868B43171D11F80021AB7F /* Release */,
			);
			defaultConfigurationIsVisible = 0;
			defaultConfigurationName = Release;
		};
/* End XCConfigurationList section */
	};
	rootObject = B9868AFB171D11F70021AB7F /* Project object */;
}
