// !$*UTF8*$!
{
	archiveVersion = 1;
	classes = {
	};
	objectVersion = 46;
	objects = {

/* Begin PBXBuildFile section */
		B906C1F417439B3A004BE58F /* Default.png in Resources */ = {isa = PBXBuildFile; fileRef = B906C1F317439B3A004BE58F /* Default.png */; };
		B906C281174B5745004BE58F /* FacebookSDK.framework in Frameworks */ = {isa = PBXBuildFile; fileRef = B906C1F6174B5745004BE58F /* FacebookSDK.framework */; };
		B906C282174B5745004BE58F /* libFlurry.a in Frameworks */ = {isa = PBXBuildFile; fileRef = B906C1FB174B5745004BE58F /* libFlurry.a */; };
		B906C283174B5745004BE58F /* annotated.html in Resources */ = {isa = PBXBuildFile; fileRef = B906C1FD174B5745004BE58F /* annotated.html */; };
		B906C284174B5745004BE58F /* annotated.js in Resources */ = {isa = PBXBuildFile; fileRef = B906C1FE174B5745004BE58F /* annotated.js */; };
		B906C285174B5745004BE58F /* bc_s.png in Resources */ = {isa = PBXBuildFile; fileRef = B906C1FF174B5745004BE58F /* bc_s.png */; };
		B906C286174B5745004BE58F /* bdwn.png in Resources */ = {isa = PBXBuildFile; fileRef = B906C200174B5745004BE58F /* bdwn.png */; };
		B906C287174B5745004BE58F /* class_flurry-members.html in Resources */ = {isa = PBXBuildFile; fileRef = B906C201174B5745004BE58F /* class_flurry-members.html */; };
		B906C288174B5745004BE58F /* class_flurry_ads-members.html in Resources */ = {isa = PBXBuildFile; fileRef = B906C202174B5745004BE58F /* class_flurry_ads-members.html */; };
		B906C289174B5745004BE58F /* classes.html in Resources */ = {isa = PBXBuildFile; fileRef = B906C203174B5745004BE58F /* classes.html */; };
		B906C28A174B5745004BE58F /* closed.png in Resources */ = {isa = PBXBuildFile; fileRef = B906C204174B5745004BE58F /* closed.png */; };
		B906C28B174B5745004BE58F /* deprecated.html in Resources */ = {isa = PBXBuildFile; fileRef = B906C205174B5745004BE58F /* deprecated.html */; };
		B906C28C174B5745004BE58F /* dir_0ebd64bd1208439ff9fb2dd897b3c4a1.html in Resources */ = {isa = PBXBuildFile; fileRef = B906C206174B5745004BE58F /* dir_0ebd64bd1208439ff9fb2dd897b3c4a1.html */; };
		B906C28D174B5745004BE58F /* dir_2c12105386bcc5c3935feab96f296a41.html in Resources */ = {isa = PBXBuildFile; fileRef = B906C207174B5745004BE58F /* dir_2c12105386bcc5c3935feab96f296a41.html */; };
		B906C28E174B5745004BE58F /* dir_bf6e624d37ff37ef15235f475e02dcb0.html in Resources */ = {isa = PBXBuildFile; fileRef = B906C208174B5745004BE58F /* dir_bf6e624d37ff37ef15235f475e02dcb0.html */; };
		B906C28F174B5745004BE58F /* dir_d451cda8043a26795542aab0016218be.html in Resources */ = {isa = PBXBuildFile; fileRef = B906C209174B5745004BE58F /* dir_d451cda8043a26795542aab0016218be.html */; };
		B906C290174B5745004BE58F /* doxygen.css in Resources */ = {isa = PBXBuildFile; fileRef = B906C20A174B5745004BE58F /* doxygen.css */; };
		B906C291174B5745004BE58F /* doxygen.png in Resources */ = {isa = PBXBuildFile; fileRef = B906C20B174B5745004BE58F /* doxygen.png */; };
		B906C292174B5745004BE58F /* dynsections.js in Resources */ = {isa = PBXBuildFile; fileRef = B906C20C174B5745004BE58F /* dynsections.js */; };
		B906C293174B5745004BE58F /* ftv2blank.png in Resources */ = {isa = PBXBuildFile; fileRef = B906C20D174B5745004BE58F /* ftv2blank.png */; };
		B906C294174B5745004BE58F /* ftv2cl.png in Resources */ = {isa = PBXBuildFile; fileRef = B906C20E174B5745004BE58F /* ftv2cl.png */; };
		B906C295174B5745004BE58F /* ftv2doc.png in Resources */ = {isa = PBXBuildFile; fileRef = B906C20F174B5745004BE58F /* ftv2doc.png */; };
		B906C296174B5745004BE58F /* ftv2folderclosed.png in Resources */ = {isa = PBXBuildFile; fileRef = B906C210174B5745004BE58F /* ftv2folderclosed.png */; };
		B906C297174B5745004BE58F /* ftv2folderopen.png in Resources */ = {isa = PBXBuildFile; fileRef = B906C211174B5745004BE58F /* ftv2folderopen.png */; };
		B906C298174B5745004BE58F /* ftv2lastnode.png in Resources */ = {isa = PBXBuildFile; fileRef = B906C212174B5745004BE58F /* ftv2lastnode.png */; };
		B906C299174B5745004BE58F /* ftv2link.png in Resources */ = {isa = PBXBuildFile; fileRef = B906C213174B5745004BE58F /* ftv2link.png */; };
		B906C29A174B5745004BE58F /* ftv2mlastnode.png in Resources */ = {isa = PBXBuildFile; fileRef = B906C214174B5745004BE58F /* ftv2mlastnode.png */; };
		B906C29B174B5745004BE58F /* ftv2mnode.png in Resources */ = {isa = PBXBuildFile; fileRef = B906C215174B5745004BE58F /* ftv2mnode.png */; };
		B906C29C174B5745004BE58F /* ftv2mo.png in Resources */ = {isa = PBXBuildFile; fileRef = B906C216174B5745004BE58F /* ftv2mo.png */; };
		B906C29D174B5745004BE58F /* ftv2node.png in Resources */ = {isa = PBXBuildFile; fileRef = B906C217174B5745004BE58F /* ftv2node.png */; };
		B906C29E174B5745004BE58F /* ftv2ns.png in Resources */ = {isa = PBXBuildFile; fileRef = B906C218174B5745004BE58F /* ftv2ns.png */; };
		B906C29F174B5745004BE58F /* ftv2plastnode.png in Resources */ = {isa = PBXBuildFile; fileRef = B906C219174B5745004BE58F /* ftv2plastnode.png */; };
		B906C2A0174B5745004BE58F /* ftv2pnode.png in Resources */ = {isa = PBXBuildFile; fileRef = B906C21A174B5745004BE58F /* ftv2pnode.png */; };
		B906C2A1174B5745004BE58F /* ftv2splitbar.png in Resources */ = {isa = PBXBuildFile; fileRef = B906C21B174B5745004BE58F /* ftv2splitbar.png */; };
		B906C2A2174B5745004BE58F /* ftv2vertline.png in Resources */ = {isa = PBXBuildFile; fileRef = B906C21C174B5745004BE58F /* ftv2vertline.png */; };
		B906C2A3174B5745004BE58F /* functions.html in Resources */ = {isa = PBXBuildFile; fileRef = B906C21D174B5745004BE58F /* functions.html */; };
		B906C2A4174B5745004BE58F /* functions_func.html in Resources */ = {isa = PBXBuildFile; fileRef = B906C21E174B5745004BE58F /* functions_func.html */; };
		B906C2A5174B5745004BE58F /* index.html in Resources */ = {isa = PBXBuildFile; fileRef = B906C21F174B5745004BE58F /* index.html */; };
		B906C2A6174B5745004BE58F /* interface_flurry.html in Resources */ = {isa = PBXBuildFile; fileRef = B906C220174B5745004BE58F /* interface_flurry.html */; };
		B906C2A7174B5745004BE58F /* interface_flurry_ads.html in Resources */ = {isa = PBXBuildFile; fileRef = B906C221174B5745004BE58F /* interface_flurry_ads.html */; };
		B906C2A8174B5745004BE58F /* jquery.js in Resources */ = {isa = PBXBuildFile; fileRef = B906C222174B5745004BE58F /* jquery.js */; };
		B906C2A9174B5745004BE58F /* nav_f.png in Resources */ = {isa = PBXBuildFile; fileRef = B906C223174B5745004BE58F /* nav_f.png */; };
		B906C2AA174B5745004BE58F /* nav_g.png in Resources */ = {isa = PBXBuildFile; fileRef = B906C224174B5745004BE58F /* nav_g.png */; };
		B906C2AB174B5745004BE58F /* nav_h.png in Resources */ = {isa = PBXBuildFile; fileRef = B906C225174B5745004BE58F /* nav_h.png */; };
		B906C2AC174B5745004BE58F /* navtree.css in Resources */ = {isa = PBXBuildFile; fileRef = B906C226174B5745004BE58F /* navtree.css */; };
		B906C2AD174B5745004BE58F /* navtree.js in Resources */ = {isa = PBXBuildFile; fileRef = B906C227174B5745004BE58F /* navtree.js */; };
		B906C2AE174B5745004BE58F /* navtreeindex0.js in Resources */ = {isa = PBXBuildFile; fileRef = B906C228174B5745004BE58F /* navtreeindex0.js */; };
		B906C2AF174B5745004BE58F /* open.png in Resources */ = {isa = PBXBuildFile; fileRef = B906C229174B5745004BE58F /* open.png */; };
		B906C2B0174B5745004BE58F /* pages.html in Resources */ = {isa = PBXBuildFile; fileRef = B906C22A174B5745004BE58F /* pages.html */; };
		B906C2B1174B5746004BE58F /* protocol_flurry_ad_delegate-p-members.html in Resources */ = {isa = PBXBuildFile; fileRef = B906C22B174B5745004BE58F /* protocol_flurry_ad_delegate-p-members.html */; };
		B906C2B2174B5746004BE58F /* protocol_flurry_ad_delegate-p.html in Resources */ = {isa = PBXBuildFile; fileRef = B906C22C174B5745004BE58F /* protocol_flurry_ad_delegate-p.html */; };
		B906C2B3174B5746004BE58F /* protocol_flurry_ad_delegate-p.js in Resources */ = {isa = PBXBuildFile; fileRef = B906C22D174B5745004BE58F /* protocol_flurry_ad_delegate-p.js */; };
		B906C2B4174B5746004BE58F /* resize.js in Resources */ = {isa = PBXBuildFile; fileRef = B906C22E174B5745004BE58F /* resize.js */; };
		B906C2B5174B5746004BE58F /* all_61.html in Resources */ = {isa = PBXBuildFile; fileRef = B906C230174B5745004BE58F /* all_61.html */; };
		B906C2B6174B5746004BE58F /* all_61.js in Resources */ = {isa = PBXBuildFile; fileRef = B906C231174B5745004BE58F /* all_61.js */; };
		B906C2B7174B5746004BE58F /* all_63.html in Resources */ = {isa = PBXBuildFile; fileRef = B906C232174B5745004BE58F /* all_63.html */; };
		B906C2B8174B5746004BE58F /* all_63.js in Resources */ = {isa = PBXBuildFile; fileRef = B906C233174B5745004BE58F /* all_63.js */; };
		B906C2B9174B5746004BE58F /* all_64.html in Resources */ = {isa = PBXBuildFile; fileRef = B906C234174B5745004BE58F /* all_64.html */; };
		B906C2BA174B5746004BE58F /* all_64.js in Resources */ = {isa = PBXBuildFile; fileRef = B906C235174B5745004BE58F /* all_64.js */; };
		B906C2BB174B5746004BE58F /* all_65.html in Resources */ = {isa = PBXBuildFile; fileRef = B906C236174B5745004BE58F /* all_65.html */; };
		B906C2BC174B5746004BE58F /* all_65.js in Resources */ = {isa = PBXBuildFile; fileRef = B906C237174B5745004BE58F /* all_65.js */; };
		B906C2BD174B5746004BE58F /* all_66.html in Resources */ = {isa = PBXBuildFile; fileRef = B906C238174B5745004BE58F /* all_66.html */; };
		B906C2BE174B5746004BE58F /* all_66.js in Resources */ = {isa = PBXBuildFile; fileRef = B906C239174B5745004BE58F /* all_66.js */; };
		B906C2BF174B5746004BE58F /* all_67.html in Resources */ = {isa = PBXBuildFile; fileRef = B906C23A174B5745004BE58F /* all_67.html */; };
		B906C2C0174B5746004BE58F /* all_67.js in Resources */ = {isa = PBXBuildFile; fileRef = B906C23B174B5745004BE58F /* all_67.js */; };
		B906C2C1174B5746004BE58F /* all_69.html in Resources */ = {isa = PBXBuildFile; fileRef = B906C23C174B5745004BE58F /* all_69.html */; };
		B906C2C2174B5746004BE58F /* all_69.js in Resources */ = {isa = PBXBuildFile; fileRef = B906C23D174B5745004BE58F /* all_69.js */; };
		B906C2C3174B5746004BE58F /* all_6c.html in Resources */ = {isa = PBXBuildFile; fileRef = B906C23E174B5745004BE58F /* all_6c.html */; };
		B906C2C4174B5746004BE58F /* all_6c.js in Resources */ = {isa = PBXBuildFile; fileRef = B906C23F174B5745004BE58F /* all_6c.js */; };
		B906C2C5174B5746004BE58F /* all_72.html in Resources */ = {isa = PBXBuildFile; fileRef = B906C240174B5745004BE58F /* all_72.html */; };
		B906C2C6174B5746004BE58F /* all_72.js in Resources */ = {isa = PBXBuildFile; fileRef = B906C241174B5745004BE58F /* all_72.js */; };
		B906C2C7174B5746004BE58F /* all_73.html in Resources */ = {isa = PBXBuildFile; fileRef = B906C242174B5745004BE58F /* all_73.html */; };
		B906C2C8174B5746004BE58F /* all_73.js in Resources */ = {isa = PBXBuildFile; fileRef = B906C243174B5745004BE58F /* all_73.js */; };
		B906C2C9174B5746004BE58F /* all_76.html in Resources */ = {isa = PBXBuildFile; fileRef = B906C244174B5745004BE58F /* all_76.html */; };
		B906C2CA174B5746004BE58F /* all_76.js in Resources */ = {isa = PBXBuildFile; fileRef = B906C245174B5745004BE58F /* all_76.js */; };
		B906C2CB174B5746004BE58F /* classes_66.html in Resources */ = {isa = PBXBuildFile; fileRef = B906C246174B5745004BE58F /* classes_66.html */; };
		B906C2CC174B5746004BE58F /* classes_66.js in Resources */ = {isa = PBXBuildFile; fileRef = B906C247174B5745004BE58F /* classes_66.js */; };
		B906C2CD174B5746004BE58F /* close.png in Resources */ = {isa = PBXBuildFile; fileRef = B906C248174B5745004BE58F /* close.png */; };
		B906C2CE174B5746004BE58F /* functions_61.html in Resources */ = {isa = PBXBuildFile; fileRef = B906C249174B5745004BE58F /* functions_61.html */; };
		B906C2CF174B5746004BE58F /* functions_61.js in Resources */ = {isa = PBXBuildFile; fileRef = B906C24A174B5745004BE58F /* functions_61.js */; };
		B906C2D0174B5746004BE58F /* functions_63.html in Resources */ = {isa = PBXBuildFile; fileRef = B906C24B174B5745004BE58F /* functions_63.html */; };
		B906C2D1174B5746004BE58F /* functions_63.js in Resources */ = {isa = PBXBuildFile; fileRef = B906C24C174B5745004BE58F /* functions_63.js */; };
		B906C2D2174B5746004BE58F /* functions_64.html in Resources */ = {isa = PBXBuildFile; fileRef = B906C24D174B5745004BE58F /* functions_64.html */; };
		B906C2D3174B5746004BE58F /* functions_64.js in Resources */ = {isa = PBXBuildFile; fileRef = B906C24E174B5745004BE58F /* functions_64.js */; };
		B906C2D4174B5746004BE58F /* functions_65.html in Resources */ = {isa = PBXBuildFile; fileRef = B906C24F174B5745004BE58F /* functions_65.html */; };
		B906C2D5174B5746004BE58F /* functions_65.js in Resources */ = {isa = PBXBuildFile; fileRef = B906C250174B5745004BE58F /* functions_65.js */; };
		B906C2D6174B5746004BE58F /* functions_66.html in Resources */ = {isa = PBXBuildFile; fileRef = B906C251174B5745004BE58F /* functions_66.html */; };
		B906C2D7174B5746004BE58F /* functions_66.js in Resources */ = {isa = PBXBuildFile; fileRef = B906C252174B5745004BE58F /* functions_66.js */; };
		B906C2D8174B5746004BE58F /* functions_67.html in Resources */ = {isa = PBXBuildFile; fileRef = B906C253174B5745004BE58F /* functions_67.html */; };
		B906C2D9174B5746004BE58F /* functions_67.js in Resources */ = {isa = PBXBuildFile; fileRef = B906C254174B5745004BE58F /* functions_67.js */; };
		B906C2DA174B5746004BE58F /* functions_69.html in Resources */ = {isa = PBXBuildFile; fileRef = B906C255174B5745004BE58F /* functions_69.html */; };
		B906C2DB174B5746004BE58F /* functions_69.js in Resources */ = {isa = PBXBuildFile; fileRef = B906C256174B5745004BE58F /* functions_69.js */; };
		B906C2DC174B5746004BE58F /* functions_6c.html in Resources */ = {isa = PBXBuildFile; fileRef = B906C257174B5745004BE58F /* functions_6c.html */; };
		B906C2DD174B5746004BE58F /* functions_6c.js in Resources */ = {isa = PBXBuildFile; fileRef = B906C258174B5745004BE58F /* functions_6c.js */; };
		B906C2DE174B5746004BE58F /* functions_72.html in Resources */ = {isa = PBXBuildFile; fileRef = B906C259174B5745004BE58F /* functions_72.html */; };
		B906C2DF174B5746004BE58F /* functions_72.js in Resources */ = {isa = PBXBuildFile; fileRef = B906C25A174B5745004BE58F /* functions_72.js */; };
		B906C2E0174B5746004BE58F /* functions_73.html in Resources */ = {isa = PBXBuildFile; fileRef = B906C25B174B5745004BE58F /* functions_73.html */; };
		B906C2E1174B5746004BE58F /* functions_73.js in Resources */ = {isa = PBXBuildFile; fileRef = B906C25C174B5745004BE58F /* functions_73.js */; };
		B906C2E2174B5746004BE58F /* functions_76.html in Resources */ = {isa = PBXBuildFile; fileRef = B906C25D174B5745004BE58F /* functions_76.html */; };
		B906C2E3174B5746004BE58F /* functions_76.js in Resources */ = {isa = PBXBuildFile; fileRef = B906C25E174B5745004BE58F /* functions_76.js */; };
		B906C2E4174B5746004BE58F /* mag_sel.png in Resources */ = {isa = PBXBuildFile; fileRef = B906C25F174B5745004BE58F /* mag_sel.png */; };
		B906C2E5174B5746004BE58F /* nomatches.html in Resources */ = {isa = PBXBuildFile; fileRef = B906C260174B5745004BE58F /* nomatches.html */; };
		B906C2E6174B5746004BE58F /* pages_64.html in Resources */ = {isa = PBXBuildFile; fileRef = B906C261174B5745004BE58F /* pages_64.html */; };
		B906C2E7174B5746004BE58F /* pages_64.js in Resources */ = {isa = PBXBuildFile; fileRef = B906C262174B5745004BE58F /* pages_64.js */; };
		B906C2E8174B5746004BE58F /* search.css in Resources */ = {isa = PBXBuildFile; fileRef = B906C263174B5745004BE58F /* search.css */; };
		B906C2E9174B5746004BE58F /* search.js in Resources */ = {isa = PBXBuildFile; fileRef = B906C264174B5745004BE58F /* search.js */; };
		B906C2EA174B5746004BE58F /* search_l.png in Resources */ = {isa = PBXBuildFile; fileRef = B906C265174B5745004BE58F /* search_l.png */; };
		B906C2EB174B5746004BE58F /* search_m.png in Resources */ = {isa = PBXBuildFile; fileRef = B906C266174B5745004BE58F /* search_m.png */; };
		B906C2EC174B5746004BE58F /* search_r.png in Resources */ = {isa = PBXBuildFile; fileRef = B906C267174B5745004BE58F /* search_r.png */; };
		B906C2ED174B5746004BE58F /* sync_off.png in Resources */ = {isa = PBXBuildFile; fileRef = B906C268174B5745004BE58F /* sync_off.png */; };
		B906C2EE174B5746004BE58F /* sync_on.png in Resources */ = {isa = PBXBuildFile; fileRef = B906C269174B5745004BE58F /* sync_on.png */; };
		B906C2EF174B5746004BE58F /* tab_a.png in Resources */ = {isa = PBXBuildFile; fileRef = B906C26A174B5745004BE58F /* tab_a.png */; };
		B906C2F0174B5746004BE58F /* tab_b.png in Resources */ = {isa = PBXBuildFile; fileRef = B906C26B174B5745004BE58F /* tab_b.png */; };
		B906C2F1174B5746004BE58F /* tab_h.png in Resources */ = {isa = PBXBuildFile; fileRef = B906C26C174B5745004BE58F /* tab_h.png */; };
		B906C2F2174B5746004BE58F /* tab_s.png in Resources */ = {isa = PBXBuildFile; fileRef = B906C26D174B5745004BE58F /* tab_s.png */; };
		B906C2F3174B5746004BE58F /* tabs.css in Resources */ = {isa = PBXBuildFile; fileRef = B906C26E174B5745004BE58F /* tabs.css */; };
		B906C2F4174B5746004BE58F /* Flurry iOS Advertising README v4.2.1.pdf in Resources */ = {isa = PBXBuildFile; fileRef = B906C26F174B5745004BE58F /* Flurry iOS Advertising README v4.2.1.pdf */; };
		B906C2F5174B5746004BE58F /* Flurry iOS Analytics README v4.2.1 .pdf in Resources */ = {isa = PBXBuildFile; fileRef = B906C270174B5745004BE58F /* Flurry iOS Analytics README v4.2.1 .pdf */; };
		B906C2F6174B5746004BE58F /* Flurry iOS Release Notes v4.2.1 .pdf in Resources */ = {isa = PBXBuildFile; fileRef = B906C271174B5745004BE58F /* Flurry iOS Release Notes v4.2.1 .pdf */; };
		B906C2F7174B5746004BE58F /* Flurry iOS-4.x-Upgrade-README .pdf in Resources */ = {isa = PBXBuildFile; fileRef = B906C272174B5745004BE58F /* Flurry iOS-4.x-Upgrade-README .pdf */; };
		B906C2F8174B5746004BE58F /* libFlurryAds.a in Frameworks */ = {isa = PBXBuildFile; fileRef = B906C276174B5745004BE58F /* libFlurryAds.a */; };
		B906C2F9174B5746004BE58F /* Avro-LICENSE.txt in Resources */ = {isa = PBXBuildFile; fileRef = B906C278174B5745004BE58F /* Avro-LICENSE.txt */; };
		B906C2FA174B5746004BE58F /* Flurry AppCircle Advertiser TOS FINAL August 1, 2012.pdf in Resources */ = {isa = PBXBuildFile; fileRef = B906C279174B5745004BE58F /* Flurry AppCircle Advertiser TOS FINAL August 1, 2012.pdf */; };
		B906C2FB174B5746004BE58F /* Flurry AppSpot Publisher Platform TOS FINAL August 1, 2012.pdf in Resources */ = {isa = PBXBuildFile; fileRef = B906C27A174B5745004BE58F /* Flurry AppSpot Publisher Platform TOS FINAL August 1, 2012.pdf */; };
		B906C2FC174B5746004BE58F /* Flurry-LICENSE.txt in Resources */ = {isa = PBXBuildFile; fileRef = B906C27B174B5745004BE58F /* Flurry-LICENSE.txt */; };
		B906C2FD174B5746004BE58F /* Flurry_AppCircle_Advertiser_TOS.pdf in Resources */ = {isa = PBXBuildFile; fileRef = B906C27C174B5745004BE58F /* Flurry_AppCircle_Advertiser_TOS.pdf */; };
		B906C2FE174B5746004BE58F /* Flurry_AppSpot_Publisher_Platform_TOS.pdf in Resources */ = {isa = PBXBuildFile; fileRef = B906C27D174B5745004BE58F /* Flurry_AppSpot_Publisher_Platform_TOS.pdf */; };
		B906C2FF174B5746004BE58F /* Jansson-LICENSE.txt in Resources */ = {isa = PBXBuildFile; fileRef = B906C27E174B5745004BE58F /* Jansson-LICENSE.txt */; };
		B906C300174B5746004BE58F /* ProjectApiKey.txt in Resources */ = {isa = PBXBuildFile; fileRef = B906C27F174B5745004BE58F /* ProjectApiKey.txt */; };
		B906C302174B57E4004BE58F /* FacebookSDKResources.bundle in Resources */ = {isa = PBXBuildFile; fileRef = B906C301174B57E4004BE58F /* FacebookSDKResources.bundle */; };
		B96413D01742373000908B3E /* btn-launchwebsite.png in Resources */ = {isa = PBXBuildFile; fileRef = B96413CE1742373000908B3E /* btn-launchwebsite.png */; };
		B96413D11742373000908B3E /* btn_tryagain.png in Resources */ = {isa = PBXBuildFile; fileRef = B96413CF1742373000908B3E /* btn_tryagain.png */; };
		B9868B07171D11F70021AB7F /* UIKit.framework in Frameworks */ = {isa = PBXBuildFile; fileRef = B9868B06171D11F70021AB7F /* UIKit.framework */; };
		B9868B09171D11F70021AB7F /* Foundation.framework in Frameworks */ = {isa = PBXBuildFile; fileRef = B9868B08171D11F70021AB7F /* Foundation.framework */; };
		B9868B0B171D11F70021AB7F /* CoreGraphics.framework in Frameworks */ = {isa = PBXBuildFile; fileRef = B9868B0A171D11F70021AB7F /* CoreGraphics.framework */; };
		B9868B11171D11F70021AB7F /* InfoPlist.strings in Resources */ = {isa = PBXBuildFile; fileRef = B9868B0F171D11F70021AB7F /* InfoPlist.strings */; };
		B9868B13171D11F70021AB7F /* main.m in Sources */ = {isa = PBXBuildFile; fileRef = B9868B12171D11F70021AB7F /* main.m */; };
		B9868B17171D11F70021AB7F /* GMAppDelegate.m in Sources */ = {isa = PBXBuildFile; fileRef = B9868B16171D11F70021AB7F /* GMAppDelegate.m */; };
		B9868B20171D11F70021AB7F /* GMViewController.m in Sources */ = {isa = PBXBuildFile; fileRef = B9868B1F171D11F70021AB7F /* GMViewController.m */; };
		B9868B23171D11F70021AB7F /* GMViewController_iPhone.xib in Resources */ = {isa = PBXBuildFile; fileRef = B9868B21171D11F70021AB7F /* GMViewController_iPhone.xib */; };
		B9868B26171D11F70021AB7F /* GMViewController_iPad.xib in Resources */ = {isa = PBXBuildFile; fileRef = B9868B24171D11F70021AB7F /* GMViewController_iPad.xib */; };
		B9868B2E171D11F80021AB7F /* SenTestingKit.framework in Frameworks */ = {isa = PBXBuildFile; fileRef = B9868B2D171D11F80021AB7F /* SenTestingKit.framework */; };
		B9868B2F171D11F80021AB7F /* UIKit.framework in Frameworks */ = {isa = PBXBuildFile; fileRef = B9868B06171D11F70021AB7F /* UIKit.framework */; };
		B9868B30171D11F80021AB7F /* Foundation.framework in Frameworks */ = {isa = PBXBuildFile; fileRef = B9868B08171D11F70021AB7F /* Foundation.framework */; };
		B9868B38171D11F80021AB7F /* InfoPlist.strings in Resources */ = {isa = PBXBuildFile; fileRef = B9868B36171D11F80021AB7F /* InfoPlist.strings */; };
		B9868B3B171D11F80021AB7F /* GamesWrapperTests.m in Sources */ = {isa = PBXBuildFile; fileRef = B9868B3A171D11F80021AB7F /* GamesWrapperTests.m */; };
		B99989F1171D58810014E04F /* UrlFile.plist in Resources */ = {isa = PBXBuildFile; fileRef = B99989F0171D58810014E04F /* UrlFile.plist */; };
		B9C1E35F17210E0200A97D25 /* CoreLocation.framework in Frameworks */ = {isa = PBXBuildFile; fileRef = B9C1E35E17210E0200A97D25 /* CoreLocation.framework */; };
		B9C1E36017210F1A00A97D25 /* CoreLocation.framework in Frameworks */ = {isa = PBXBuildFile; fileRef = B9C1E35E17210E0200A97D25 /* CoreLocation.framework */; };
		B9C1E364172520F300A97D25 /* Reachability.m in Sources */ = {isa = PBXBuildFile; fileRef = B9C1E363172520F300A97D25 /* Reachability.m */; settings = {COMPILER_FLAGS = "-fno-objc-arc"; }; };
		B9C1E3661725342E00A97D25 /* CFNetwork.framework in Frameworks */ = {isa = PBXBuildFile; fileRef = B9C1E3651725342E00A97D25 /* CFNetwork.framework */; };
		B9C1E3681725349000A97D25 /* SystemConfiguration.framework in Frameworks */ = {isa = PBXBuildFile; fileRef = B9C1E3671725349000A97D25 /* SystemConfiguration.framework */; };
		B9C1E37F17268E0400A97D25 /* Social.framework in Frameworks */ = {isa = PBXBuildFile; fileRef = B9C1E37E17268E0400A97D25 /* Social.framework */; settings = {ATTRIBUTES = (Weak, ); }; };
		B9C1E3851726954900A97D25 /* AdSupport.framework in Frameworks */ = {isa = PBXBuildFile; fileRef = B9C1E3841726954900A97D25 /* AdSupport.framework */; settings = {ATTRIBUTES = (Weak, ); }; };
		B9C1E387172695AD00A97D25 /* libsqlite3.dylib in Frameworks */ = {isa = PBXBuildFile; fileRef = B9C1E386172695AD00A97D25 /* libsqlite3.dylib */; settings = {ATTRIBUTES = (Weak, ); }; };
		B9C1E38B172695FF00A97D25 /* Security.framework in Frameworks */ = {isa = PBXBuildFile; fileRef = B9C1E38A172695FF00A97D25 /* Security.framework */; settings = {ATTRIBUTES = (Weak, ); }; };
		B9C1E38D1726969E00A97D25 /* Accounts.framework in Frameworks */ = {isa = PBXBuildFile; fileRef = B9C1E38C1726969E00A97D25 /* Accounts.framework */; settings = {ATTRIBUTES = (Weak, ); }; };
		B9C1E39A172697CB00A97D25 /* app_icon_ipad.png in Resources */ = {isa = PBXBuildFile; fileRef = B9C1E391172697CB00A97D25 /* app_icon_ipad.png */; };
		B9C1E39B172697CB00A97D25 /* app_icon_ipad@2x.png in Resources */ = {isa = PBXBuildFile; fileRef = B9C1E392172697CB00A97D25 /* app_icon_ipad@2x.png */; };
		B9C1E39C172697CB00A97D25 /* Default-568h@2x.png in Resources */ = {isa = PBXBuildFile; fileRef = B9C1E393172697CB00A97D25 /* Default-568h@2x.png */; };
		B9C1E39E172697CB00A97D25 /* Default@2x.png in Resources */ = {isa = PBXBuildFile; fileRef = B9C1E395172697CB00A97D25 /* Default@2x.png */; };
		B9C1E39F172697CB00A97D25 /* splash_768x1024.png in Resources */ = {isa = PBXBuildFile; fileRef = B9C1E396172697CB00A97D25 /* splash_768x1024.png */; };
		B9C1E3A0172697CB00A97D25 /* splash_768x1024@2x.png in Resources */ = {isa = PBXBuildFile; fileRef = B9C1E397172697CB00A97D25 /* splash_768x1024@2x.png */; };
		B9C475EC1727BFBC00456DFE /* icon.png in Resources */ = {isa = PBXBuildFile; fileRef = B9C475EA1727BFBC00456DFE /* icon.png */; };
		B9C475ED1727BFBC00456DFE /* icon@2x.png in Resources */ = {isa = PBXBuildFile; fileRef = B9C475EB1727BFBC00456DFE /* icon@2x.png */; };
		B9C47759172A425300456DFE /* Default-Portrait@2x~ipad.png in Resources */ = {isa = PBXBuildFile; fileRef = B9C47757172A425300456DFE /* Default-Portrait@2x~ipad.png */; };
/* End PBXBuildFile section */

/* Begin PBXContainerItemProxy section */
		B9868B31171D11F80021AB7F /* PBXContainerItemProxy */ = {
			isa = PBXContainerItemProxy;
			containerPortal = B9868AFB171D11F70021AB7F /* Project object */;
			proxyType = 1;
			remoteGlobalIDString = B9868B02171D11F70021AB7F;
			remoteInfo = GamesWrapper;
		};
/* End PBXContainerItemProxy section */

/* Begin PBXFileReference section */
		B906C1F317439B3A004BE58F /* Default.png */ = {isa = PBXFileReference; lastKnownFileType = image.png; path = Default.png; sourceTree = "<group>"; };
		B906C1F6174B5745004BE58F /* FacebookSDK.framework */ = {isa = PBXFileReference; lastKnownFileType = wrapper.framework; name = FacebookSDK.framework; path = GamesWrapper/Utilities/FacebookSDK.framework; sourceTree = "<group>"; };
		B906C1FA174B5745004BE58F /* Flurry.h */ = {isa = PBXFileReference; fileEncoding = 4; lastKnownFileType = sourcecode.c.h; path = Flurry.h; sourceTree = "<group>"; };
		B906C1FB174B5745004BE58F /* libFlurry.a */ = {isa = PBXFileReference; lastKnownFileType = archive.ar; path = libFlurry.a; sourceTree = "<group>"; };
		B906C1FD174B5745004BE58F /* annotated.html */ = {isa = PBXFileReference; fileEncoding = 4; lastKnownFileType = text.html; path = annotated.html; sourceTree = "<group>"; };
		B906C1FE174B5745004BE58F /* annotated.js */ = {isa = PBXFileReference; fileEncoding = 4; lastKnownFileType = sourcecode.javascript; path = annotated.js; sourceTree = "<group>"; };
		B906C1FF174B5745004BE58F /* bc_s.png */ = {isa = PBXFileReference; lastKnownFileType = image.png; path = bc_s.png; sourceTree = "<group>"; };
		B906C200174B5745004BE58F /* bdwn.png */ = {isa = PBXFileReference; lastKnownFileType = image.png; path = bdwn.png; sourceTree = "<group>"; };
		B906C201174B5745004BE58F /* class_flurry-members.html */ = {isa = PBXFileReference; fileEncoding = 4; lastKnownFileType = text.html; path = "class_flurry-members.html"; sourceTree = "<group>"; };
		B906C202174B5745004BE58F /* class_flurry_ads-members.html */ = {isa = PBXFileReference; fileEncoding = 4; lastKnownFileType = text.html; path = "class_flurry_ads-members.html"; sourceTree = "<group>"; };
		B906C203174B5745004BE58F /* classes.html */ = {isa = PBXFileReference; fileEncoding = 4; lastKnownFileType = text.html; path = classes.html; sourceTree = "<group>"; };
		B906C204174B5745004BE58F /* closed.png */ = {isa = PBXFileReference; lastKnownFileType = image.png; path = closed.png; sourceTree = "<group>"; };
		B906C205174B5745004BE58F /* deprecated.html */ = {isa = PBXFileReference; fileEncoding = 4; lastKnownFileType = text.html; path = deprecated.html; sourceTree = "<group>"; };
		B906C206174B5745004BE58F /* dir_0ebd64bd1208439ff9fb2dd897b3c4a1.html */ = {isa = PBXFileReference; fileEncoding = 4; lastKnownFileType = text.html; path = dir_0ebd64bd1208439ff9fb2dd897b3c4a1.html; sourceTree = "<group>"; };
		B906C207174B5745004BE58F /* dir_2c12105386bcc5c3935feab96f296a41.html */ = {isa = PBXFileReference; fileEncoding = 4; lastKnownFileType = text.html; path = dir_2c12105386bcc5c3935feab96f296a41.html; sourceTree = "<group>"; };
		B906C208174B5745004BE58F /* dir_bf6e624d37ff37ef15235f475e02dcb0.html */ = {isa = PBXFileReference; fileEncoding = 4; lastKnownFileType = text.html; path = dir_bf6e624d37ff37ef15235f475e02dcb0.html; sourceTree = "<group>"; };
		B906C209174B5745004BE58F /* dir_d451cda8043a26795542aab0016218be.html */ = {isa = PBXFileReference; fileEncoding = 4; lastKnownFileType = text.html; path = dir_d451cda8043a26795542aab0016218be.html; sourceTree = "<group>"; };
		B906C20A174B5745004BE58F /* doxygen.css */ = {isa = PBXFileReference; fileEncoding = 4; lastKnownFileType = text.css; path = doxygen.css; sourceTree = "<group>"; };
		B906C20B174B5745004BE58F /* doxygen.png */ = {isa = PBXFileReference; lastKnownFileType = image.png; path = doxygen.png; sourceTree = "<group>"; };
		B906C20C174B5745004BE58F /* dynsections.js */ = {isa = PBXFileReference; fileEncoding = 4; lastKnownFileType = sourcecode.javascript; path = dynsections.js; sourceTree = "<group>"; };
		B906C20D174B5745004BE58F /* ftv2blank.png */ = {isa = PBXFileReference; lastKnownFileType = image.png; path = ftv2blank.png; sourceTree = "<group>"; };
		B906C20E174B5745004BE58F /* ftv2cl.png */ = {isa = PBXFileReference; lastKnownFileType = image.png; path = ftv2cl.png; sourceTree = "<group>"; };
		B906C20F174B5745004BE58F /* ftv2doc.png */ = {isa = PBXFileReference; lastKnownFileType = image.png; path = ftv2doc.png; sourceTree = "<group>"; };
		B906C210174B5745004BE58F /* ftv2folderclosed.png */ = {isa = PBXFileReference; lastKnownFileType = image.png; path = ftv2folderclosed.png; sourceTree = "<group>"; };
		B906C211174B5745004BE58F /* ftv2folderopen.png */ = {isa = PBXFileReference; lastKnownFileType = image.png; path = ftv2folderopen.png; sourceTree = "<group>"; };
		B906C212174B5745004BE58F /* ftv2lastnode.png */ = {isa = PBXFileReference; lastKnownFileType = image.png; path = ftv2lastnode.png; sourceTree = "<group>"; };
		B906C213174B5745004BE58F /* ftv2link.png */ = {isa = PBXFileReference; lastKnownFileType = image.png; path = ftv2link.png; sourceTree = "<group>"; };
		B906C214174B5745004BE58F /* ftv2mlastnode.png */ = {isa = PBXFileReference; lastKnownFileType = image.png; path = ftv2mlastnode.png; sourceTree = "<group>"; };
		B906C215174B5745004BE58F /* ftv2mnode.png */ = {isa = PBXFileReference; lastKnownFileType = image.png; path = ftv2mnode.png; sourceTree = "<group>"; };
		B906C216174B5745004BE58F /* ftv2mo.png */ = {isa = PBXFileReference; lastKnownFileType = image.png; path = ftv2mo.png; sourceTree = "<group>"; };
		B906C217174B5745004BE58F /* ftv2node.png */ = {isa = PBXFileReference; lastKnownFileType = image.png; path = ftv2node.png; sourceTree = "<group>"; };
		B906C218174B5745004BE58F /* ftv2ns.png */ = {isa = PBXFileReference; lastKnownFileType = image.png; path = ftv2ns.png; sourceTree = "<group>"; };
		B906C219174B5745004BE58F /* ftv2plastnode.png */ = {isa = PBXFileReference; lastKnownFileType = image.png; path = ftv2plastnode.png; sourceTree = "<group>"; };
		B906C21A174B5745004BE58F /* ftv2pnode.png */ = {isa = PBXFileReference; lastKnownFileType = image.png; path = ftv2pnode.png; sourceTree = "<group>"; };
		B906C21B174B5745004BE58F /* ftv2splitbar.png */ = {isa = PBXFileReference; lastKnownFileType = image.png; path = ftv2splitbar.png; sourceTree = "<group>"; };
		B906C21C174B5745004BE58F /* ftv2vertline.png */ = {isa = PBXFileReference; lastKnownFileType = image.png; path = ftv2vertline.png; sourceTree = "<group>"; };
		B906C21D174B5745004BE58F /* functions.html */ = {isa = PBXFileReference; fileEncoding = 4; lastKnownFileType = text.html; path = functions.html; sourceTree = "<group>"; };
		B906C21E174B5745004BE58F /* functions_func.html */ = {isa = PBXFileReference; fileEncoding = 4; lastKnownFileType = text.html; path = functions_func.html; sourceTree = "<group>"; };
		B906C21F174B5745004BE58F /* index.html */ = {isa = PBXFileReference; fileEncoding = 4; lastKnownFileType = text.html; path = index.html; sourceTree = "<group>"; };
		B906C220174B5745004BE58F /* interface_flurry.html */ = {isa = PBXFileReference; fileEncoding = 4; lastKnownFileType = text.html; path = interface_flurry.html; sourceTree = "<group>"; };
		B906C221174B5745004BE58F /* interface_flurry_ads.html */ = {isa = PBXFileReference; fileEncoding = 4; lastKnownFileType = text.html; path = interface_flurry_ads.html; sourceTree = "<group>"; };
		B906C222174B5745004BE58F /* jquery.js */ = {isa = PBXFileReference; fileEncoding = 4; lastKnownFileType = sourcecode.javascript; path = jquery.js; sourceTree = "<group>"; };
		B906C223174B5745004BE58F /* nav_f.png */ = {isa = PBXFileReference; lastKnownFileType = image.png; path = nav_f.png; sourceTree = "<group>"; };
		B906C224174B5745004BE58F /* nav_g.png */ = {isa = PBXFileReference; lastKnownFileType = image.png; path = nav_g.png; sourceTree = "<group>"; };
		B906C225174B5745004BE58F /* nav_h.png */ = {isa = PBXFileReference; lastKnownFileType = image.png; path = nav_h.png; sourceTree = "<group>"; };
		B906C226174B5745004BE58F /* navtree.css */ = {isa = PBXFileReference; fileEncoding = 4; lastKnownFileType = text.css; path = navtree.css; sourceTree = "<group>"; };
		B906C227174B5745004BE58F /* navtree.js */ = {isa = PBXFileReference; fileEncoding = 4; lastKnownFileType = sourcecode.javascript; path = navtree.js; sourceTree = "<group>"; };
		B906C228174B5745004BE58F /* navtreeindex0.js */ = {isa = PBXFileReference; fileEncoding = 4; lastKnownFileType = sourcecode.javascript; path = navtreeindex0.js; sourceTree = "<group>"; };
		B906C229174B5745004BE58F /* open.png */ = {isa = PBXFileReference; lastKnownFileType = image.png; path = open.png; sourceTree = "<group>"; };
		B906C22A174B5745004BE58F /* pages.html */ = {isa = PBXFileReference; fileEncoding = 4; lastKnownFileType = text.html; path = pages.html; sourceTree = "<group>"; };
		B906C22B174B5745004BE58F /* protocol_flurry_ad_delegate-p-members.html */ = {isa = PBXFileReference; fileEncoding = 4; lastKnownFileType = text.html; path = "protocol_flurry_ad_delegate-p-members.html"; sourceTree = "<group>"; };
		B906C22C174B5745004BE58F /* protocol_flurry_ad_delegate-p.html */ = {isa = PBXFileReference; fileEncoding = 4; lastKnownFileType = text.html; path = "protocol_flurry_ad_delegate-p.html"; sourceTree = "<group>"; };
		B906C22D174B5745004BE58F /* protocol_flurry_ad_delegate-p.js */ = {isa = PBXFileReference; fileEncoding = 4; lastKnownFileType = sourcecode.javascript; path = "protocol_flurry_ad_delegate-p.js"; sourceTree = "<group>"; };
		B906C22E174B5745004BE58F /* resize.js */ = {isa = PBXFileReference; fileEncoding = 4; lastKnownFileType = sourcecode.javascript; path = resize.js; sourceTree = "<group>"; };
		B906C230174B5745004BE58F /* all_61.html */ = {isa = PBXFileReference; fileEncoding = 4; lastKnownFileType = text.html; path = all_61.html; sourceTree = "<group>"; };
		B906C231174B5745004BE58F /* all_61.js */ = {isa = PBXFileReference; fileEncoding = 4; lastKnownFileType = sourcecode.javascript; path = all_61.js; sourceTree = "<group>"; };
		B906C232174B5745004BE58F /* all_63.html */ = {isa = PBXFileReference; fileEncoding = 4; lastKnownFileType = text.html; path = all_63.html; sourceTree = "<group>"; };
		B906C233174B5745004BE58F /* all_63.js */ = {isa = PBXFileReference; fileEncoding = 4; lastKnownFileType = sourcecode.javascript; path = all_63.js; sourceTree = "<group>"; };
		B906C234174B5745004BE58F /* all_64.html */ = {isa = PBXFileReference; fileEncoding = 4; lastKnownFileType = text.html; path = all_64.html; sourceTree = "<group>"; };
		B906C235174B5745004BE58F /* all_64.js */ = {isa = PBXFileReference; fileEncoding = 4; lastKnownFileType = sourcecode.javascript; path = all_64.js; sourceTree = "<group>"; };
		B906C236174B5745004BE58F /* all_65.html */ = {isa = PBXFileReference; fileEncoding = 4; lastKnownFileType = text.html; path = all_65.html; sourceTree = "<group>"; };
		B906C237174B5745004BE58F /* all_65.js */ = {isa = PBXFileReference; fileEncoding = 4; lastKnownFileType = sourcecode.javascript; path = all_65.js; sourceTree = "<group>"; };
		B906C238174B5745004BE58F /* all_66.html */ = {isa = PBXFileReference; fileEncoding = 4; lastKnownFileType = text.html; path = all_66.html; sourceTree = "<group>"; };
		B906C239174B5745004BE58F /* all_66.js */ = {isa = PBXFileReference; fileEncoding = 4; lastKnownFileType = sourcecode.javascript; path = all_66.js; sourceTree = "<group>"; };
		B906C23A174B5745004BE58F /* all_67.html */ = {isa = PBXFileReference; fileEncoding = 4; lastKnownFileType = text.html; path = all_67.html; sourceTree = "<group>"; };
		B906C23B174B5745004BE58F /* all_67.js */ = {isa = PBXFileReference; fileEncoding = 4; lastKnownFileType = sourcecode.javascript; path = all_67.js; sourceTree = "<group>"; };
		B906C23C174B5745004BE58F /* all_69.html */ = {isa = PBXFileReference; fileEncoding = 4; lastKnownFileType = text.html; path = all_69.html; sourceTree = "<group>"; };
		B906C23D174B5745004BE58F /* all_69.js */ = {isa = PBXFileReference; fileEncoding = 4; lastKnownFileType = sourcecode.javascript; path = all_69.js; sourceTree = "<group>"; };
		B906C23E174B5745004BE58F /* all_6c.html */ = {isa = PBXFileReference; fileEncoding = 4; lastKnownFileType = text.html; path = all_6c.html; sourceTree = "<group>"; };
		B906C23F174B5745004BE58F /* all_6c.js */ = {isa = PBXFileReference; fileEncoding = 4; lastKnownFileType = sourcecode.javascript; path = all_6c.js; sourceTree = "<group>"; };
		B906C240174B5745004BE58F /* all_72.html */ = {isa = PBXFileReference; fileEncoding = 4; lastKnownFileType = text.html; path = all_72.html; sourceTree = "<group>"; };
		B906C241174B5745004BE58F /* all_72.js */ = {isa = PBXFileReference; fileEncoding = 4; lastKnownFileType = sourcecode.javascript; path = all_72.js; sourceTree = "<group>"; };
		B906C242174B5745004BE58F /* all_73.html */ = {isa = PBXFileReference; fileEncoding = 4; lastKnownFileType = text.html; path = all_73.html; sourceTree = "<group>"; };
		B906C243174B5745004BE58F /* all_73.js */ = {isa = PBXFileReference; fileEncoding = 4; lastKnownFileType = sourcecode.javascript; path = all_73.js; sourceTree = "<group>"; };
		B906C244174B5745004BE58F /* all_76.html */ = {isa = PBXFileReference; fileEncoding = 4; lastKnownFileType = text.html; path = all_76.html; sourceTree = "<group>"; };
		B906C245174B5745004BE58F /* all_76.js */ = {isa = PBXFileReference; fileEncoding = 4; lastKnownFileType = sourcecode.javascript; path = all_76.js; sourceTree = "<group>"; };
		B906C246174B5745004BE58F /* classes_66.html */ = {isa = PBXFileReference; fileEncoding = 4; lastKnownFileType = text.html; path = classes_66.html; sourceTree = "<group>"; };
		B906C247174B5745004BE58F /* classes_66.js */ = {isa = PBXFileReference; fileEncoding = 4; lastKnownFileType = sourcecode.javascript; path = classes_66.js; sourceTree = "<group>"; };
		B906C248174B5745004BE58F /* close.png */ = {isa = PBXFileReference; lastKnownFileType = image.png; path = close.png; sourceTree = "<group>"; };
		B906C249174B5745004BE58F /* functions_61.html */ = {isa = PBXFileReference; fileEncoding = 4; lastKnownFileType = text.html; path = functions_61.html; sourceTree = "<group>"; };
		B906C24A174B5745004BE58F /* functions_61.js */ = {isa = PBXFileReference; fileEncoding = 4; lastKnownFileType = sourcecode.javascript; path = functions_61.js; sourceTree = "<group>"; };
		B906C24B174B5745004BE58F /* functions_63.html */ = {isa = PBXFileReference; fileEncoding = 4; lastKnownFileType = text.html; path = functions_63.html; sourceTree = "<group>"; };
		B906C24C174B5745004BE58F /* functions_63.js */ = {isa = PBXFileReference; fileEncoding = 4; lastKnownFileType = sourcecode.javascript; path = functions_63.js; sourceTree = "<group>"; };
		B906C24D174B5745004BE58F /* functions_64.html */ = {isa = PBXFileReference; fileEncoding = 4; lastKnownFileType = text.html; path = functions_64.html; sourceTree = "<group>"; };
		B906C24E174B5745004BE58F /* functions_64.js */ = {isa = PBXFileReference; fileEncoding = 4; lastKnownFileType = sourcecode.javascript; path = functions_64.js; sourceTree = "<group>"; };
		B906C24F174B5745004BE58F /* functions_65.html */ = {isa = PBXFileReference; fileEncoding = 4; lastKnownFileType = text.html; path = functions_65.html; sourceTree = "<group>"; };
		B906C250174B5745004BE58F /* functions_65.js */ = {isa = PBXFileReference; fileEncoding = 4; lastKnownFileType = sourcecode.javascript; path = functions_65.js; sourceTree = "<group>"; };
		B906C251174B5745004BE58F /* functions_66.html */ = {isa = PBXFileReference; fileEncoding = 4; lastKnownFileType = text.html; path = functions_66.html; sourceTree = "<group>"; };
		B906C252174B5745004BE58F /* functions_66.js */ = {isa = PBXFileReference; fileEncoding = 4; lastKnownFileType = sourcecode.javascript; path = functions_66.js; sourceTree = "<group>"; };
		B906C253174B5745004BE58F /* functions_67.html */ = {isa = PBXFileReference; fileEncoding = 4; lastKnownFileType = text.html; path = functions_67.html; sourceTree = "<group>"; };
		B906C254174B5745004BE58F /* functions_67.js */ = {isa = PBXFileReference; fileEncoding = 4; lastKnownFileType = sourcecode.javascript; path = functions_67.js; sourceTree = "<group>"; };
		B906C255174B5745004BE58F /* functions_69.html */ = {isa = PBXFileReference; fileEncoding = 4; lastKnownFileType = text.html; path = functions_69.html; sourceTree = "<group>"; };
		B906C256174B5745004BE58F /* functions_69.js */ = {isa = PBXFileReference; fileEncoding = 4; lastKnownFileType = sourcecode.javascript; path = functions_69.js; sourceTree = "<group>"; };
		B906C257174B5745004BE58F /* functions_6c.html */ = {isa = PBXFileReference; fileEncoding = 4; lastKnownFileType = text.html; path = functions_6c.html; sourceTree = "<group>"; };
		B906C258174B5745004BE58F /* functions_6c.js */ = {isa = PBXFileReference; fileEncoding = 4; lastKnownFileType = sourcecode.javascript; path = functions_6c.js; sourceTree = "<group>"; };
		B906C259174B5745004BE58F /* functions_72.html */ = {isa = PBXFileReference; fileEncoding = 4; lastKnownFileType = text.html; path = functions_72.html; sourceTree = "<group>"; };
		B906C25A174B5745004BE58F /* functions_72.js */ = {isa = PBXFileReference; fileEncoding = 4; lastKnownFileType = sourcecode.javascript; path = functions_72.js; sourceTree = "<group>"; };
		B906C25B174B5745004BE58F /* functions_73.html */ = {isa = PBXFileReference; fileEncoding = 4; lastKnownFileType = text.html; path = functions_73.html; sourceTree = "<group>"; };
		B906C25C174B5745004BE58F /* functions_73.js */ = {isa = PBXFileReference; fileEncoding = 4; lastKnownFileType = sourcecode.javascript; path = functions_73.js; sourceTree = "<group>"; };
		B906C25D174B5745004BE58F /* functions_76.html */ = {isa = PBXFileReference; fileEncoding = 4; lastKnownFileType = text.html; path = functions_76.html; sourceTree = "<group>"; };
		B906C25E174B5745004BE58F /* functions_76.js */ = {isa = PBXFileReference; fileEncoding = 4; lastKnownFileType = sourcecode.javascript; path = functions_76.js; sourceTree = "<group>"; };
		B906C25F174B5745004BE58F /* mag_sel.png */ = {isa = PBXFileReference; lastKnownFileType = image.png; path = mag_sel.png; sourceTree = "<group>"; };
		B906C260174B5745004BE58F /* nomatches.html */ = {isa = PBXFileReference; fileEncoding = 4; lastKnownFileType = text.html; path = nomatches.html; sourceTree = "<group>"; };
		B906C261174B5745004BE58F /* pages_64.html */ = {isa = PBXFileReference; fileEncoding = 4; lastKnownFileType = text.html; path = pages_64.html; sourceTree = "<group>"; };
		B906C262174B5745004BE58F /* pages_64.js */ = {isa = PBXFileReference; fileEncoding = 4; lastKnownFileType = sourcecode.javascript; path = pages_64.js; sourceTree = "<group>"; };
		B906C263174B5745004BE58F /* search.css */ = {isa = PBXFileReference; fileEncoding = 4; lastKnownFileType = text.css; path = search.css; sourceTree = "<group>"; };
		B906C264174B5745004BE58F /* search.js */ = {isa = PBXFileReference; fileEncoding = 4; lastKnownFileType = sourcecode.javascript; path = search.js; sourceTree = "<group>"; };
		B906C265174B5745004BE58F /* search_l.png */ = {isa = PBXFileReference; lastKnownFileType = image.png; path = search_l.png; sourceTree = "<group>"; };
		B906C266174B5745004BE58F /* search_m.png */ = {isa = PBXFileReference; lastKnownFileType = image.png; path = search_m.png; sourceTree = "<group>"; };
		B906C267174B5745004BE58F /* search_r.png */ = {isa = PBXFileReference; lastKnownFileType = image.png; path = search_r.png; sourceTree = "<group>"; };
		B906C268174B5745004BE58F /* sync_off.png */ = {isa = PBXFileReference; lastKnownFileType = image.png; path = sync_off.png; sourceTree = "<group>"; };
		B906C269174B5745004BE58F /* sync_on.png */ = {isa = PBXFileReference; lastKnownFileType = image.png; path = sync_on.png; sourceTree = "<group>"; };
		B906C26A174B5745004BE58F /* tab_a.png */ = {isa = PBXFileReference; lastKnownFileType = image.png; path = tab_a.png; sourceTree = "<group>"; };
		B906C26B174B5745004BE58F /* tab_b.png */ = {isa = PBXFileReference; lastKnownFileType = image.png; path = tab_b.png; sourceTree = "<group>"; };
		B906C26C174B5745004BE58F /* tab_h.png */ = {isa = PBXFileReference; lastKnownFileType = image.png; path = tab_h.png; sourceTree = "<group>"; };
		B906C26D174B5745004BE58F /* tab_s.png */ = {isa = PBXFileReference; lastKnownFileType = image.png; path = tab_s.png; sourceTree = "<group>"; };
		B906C26E174B5745004BE58F /* tabs.css */ = {isa = PBXFileReference; fileEncoding = 4; lastKnownFileType = text.css; path = tabs.css; sourceTree = "<group>"; };
		B906C26F174B5745004BE58F /* Flurry iOS Advertising README v4.2.1.pdf */ = {isa = PBXFileReference; lastKnownFileType = image.pdf; path = "Flurry iOS Advertising README v4.2.1.pdf"; sourceTree = "<group>"; };
		B906C270174B5745004BE58F /* Flurry iOS Analytics README v4.2.1 .pdf */ = {isa = PBXFileReference; lastKnownFileType = image.pdf; path = "Flurry iOS Analytics README v4.2.1 .pdf"; sourceTree = "<group>"; };
		B906C271174B5745004BE58F /* Flurry iOS Release Notes v4.2.1 .pdf */ = {isa = PBXFileReference; lastKnownFileType = image.pdf; path = "Flurry iOS Release Notes v4.2.1 .pdf"; sourceTree = "<group>"; };
		B906C272174B5745004BE58F /* Flurry iOS-4.x-Upgrade-README .pdf */ = {isa = PBXFileReference; lastKnownFileType = image.pdf; path = "Flurry iOS-4.x-Upgrade-README .pdf"; sourceTree = "<group>"; };
		B906C274174B5745004BE58F /* FlurryAdDelegate.h */ = {isa = PBXFileReference; fileEncoding = 4; lastKnownFileType = sourcecode.c.h; path = FlurryAdDelegate.h; sourceTree = "<group>"; };
		B906C275174B5745004BE58F /* FlurryAds.h */ = {isa = PBXFileReference; fileEncoding = 4; lastKnownFileType = sourcecode.c.h; path = FlurryAds.h; sourceTree = "<group>"; };
		B906C276174B5745004BE58F /* libFlurryAds.a */ = {isa = PBXFileReference; lastKnownFileType = archive.ar; path = libFlurryAds.a; sourceTree = "<group>"; };
		B906C278174B5745004BE58F /* Avro-LICENSE.txt */ = {isa = PBXFileReference; fileEncoding = 4; lastKnownFileType = text; path = "Avro-LICENSE.txt"; sourceTree = "<group>"; };
		B906C279174B5745004BE58F /* Flurry AppCircle Advertiser TOS FINAL August 1, 2012.pdf */ = {isa = PBXFileReference; lastKnownFileType = image.pdf; path = "Flurry AppCircle Advertiser TOS FINAL August 1, 2012.pdf"; sourceTree = "<group>"; };
		B906C27A174B5745004BE58F /* Flurry AppSpot Publisher Platform TOS FINAL August 1, 2012.pdf */ = {isa = PBXFileReference; lastKnownFileType = image.pdf; path = "Flurry AppSpot Publisher Platform TOS FINAL August 1, 2012.pdf"; sourceTree = "<group>"; };
		B906C27B174B5745004BE58F /* Flurry-LICENSE.txt */ = {isa = PBXFileReference; fileEncoding = 4; lastKnownFileType = text; path = "Flurry-LICENSE.txt"; sourceTree = "<group>"; };
		B906C27C174B5745004BE58F /* Flurry_AppCircle_Advertiser_TOS.pdf */ = {isa = PBXFileReference; lastKnownFileType = image.pdf; path = Flurry_AppCircle_Advertiser_TOS.pdf; sourceTree = "<group>"; };
		B906C27D174B5745004BE58F /* Flurry_AppSpot_Publisher_Platform_TOS.pdf */ = {isa = PBXFileReference; lastKnownFileType = image.pdf; path = Flurry_AppSpot_Publisher_Platform_TOS.pdf; sourceTree = "<group>"; };
		B906C27E174B5745004BE58F /* Jansson-LICENSE.txt */ = {isa = PBXFileReference; fileEncoding = 4; lastKnownFileType = text; path = "Jansson-LICENSE.txt"; sourceTree = "<group>"; };
		B906C27F174B5745004BE58F /* ProjectApiKey.txt */ = {isa = PBXFileReference; fileEncoding = 4; lastKnownFileType = text; path = ProjectApiKey.txt; sourceTree = "<group>"; };
		B906C280174B5745004BE58F /* GMConstants.h */ = {isa = PBXFileReference; fileEncoding = 4; lastKnownFileType = sourcecode.c.h; path = GMConstants.h; sourceTree = "<group>"; };
		B906C301174B57E4004BE58F /* FacebookSDKResources.bundle */ = {isa = PBXFileReference; lastKnownFileType = "wrapper.plug-in"; name = FacebookSDKResources.bundle; path = GamesWrapper/Utilities/FacebookSDK.framework/Versions/A/Resources/FacebookSDKResources.bundle; sourceTree = "<group>"; };
		B96413CE1742373000908B3E /* btn-launchwebsite.png */ = {isa = PBXFileReference; lastKnownFileType = image.png; path = "btn-launchwebsite.png"; sourceTree = "<group>"; };
		B96413CF1742373000908B3E /* btn_tryagain.png */ = {isa = PBXFileReference; lastKnownFileType = image.png; path = btn_tryagain.png; sourceTree = "<group>"; };
		B9868B03171D11F70021AB7F /* GamesWrapper.app */ = {isa = PBXFileReference; explicitFileType = wrapper.application; includeInIndex = 0; path = GamesWrapper.app; sourceTree = BUILT_PRODUCTS_DIR; };
		B9868B06171D11F70021AB7F /* UIKit.framework */ = {isa = PBXFileReference; lastKnownFileType = wrapper.framework; name = UIKit.framework; path = System/Library/Frameworks/UIKit.framework; sourceTree = SDKROOT; };
		B9868B08171D11F70021AB7F /* Foundation.framework */ = {isa = PBXFileReference; lastKnownFileType = wrapper.framework; name = Foundation.framework; path = System/Library/Frameworks/Foundation.framework; sourceTree = SDKROOT; };
		B9868B0A171D11F70021AB7F /* CoreGraphics.framework */ = {isa = PBXFileReference; lastKnownFileType = wrapper.framework; name = CoreGraphics.framework; path = System/Library/Frameworks/CoreGraphics.framework; sourceTree = SDKROOT; };
		B9868B0E171D11F70021AB7F /* GamesWrapper-Info.plist */ = {isa = PBXFileReference; lastKnownFileType = text.plist.xml; path = "GamesWrapper-Info.plist"; sourceTree = "<group>"; };
		B9868B10171D11F70021AB7F /* en */ = {isa = PBXFileReference; lastKnownFileType = text.plist.strings; name = en; path = en.lproj/InfoPlist.strings; sourceTree = "<group>"; };
		B9868B12171D11F70021AB7F /* main.m */ = {isa = PBXFileReference; lastKnownFileType = sourcecode.c.objc; path = main.m; sourceTree = "<group>"; };
		B9868B14171D11F70021AB7F /* GamesWrapper-Prefix.pch */ = {isa = PBXFileReference; lastKnownFileType = sourcecode.c.h; path = "GamesWrapper-Prefix.pch"; sourceTree = "<group>"; };
		B9868B15171D11F70021AB7F /* GMAppDelegate.h */ = {isa = PBXFileReference; lastKnownFileType = sourcecode.c.h; path = GMAppDelegate.h; sourceTree = "<group>"; };
		B9868B16171D11F70021AB7F /* GMAppDelegate.m */ = {isa = PBXFileReference; lastKnownFileType = sourcecode.c.objc; path = GMAppDelegate.m; sourceTree = "<group>"; };
		B9868B1E171D11F70021AB7F /* GMViewController.h */ = {isa = PBXFileReference; lastKnownFileType = sourcecode.c.h; path = GMViewController.h; sourceTree = "<group>"; };
		B9868B1F171D11F70021AB7F /* GMViewController.m */ = {isa = PBXFileReference; lastKnownFileType = sourcecode.c.objc; path = GMViewController.m; sourceTree = "<group>"; };
		B9868B22171D11F70021AB7F /* en */ = {isa = PBXFileReference; lastKnownFileType = file.xib; name = en; path = en.lproj/GMViewController_iPhone.xib; sourceTree = "<group>"; };
		B9868B25171D11F70021AB7F /* en */ = {isa = PBXFileReference; lastKnownFileType = file.xib; name = en; path = en.lproj/GMViewController_iPad.xib; sourceTree = "<group>"; };
		B9868B2C171D11F80021AB7F /* GamesWrapperTests.octest */ = {isa = PBXFileReference; explicitFileType = wrapper.cfbundle; includeInIndex = 0; path = GamesWrapperTests.octest; sourceTree = BUILT_PRODUCTS_DIR; };
		B9868B2D171D11F80021AB7F /* SenTestingKit.framework */ = {isa = PBXFileReference; lastKnownFileType = wrapper.framework; name = SenTestingKit.framework; path = Library/Frameworks/SenTestingKit.framework; sourceTree = DEVELOPER_DIR; };
		B9868B35171D11F80021AB7F /* GamesWrapperTests-Info.plist */ = {isa = PBXFileReference; lastKnownFileType = text.plist.xml; path = "GamesWrapperTests-Info.plist"; sourceTree = "<group>"; };
		B9868B37171D11F80021AB7F /* en */ = {isa = PBXFileReference; lastKnownFileType = text.plist.strings; name = en; path = en.lproj/InfoPlist.strings; sourceTree = "<group>"; };
		B9868B39171D11F80021AB7F /* GamesWrapperTests.h */ = {isa = PBXFileReference; lastKnownFileType = sourcecode.c.h; path = GamesWrapperTests.h; sourceTree = "<group>"; };
		B9868B3A171D11F80021AB7F /* GamesWrapperTests.m */ = {isa = PBXFileReference; lastKnownFileType = sourcecode.c.objc; path = GamesWrapperTests.m; sourceTree = "<group>"; };
		B99989F0171D58810014E04F /* UrlFile.plist */ = {isa = PBXFileReference; fileEncoding = 4; lastKnownFileType = text.plist.xml; path = UrlFile.plist; sourceTree = "<group>"; };
		B9C1E35E17210E0200A97D25 /* CoreLocation.framework */ = {isa = PBXFileReference; lastKnownFileType = wrapper.framework; name = CoreLocation.framework; path = System/Library/Frameworks/CoreLocation.framework; sourceTree = SDKROOT; };
		B9C1E362172520F300A97D25 /* Reachability.h */ = {isa = PBXFileReference; fileEncoding = 4; lastKnownFileType = sourcecode.c.h; path = Reachability.h; sourceTree = "<group>"; };
		B9C1E363172520F300A97D25 /* Reachability.m */ = {isa = PBXFileReference; fileEncoding = 4; lastKnownFileType = sourcecode.c.objc; path = Reachability.m; sourceTree = "<group>"; };
		B9C1E3651725342E00A97D25 /* CFNetwork.framework */ = {isa = PBXFileReference; lastKnownFileType = wrapper.framework; name = CFNetwork.framework; path = System/Library/Frameworks/CFNetwork.framework; sourceTree = SDKROOT; };
		B9C1E3671725349000A97D25 /* SystemConfiguration.framework */ = {isa = PBXFileReference; lastKnownFileType = wrapper.framework; name = SystemConfiguration.framework; path = System/Library/Frameworks/SystemConfiguration.framework; sourceTree = SDKROOT; };
		B9C1E37E17268E0400A97D25 /* Social.framework */ = {isa = PBXFileReference; lastKnownFileType = wrapper.framework; name = Social.framework; path = System/Library/Frameworks/Social.framework; sourceTree = SDKROOT; };
		B9C1E3841726954900A97D25 /* AdSupport.framework */ = {isa = PBXFileReference; lastKnownFileType = wrapper.framework; name = AdSupport.framework; path = System/Library/Frameworks/AdSupport.framework; sourceTree = SDKROOT; };
		B9C1E386172695AD00A97D25 /* libsqlite3.dylib */ = {isa = PBXFileReference; lastKnownFileType = "compiled.mach-o.dylib"; name = libsqlite3.dylib; path = usr/lib/libsqlite3.dylib; sourceTree = SDKROOT; };
		B9C1E38A172695FF00A97D25 /* Security.framework */ = {isa = PBXFileReference; lastKnownFileType = wrapper.framework; name = Security.framework; path = System/Library/Frameworks/Security.framework; sourceTree = SDKROOT; };
		B9C1E38C1726969E00A97D25 /* Accounts.framework */ = {isa = PBXFileReference; lastKnownFileType = wrapper.framework; name = Accounts.framework; path = System/Library/Frameworks/Accounts.framework; sourceTree = SDKROOT; };
		B9C1E391172697CB00A97D25 /* app_icon_ipad.png */ = {isa = PBXFileReference; lastKnownFileType = image.png; path = app_icon_ipad.png; sourceTree = "<group>"; };
		B9C1E392172697CB00A97D25 /* app_icon_ipad@2x.png */ = {isa = PBXFileReference; lastKnownFileType = image.png; path = "app_icon_ipad@2x.png"; sourceTree = "<group>"; };
		B9C1E393172697CB00A97D25 /* Default-568h@2x.png */ = {isa = PBXFileReference; lastKnownFileType = image.png; path = "Default-568h@2x.png"; sourceTree = "<group>"; };
		B9C1E395172697CB00A97D25 /* Default@2x.png */ = {isa = PBXFileReference; lastKnownFileType = image.png; path = "Default@2x.png"; sourceTree = "<group>"; };
		B9C1E396172697CB00A97D25 /* splash_768x1024.png */ = {isa = PBXFileReference; lastKnownFileType = image.png; path = splash_768x1024.png; sourceTree = "<group>"; };
		B9C1E397172697CB00A97D25 /* splash_768x1024@2x.png */ = {isa = PBXFileReference; lastKnownFileType = image.png; path = "splash_768x1024@2x.png"; sourceTree = "<group>"; };
		B9C475EA1727BFBC00456DFE /* icon.png */ = {isa = PBXFileReference; lastKnownFileType = image.png; path = icon.png; sourceTree = "<group>"; };
		B9C475EB1727BFBC00456DFE /* icon@2x.png */ = {isa = PBXFileReference; lastKnownFileType = image.png; path = "icon@2x.png"; sourceTree = "<group>"; };
		B9C47757172A425300456DFE /* Default-Portrait@2x~ipad.png */ = {isa = PBXFileReference; lastKnownFileType = image.png; path = "Default-Portrait@2x~ipad.png"; sourceTree = "<group>"; };
		B9C47758172A425300456DFE /* Default-Portrait~ipad.png */ = {isa = PBXFileReference; lastKnownFileType = image.png; path = "Default-Portrait~ipad.png"; sourceTree = "<group>"; };
/* End PBXFileReference section */

/* Begin PBXFrameworksBuildPhase section */
		B9868B00171D11F70021AB7F /* Frameworks */ = {
			isa = PBXFrameworksBuildPhase;
			buildActionMask = 2147483647;
			files = (
				B9C1E38D1726969E00A97D25 /* Accounts.framework in Frameworks */,
				B9C1E38B172695FF00A97D25 /* Security.framework in Frameworks */,
				B9C1E387172695AD00A97D25 /* libsqlite3.dylib in Frameworks */,
				B9C1E3851726954900A97D25 /* AdSupport.framework in Frameworks */,
				B9C1E37F17268E0400A97D25 /* Social.framework in Frameworks */,
				B9C1E3681725349000A97D25 /* SystemConfiguration.framework in Frameworks */,
				B9C1E3661725342E00A97D25 /* CFNetwork.framework in Frameworks */,
				B9C1E36017210F1A00A97D25 /* CoreLocation.framework in Frameworks */,
				B9868B07171D11F70021AB7F /* UIKit.framework in Frameworks */,
				B9868B09171D11F70021AB7F /* Foundation.framework in Frameworks */,
				B9868B0B171D11F70021AB7F /* CoreGraphics.framework in Frameworks */,
				B906C281174B5745004BE58F /* FacebookSDK.framework in Frameworks */,
				B906C282174B5745004BE58F /* libFlurry.a in Frameworks */,
				B906C2F8174B5746004BE58F /* libFlurryAds.a in Frameworks */,
			);
			runOnlyForDeploymentPostprocessing = 0;
		};
		B9868B28171D11F80021AB7F /* Frameworks */ = {
			isa = PBXFrameworksBuildPhase;
			buildActionMask = 2147483647;
			files = (
				B9C1E35F17210E0200A97D25 /* CoreLocation.framework in Frameworks */,
				B9868B2E171D11F80021AB7F /* SenTestingKit.framework in Frameworks */,
				B9868B2F171D11F80021AB7F /* UIKit.framework in Frameworks */,
				B9868B30171D11F80021AB7F /* Foundation.framework in Frameworks */,
			);
			runOnlyForDeploymentPostprocessing = 0;
		};
/* End PBXFrameworksBuildPhase section */

/* Begin PBXGroup section */
		B906C1F5174B5745004BE58F /* Utilities */ = {
			isa = PBXGroup;
			children = (
				B906C1F7174B5745004BE58F /* Flurry iPhone SDK viPhone 4.2.1 */,
				B906C280174B5745004BE58F /* GMConstants.h */,
			);
			path = Utilities;
			sourceTree = "<group>";
		};
		B906C1F7174B5745004BE58F /* Flurry iPhone SDK viPhone 4.2.1 */ = {
			isa = PBXGroup;
			children = (
				B906C1F8174B5745004BE58F /* Flurry-iOS-4.2.1 */,
				B906C27F174B5745004BE58F /* ProjectApiKey.txt */,
			);
			path = "Flurry iPhone SDK viPhone 4.2.1";
			sourceTree = "<group>";
		};
		B906C1F8174B5745004BE58F /* Flurry-iOS-4.2.1 */ = {
			isa = PBXGroup;
			children = (
				B906C1F9174B5745004BE58F /* Flurry */,
				B906C1FC174B5745004BE58F /* Flurry API Documentation */,
				B906C26F174B5745004BE58F /* Flurry iOS Advertising README v4.2.1.pdf */,
				B906C270174B5745004BE58F /* Flurry iOS Analytics README v4.2.1 .pdf */,
				B906C271174B5745004BE58F /* Flurry iOS Release Notes v4.2.1 .pdf */,
				B906C272174B5745004BE58F /* Flurry iOS-4.x-Upgrade-README .pdf */,
				B906C273174B5745004BE58F /* FlurryAds */,
				B906C277174B5745004BE58F /* Licenses */,
			);
			path = "Flurry-iOS-4.2.1";
			sourceTree = "<group>";
		};
		B906C1F9174B5745004BE58F /* Flurry */ = {
			isa = PBXGroup;
			children = (
				B906C1FA174B5745004BE58F /* Flurry.h */,
				B906C1FB174B5745004BE58F /* libFlurry.a */,
			);
			path = Flurry;
			sourceTree = "<group>";
		};
		B906C1FC174B5745004BE58F /* Flurry API Documentation */ = {
			isa = PBXGroup;
			children = (
				B906C1FD174B5745004BE58F /* annotated.html */,
				B906C1FE174B5745004BE58F /* annotated.js */,
				B906C1FF174B5745004BE58F /* bc_s.png */,
				B906C200174B5745004BE58F /* bdwn.png */,
				B906C201174B5745004BE58F /* class_flurry-members.html */,
				B906C202174B5745004BE58F /* class_flurry_ads-members.html */,
				B906C203174B5745004BE58F /* classes.html */,
				B906C204174B5745004BE58F /* closed.png */,
				B906C205174B5745004BE58F /* deprecated.html */,
				B906C206174B5745004BE58F /* dir_0ebd64bd1208439ff9fb2dd897b3c4a1.html */,
				B906C207174B5745004BE58F /* dir_2c12105386bcc5c3935feab96f296a41.html */,
				B906C208174B5745004BE58F /* dir_bf6e624d37ff37ef15235f475e02dcb0.html */,
				B906C209174B5745004BE58F /* dir_d451cda8043a26795542aab0016218be.html */,
				B906C20A174B5745004BE58F /* doxygen.css */,
				B906C20B174B5745004BE58F /* doxygen.png */,
				B906C20C174B5745004BE58F /* dynsections.js */,
				B906C20D174B5745004BE58F /* ftv2blank.png */,
				B906C20E174B5745004BE58F /* ftv2cl.png */,
				B906C20F174B5745004BE58F /* ftv2doc.png */,
				B906C210174B5745004BE58F /* ftv2folderclosed.png */,
				B906C211174B5745004BE58F /* ftv2folderopen.png */,
				B906C212174B5745004BE58F /* ftv2lastnode.png */,
				B906C213174B5745004BE58F /* ftv2link.png */,
				B906C214174B5745004BE58F /* ftv2mlastnode.png */,
				B906C215174B5745004BE58F /* ftv2mnode.png */,
				B906C216174B5745004BE58F /* ftv2mo.png */,
				B906C217174B5745004BE58F /* ftv2node.png */,
				B906C218174B5745004BE58F /* ftv2ns.png */,
				B906C219174B5745004BE58F /* ftv2plastnode.png */,
				B906C21A174B5745004BE58F /* ftv2pnode.png */,
				B906C21B174B5745004BE58F /* ftv2splitbar.png */,
				B906C21C174B5745004BE58F /* ftv2vertline.png */,
				B906C21D174B5745004BE58F /* functions.html */,
				B906C21E174B5745004BE58F /* functions_func.html */,
				B906C21F174B5745004BE58F /* index.html */,
				B906C220174B5745004BE58F /* interface_flurry.html */,
				B906C221174B5745004BE58F /* interface_flurry_ads.html */,
				B906C222174B5745004BE58F /* jquery.js */,
				B906C223174B5745004BE58F /* nav_f.png */,
				B906C224174B5745004BE58F /* nav_g.png */,
				B906C225174B5745004BE58F /* nav_h.png */,
				B906C226174B5745004BE58F /* navtree.css */,
				B906C227174B5745004BE58F /* navtree.js */,
				B906C228174B5745004BE58F /* navtreeindex0.js */,
				B906C229174B5745004BE58F /* open.png */,
				B906C22A174B5745004BE58F /* pages.html */,
				B906C22B174B5745004BE58F /* protocol_flurry_ad_delegate-p-members.html */,
				B906C22C174B5745004BE58F /* protocol_flurry_ad_delegate-p.html */,
				B906C22D174B5745004BE58F /* protocol_flurry_ad_delegate-p.js */,
				B906C22E174B5745004BE58F /* resize.js */,
				B906C22F174B5745004BE58F /* search */,
				B906C268174B5745004BE58F /* sync_off.png */,
				B906C269174B5745004BE58F /* sync_on.png */,
				B906C26A174B5745004BE58F /* tab_a.png */,
				B906C26B174B5745004BE58F /* tab_b.png */,
				B906C26C174B5745004BE58F /* tab_h.png */,
				B906C26D174B5745004BE58F /* tab_s.png */,
				B906C26E174B5745004BE58F /* tabs.css */,
			);
			path = "Flurry API Documentation";
			sourceTree = "<group>";
		};
		B906C22F174B5745004BE58F /* search */ = {
			isa = PBXGroup;
			children = (
				B906C230174B5745004BE58F /* all_61.html */,
				B906C231174B5745004BE58F /* all_61.js */,
				B906C232174B5745004BE58F /* all_63.html */,
				B906C233174B5745004BE58F /* all_63.js */,
				B906C234174B5745004BE58F /* all_64.html */,
				B906C235174B5745004BE58F /* all_64.js */,
				B906C236174B5745004BE58F /* all_65.html */,
				B906C237174B5745004BE58F /* all_65.js */,
				B906C238174B5745004BE58F /* all_66.html */,
				B906C239174B5745004BE58F /* all_66.js */,
				B906C23A174B5745004BE58F /* all_67.html */,
				B906C23B174B5745004BE58F /* all_67.js */,
				B906C23C174B5745004BE58F /* all_69.html */,
				B906C23D174B5745004BE58F /* all_69.js */,
				B906C23E174B5745004BE58F /* all_6c.html */,
				B906C23F174B5745004BE58F /* all_6c.js */,
				B906C240174B5745004BE58F /* all_72.html */,
				B906C241174B5745004BE58F /* all_72.js */,
				B906C242174B5745004BE58F /* all_73.html */,
				B906C243174B5745004BE58F /* all_73.js */,
				B906C244174B5745004BE58F /* all_76.html */,
				B906C245174B5745004BE58F /* all_76.js */,
				B906C246174B5745004BE58F /* classes_66.html */,
				B906C247174B5745004BE58F /* classes_66.js */,
				B906C248174B5745004BE58F /* close.png */,
				B906C249174B5745004BE58F /* functions_61.html */,
				B906C24A174B5745004BE58F /* functions_61.js */,
				B906C24B174B5745004BE58F /* functions_63.html */,
				B906C24C174B5745004BE58F /* functions_63.js */,
				B906C24D174B5745004BE58F /* functions_64.html */,
				B906C24E174B5745004BE58F /* functions_64.js */,
				B906C24F174B5745004BE58F /* functions_65.html */,
				B906C250174B5745004BE58F /* functions_65.js */,
				B906C251174B5745004BE58F /* functions_66.html */,
				B906C252174B5745004BE58F /* functions_66.js */,
				B906C253174B5745004BE58F /* functions_67.html */,
				B906C254174B5745004BE58F /* functions_67.js */,
				B906C255174B5745004BE58F /* functions_69.html */,
				B906C256174B5745004BE58F /* functions_69.js */,
				B906C257174B5745004BE58F /* functions_6c.html */,
				B906C258174B5745004BE58F /* functions_6c.js */,
				B906C259174B5745004BE58F /* functions_72.html */,
				B906C25A174B5745004BE58F /* functions_72.js */,
				B906C25B174B5745004BE58F /* functions_73.html */,
				B906C25C174B5745004BE58F /* functions_73.js */,
				B906C25D174B5745004BE58F /* functions_76.html */,
				B906C25E174B5745004BE58F /* functions_76.js */,
				B906C25F174B5745004BE58F /* mag_sel.png */,
				B906C260174B5745004BE58F /* nomatches.html */,
				B906C261174B5745004BE58F /* pages_64.html */,
				B906C262174B5745004BE58F /* pages_64.js */,
				B906C263174B5745004BE58F /* search.css */,
				B906C264174B5745004BE58F /* search.js */,
				B906C265174B5745004BE58F /* search_l.png */,
				B906C266174B5745004BE58F /* search_m.png */,
				B906C267174B5745004BE58F /* search_r.png */,
			);
			path = search;
			sourceTree = "<group>";
		};
		B906C273174B5745004BE58F /* FlurryAds */ = {
			isa = PBXGroup;
			children = (
				B906C274174B5745004BE58F /* FlurryAdDelegate.h */,
				B906C275174B5745004BE58F /* FlurryAds.h */,
				B906C276174B5745004BE58F /* libFlurryAds.a */,
			);
			path = FlurryAds;
			sourceTree = "<group>";
		};
		B906C277174B5745004BE58F /* Licenses */ = {
			isa = PBXGroup;
			children = (
				B906C278174B5745004BE58F /* Avro-LICENSE.txt */,
				B906C279174B5745004BE58F /* Flurry AppCircle Advertiser TOS FINAL August 1, 2012.pdf */,
				B906C27A174B5745004BE58F /* Flurry AppSpot Publisher Platform TOS FINAL August 1, 2012.pdf */,
				B906C27B174B5745004BE58F /* Flurry-LICENSE.txt */,
				B906C27C174B5745004BE58F /* Flurry_AppCircle_Advertiser_TOS.pdf */,
				B906C27D174B5745004BE58F /* Flurry_AppSpot_Publisher_Platform_TOS.pdf */,
				B906C27E174B5745004BE58F /* Jansson-LICENSE.txt */,
			);
			path = Licenses;
			sourceTree = "<group>";
		};
		B9868AFA171D11F70021AB7F = {
			isa = PBXGroup;
			children = (
				B9868B0C171D11F70021AB7F /* GamesWrapper */,
				B9868B33171D11F80021AB7F /* GamesWrapperTests */,
				B9868B05171D11F70021AB7F /* Frameworks */,
				B9868B04171D11F70021AB7F /* Products */,
			);
			sourceTree = "<group>";
		};
		B9868B04171D11F70021AB7F /* Products */ = {
			isa = PBXGroup;
			children = (
				B9868B03171D11F70021AB7F /* GamesWrapper.app */,
				B9868B2C171D11F80021AB7F /* GamesWrapperTests.octest */,
			);
			name = Products;
			sourceTree = "<group>";
		};
		B9868B05171D11F70021AB7F /* Frameworks */ = {
			isa = PBXGroup;
			children = (
				B906C301174B57E4004BE58F /* FacebookSDKResources.bundle */,
				B906C1F6174B5745004BE58F /* FacebookSDK.framework */,
				B9C1E386172695AD00A97D25 /* libsqlite3.dylib */,
				B9C1E3841726954900A97D25 /* AdSupport.framework */,
				B9C1E37E17268E0400A97D25 /* Social.framework */,
				B9C1E3671725349000A97D25 /* SystemConfiguration.framework */,
				B9C1E3651725342E00A97D25 /* CFNetwork.framework */,
				B9C1E35E17210E0200A97D25 /* CoreLocation.framework */,
				B9C1E38A172695FF00A97D25 /* Security.framework */,
				B9C1E38C1726969E00A97D25 /* Accounts.framework */,
				B9868B06171D11F70021AB7F /* UIKit.framework */,
				B9868B08171D11F70021AB7F /* Foundation.framework */,
				B9868B0A171D11F70021AB7F /* CoreGraphics.framework */,
				B9868B2D171D11F80021AB7F /* SenTestingKit.framework */,
			);
			name = Frameworks;
			sourceTree = "<group>";
		};
		B9868B0C171D11F70021AB7F /* GamesWrapper */ = {
			isa = PBXGroup;
			children = (
				B906C1F5174B5745004BE58F /* Utilities */,
				B9C1E361172520F300A97D25 /* InternetConnectivity */,
				B9868B15171D11F70021AB7F /* GMAppDelegate.h */,
				B9868B16171D11F70021AB7F /* GMAppDelegate.m */,
				B9868B1E171D11F70021AB7F /* GMViewController.h */,
				B9868B1F171D11F70021AB7F /* GMViewController.m */,
				B9868B21171D11F70021AB7F /* GMViewController_iPhone.xib */,
				B9868B24171D11F70021AB7F /* GMViewController_iPad.xib */,
				B9868B0D171D11F70021AB7F /* Supporting Files */,
			);
			path = GamesWrapper;
			sourceTree = "<group>";
		};
		B9868B0D171D11F70021AB7F /* Supporting Files */ = {
			isa = PBXGroup;
			children = (
				B9C1E38E172697CB00A97D25 /* Images */,
				B9868B0E171D11F70021AB7F /* GamesWrapper-Info.plist */,
				B99989F0171D58810014E04F /* UrlFile.plist */,
				B9868B0F171D11F70021AB7F /* InfoPlist.strings */,
				B9868B12171D11F70021AB7F /* main.m */,
				B9868B14171D11F70021AB7F /* GamesWrapper-Prefix.pch */,
			);
			name = "Supporting Files";
			sourceTree = "<group>";
		};
		B9868B33171D11F80021AB7F /* GamesWrapperTests */ = {
			isa = PBXGroup;
			children = (
				B9868B39171D11F80021AB7F /* GamesWrapperTests.h */,
				B9868B3A171D11F80021AB7F /* GamesWrapperTests.m */,
				B9868B34171D11F80021AB7F /* Supporting Files */,
			);
			path = GamesWrapperTests;
			sourceTree = "<group>";
		};
		B9868B34171D11F80021AB7F /* Supporting Files */ = {
			isa = PBXGroup;
			children = (
				B9868B35171D11F80021AB7F /* GamesWrapperTests-Info.plist */,
				B9868B36171D11F80021AB7F /* InfoPlist.strings */,
			);
			name = "Supporting Files";
			sourceTree = "<group>";
		};
		B9C1E361172520F300A97D25 /* InternetConnectivity */ = {
			isa = PBXGroup;
			children = (
				B9C1E362172520F300A97D25 /* Reachability.h */,
				B9C1E363172520F300A97D25 /* Reachability.m */,
			);
			path = InternetConnectivity;
			sourceTree = "<group>";
		};
		B9C1E38E172697CB00A97D25 /* Images */ = {
			isa = PBXGroup;
			children = (
				B9C47757172A425300456DFE /* Default-Portrait@2x~ipad.png */,
				B906C1F317439B3A004BE58F /* Default.png */,
				B96413CE1742373000908B3E /* btn-launchwebsite.png */,
				B96413CF1742373000908B3E /* btn_tryagain.png */,
				B9C47758172A425300456DFE /* Default-Portrait~ipad.png */,
				B9C475EA1727BFBC00456DFE /* icon.png */,
				B9C475EB1727BFBC00456DFE /* icon@2x.png */,
				B9C1E391172697CB00A97D25 /* app_icon_ipad.png */,
				B9C1E392172697CB00A97D25 /* app_icon_ipad@2x.png */,
				B9C1E393172697CB00A97D25 /* Default-568h@2x.png */,
				B9C1E395172697CB00A97D25 /* Default@2x.png */,
				B9C1E396172697CB00A97D25 /* splash_768x1024.png */,
				B9C1E397172697CB00A97D25 /* splash_768x1024@2x.png */,
			);
			path = Images;
			sourceTree = "<group>";
		};
/* End PBXGroup section */

/* Begin PBXNativeTarget section */
		B9868B02171D11F70021AB7F /* GamesWrapper */ = {
			isa = PBXNativeTarget;
			buildConfigurationList = B9868B3E171D11F80021AB7F /* Build configuration list for PBXNativeTarget "GamesWrapper" */;
			buildPhases = (
				B9868AFF171D11F70021AB7F /* Sources */,
				B9868B00171D11F70021AB7F /* Frameworks */,
				B9868B01171D11F70021AB7F /* Resources */,
			);
			buildRules = (
			);
			dependencies = (
			);
			name = GamesWrapper;
			productName = GamesWrapper;
			productReference = B9868B03171D11F70021AB7F /* GamesWrapper.app */;
			productType = "com.apple.product-type.application";
		};
		B9868B2B171D11F80021AB7F /* GamesWrapperTests */ = {
			isa = PBXNativeTarget;
			buildConfigurationList = B9868B41171D11F80021AB7F /* Build configuration list for PBXNativeTarget "GamesWrapperTests" */;
			buildPhases = (
				B9868B27171D11F80021AB7F /* Sources */,
				B9868B28171D11F80021AB7F /* Frameworks */,
				B9868B29171D11F80021AB7F /* Resources */,
				B9868B2A171D11F80021AB7F /* ShellScript */,
			);
			buildRules = (
			);
			dependencies = (
				B9868B32171D11F80021AB7F /* PBXTargetDependency */,
			);
			name = GamesWrapperTests;
			productName = GamesWrapperTests;
			productReference = B9868B2C171D11F80021AB7F /* GamesWrapperTests.octest */;
			productType = "com.apple.product-type.bundle";
		};
/* End PBXNativeTarget section */

/* Begin PBXProject section */
		B9868AFB171D11F70021AB7F /* Project object */ = {
			isa = PBXProject;
			attributes = {
				CLASSPREFIX = GM;
				LastUpgradeCheck = 0460;
				ORGANIZATIONNAME = "Madhusudhan HK";
			};
			buildConfigurationList = B9868AFE171D11F70021AB7F /* Build configuration list for PBXProject "GamesWrapper" */;
			compatibilityVersion = "Xcode 3.2";
			developmentRegion = English;
			hasScannedForEncodings = 0;
			knownRegions = (
				en,
			);
			mainGroup = B9868AFA171D11F70021AB7F;
			productRefGroup = B9868B04171D11F70021AB7F /* Products */;
			projectDirPath = "";
			projectRoot = "";
			targets = (
				B9868B02171D11F70021AB7F /* GamesWrapper */,
				B9868B2B171D11F80021AB7F /* GamesWrapperTests */,
			);
		};
/* End PBXProject section */

/* Begin PBXResourcesBuildPhase section */
		B9868B01171D11F70021AB7F /* Resources */ = {
			isa = PBXResourcesBuildPhase;
			buildActionMask = 2147483647;
			files = (
				B906C284174B5745004BE58F /* annotated.js in Resources */,
				B906C292174B5745004BE58F /* dynsections.js in Resources */,
				B906C2A8174B5745004BE58F /* jquery.js in Resources */,
				B906C2AD174B5745004BE58F /* navtree.js in Resources */,
				B906C2AE174B5745004BE58F /* navtreeindex0.js in Resources */,
				B906C2B3174B5746004BE58F /* protocol_flurry_ad_delegate-p.js in Resources */,
				B906C2B4174B5746004BE58F /* resize.js in Resources */,
				B906C2B6174B5746004BE58F /* all_61.js in Resources */,
				B906C2B8174B5746004BE58F /* all_63.js in Resources */,
				B906C2BA174B5746004BE58F /* all_64.js in Resources */,
				B906C2BC174B5746004BE58F /* all_65.js in Resources */,
				B906C2BE174B5746004BE58F /* all_66.js in Resources */,
				B906C2C0174B5746004BE58F /* all_67.js in Resources */,
				B906C2C2174B5746004BE58F /* all_69.js in Resources */,
				B906C2C4174B5746004BE58F /* all_6c.js in Resources */,
				B906C2C6174B5746004BE58F /* all_72.js in Resources */,
				B906C2C8174B5746004BE58F /* all_73.js in Resources */,
				B906C2CA174B5746004BE58F /* all_76.js in Resources */,
				B906C2CC174B5746004BE58F /* classes_66.js in Resources */,
				B906C2CF174B5746004BE58F /* functions_61.js in Resources */,
				B906C2D1174B5746004BE58F /* functions_63.js in Resources */,
				B906C2D3174B5746004BE58F /* functions_64.js in Resources */,
				B906C2D5174B5746004BE58F /* functions_65.js in Resources */,
				B906C2D7174B5746004BE58F /* functions_66.js in Resources */,
				B906C2D9174B5746004BE58F /* functions_67.js in Resources */,
				B906C2DB174B5746004BE58F /* functions_69.js in Resources */,
				B906C2DD174B5746004BE58F /* functions_6c.js in Resources */,
				B906C2DF174B5746004BE58F /* functions_72.js in Resources */,
				B906C2E1174B5746004BE58F /* functions_73.js in Resources */,
				B906C2E3174B5746004BE58F /* functions_76.js in Resources */,
				B906C2E7174B5746004BE58F /* pages_64.js in Resources */,
				B906C2E9174B5746004BE58F /* search.js in Resources */,
				B9868B11171D11F70021AB7F /* InfoPlist.strings in Resources */,
				B9868B23171D11F70021AB7F /* GMViewController_iPhone.xib in Resources */,
				B9868B26171D11F70021AB7F /* GMViewController_iPad.xib in Resources */,
				B99989F1171D58810014E04F /* UrlFile.plist in Resources */,
				B9C1E39A172697CB00A97D25 /* app_icon_ipad.png in Resources */,
				B9C1E39B172697CB00A97D25 /* app_icon_ipad@2x.png in Resources */,
				B9C1E39C172697CB00A97D25 /* Default-568h@2x.png in Resources */,
				B9C1E39E172697CB00A97D25 /* Default@2x.png in Resources */,
				B9C1E39F172697CB00A97D25 /* splash_768x1024.png in Resources */,
				B9C1E3A0172697CB00A97D25 /* splash_768x1024@2x.png in Resources */,
				B9C475EC1727BFBC00456DFE /* icon.png in Resources */,
				B9C475ED1727BFBC00456DFE /* icon@2x.png in Resources */,
				B9C47759172A425300456DFE /* Default-Portrait@2x~ipad.png in Resources */,
				B96413D01742373000908B3E /* btn-launchwebsite.png in Resources */,
				B96413D11742373000908B3E /* btn_tryagain.png in Resources */,
				B906C1F417439B3A004BE58F /* Default.png in Resources */,
				B906C283174B5745004BE58F /* annotated.html in Resources */,
				B906C285174B5745004BE58F /* bc_s.png in Resources */,
				B906C286174B5745004BE58F /* bdwn.png in Resources */,
				B906C287174B5745004BE58F /* class_flurry-members.html in Resources */,
				B906C288174B5745004BE58F /* class_flurry_ads-members.html in Resources */,
				B906C289174B5745004BE58F /* classes.html in Resources */,
				B906C28A174B5745004BE58F /* closed.png in Resources */,
				B906C28B174B5745004BE58F /* deprecated.html in Resources */,
				B906C28C174B5745004BE58F /* dir_0ebd64bd1208439ff9fb2dd897b3c4a1.html in Resources */,
				B906C28D174B5745004BE58F /* dir_2c12105386bcc5c3935feab96f296a41.html in Resources */,
				B906C28E174B5745004BE58F /* dir_bf6e624d37ff37ef15235f475e02dcb0.html in Resources */,
				B906C28F174B5745004BE58F /* dir_d451cda8043a26795542aab0016218be.html in Resources */,
				B906C290174B5745004BE58F /* doxygen.css in Resources */,
				B906C291174B5745004BE58F /* doxygen.png in Resources */,
				B906C293174B5745004BE58F /* ftv2blank.png in Resources */,
				B906C294174B5745004BE58F /* ftv2cl.png in Resources */,
				B906C295174B5745004BE58F /* ftv2doc.png in Resources */,
				B906C296174B5745004BE58F /* ftv2folderclosed.png in Resources */,
				B906C297174B5745004BE58F /* ftv2folderopen.png in Resources */,
				B906C298174B5745004BE58F /* ftv2lastnode.png in Resources */,
				B906C299174B5745004BE58F /* ftv2link.png in Resources */,
				B906C29A174B5745004BE58F /* ftv2mlastnode.png in Resources */,
				B906C29B174B5745004BE58F /* ftv2mnode.png in Resources */,
				B906C29C174B5745004BE58F /* ftv2mo.png in Resources */,
				B906C29D174B5745004BE58F /* ftv2node.png in Resources */,
				B906C29E174B5745004BE58F /* ftv2ns.png in Resources */,
				B906C29F174B5745004BE58F /* ftv2plastnode.png in Resources */,
				B906C2A0174B5745004BE58F /* ftv2pnode.png in Resources */,
				B906C2A1174B5745004BE58F /* ftv2splitbar.png in Resources */,
				B906C2A2174B5745004BE58F /* ftv2vertline.png in Resources */,
				B906C2A3174B5745004BE58F /* functions.html in Resources */,
				B906C2A4174B5745004BE58F /* functions_func.html in Resources */,
				B906C2A5174B5745004BE58F /* index.html in Resources */,
				B906C2A6174B5745004BE58F /* interface_flurry.html in Resources */,
				B906C2A7174B5745004BE58F /* interface_flurry_ads.html in Resources */,
				B906C2A9174B5745004BE58F /* nav_f.png in Resources */,
				B906C2AA174B5745004BE58F /* nav_g.png in Resources */,
				B906C2AB174B5745004BE58F /* nav_h.png in Resources */,
				B906C2AC174B5745004BE58F /* navtree.css in Resources */,
				B906C2AF174B5745004BE58F /* open.png in Resources */,
				B906C2B0174B5745004BE58F /* pages.html in Resources */,
				B906C2B1174B5746004BE58F /* protocol_flurry_ad_delegate-p-members.html in Resources */,
				B906C2B2174B5746004BE58F /* protocol_flurry_ad_delegate-p.html in Resources */,
				B906C2B5174B5746004BE58F /* all_61.html in Resources */,
				B906C2B7174B5746004BE58F /* all_63.html in Resources */,
				B906C2B9174B5746004BE58F /* all_64.html in Resources */,
				B906C2BB174B5746004BE58F /* all_65.html in Resources */,
				B906C2BD174B5746004BE58F /* all_66.html in Resources */,
				B906C2BF174B5746004BE58F /* all_67.html in Resources */,
				B906C2C1174B5746004BE58F /* all_69.html in Resources */,
				B906C2C3174B5746004BE58F /* all_6c.html in Resources */,
				B906C2C5174B5746004BE58F /* all_72.html in Resources */,
				B906C2C7174B5746004BE58F /* all_73.html in Resources */,
				B906C2C9174B5746004BE58F /* all_76.html in Resources */,
				B906C2CB174B5746004BE58F /* classes_66.html in Resources */,
				B906C2CD174B5746004BE58F /* close.png in Resources */,
				B906C2CE174B5746004BE58F /* functions_61.html in Resources */,
				B906C2D0174B5746004BE58F /* functions_63.html in Resources */,
				B906C2D2174B5746004BE58F /* functions_64.html in Resources */,
				B906C2D4174B5746004BE58F /* functions_65.html in Resources */,
				B906C2D6174B5746004BE58F /* functions_66.html in Resources */,
				B906C2D8174B5746004BE58F /* functions_67.html in Resources */,
				B906C2DA174B5746004BE58F /* functions_69.html in Resources */,
				B906C2DC174B5746004BE58F /* functions_6c.html in Resources */,
				B906C2DE174B5746004BE58F /* functions_72.html in Resources */,
				B906C2E0174B5746004BE58F /* functions_73.html in Resources */,
				B906C2E2174B5746004BE58F /* functions_76.html in Resources */,
				B906C2E4174B5746004BE58F /* mag_sel.png in Resources */,
				B906C2E5174B5746004BE58F /* nomatches.html in Resources */,
				B906C2E6174B5746004BE58F /* pages_64.html in Resources */,
				B906C2E8174B5746004BE58F /* search.css in Resources */,
				B906C2EA174B5746004BE58F /* search_l.png in Resources */,
				B906C2EB174B5746004BE58F /* search_m.png in Resources */,
				B906C2EC174B5746004BE58F /* search_r.png in Resources */,
				B906C2ED174B5746004BE58F /* sync_off.png in Resources */,
				B906C2EE174B5746004BE58F /* sync_on.png in Resources */,
				B906C2EF174B5746004BE58F /* tab_a.png in Resources */,
				B906C2F0174B5746004BE58F /* tab_b.png in Resources */,
				B906C2F1174B5746004BE58F /* tab_h.png in Resources */,
				B906C2F2174B5746004BE58F /* tab_s.png in Resources */,
				B906C2F3174B5746004BE58F /* tabs.css in Resources */,
				B906C2F4174B5746004BE58F /* Flurry iOS Advertising README v4.2.1.pdf in Resources */,
				B906C2F5174B5746004BE58F /* Flurry iOS Analytics README v4.2.1 .pdf in Resources */,
				B906C2F6174B5746004BE58F /* Flurry iOS Release Notes v4.2.1 .pdf in Resources */,
				B906C2F7174B5746004BE58F /* Flurry iOS-4.x-Upgrade-README .pdf in Resources */,
				B906C2F9174B5746004BE58F /* Avro-LICENSE.txt in Resources */,
				B906C2FA174B5746004BE58F /* Flurry AppCircle Advertiser TOS FINAL August 1, 2012.pdf in Resources */,
				B906C2FB174B5746004BE58F /* Flurry AppSpot Publisher Platform TOS FINAL August 1, 2012.pdf in Resources */,
				B906C2FC174B5746004BE58F /* Flurry-LICENSE.txt in Resources */,
				B906C2FD174B5746004BE58F /* Flurry_AppCircle_Advertiser_TOS.pdf in Resources */,
				B906C2FE174B5746004BE58F /* Flurry_AppSpot_Publisher_Platform_TOS.pdf in Resources */,
				B906C2FF174B5746004BE58F /* Jansson-LICENSE.txt in Resources */,
				B906C300174B5746004BE58F /* ProjectApiKey.txt in Resources */,
				B906C302174B57E4004BE58F /* FacebookSDKResources.bundle in Resources */,
			);
			runOnlyForDeploymentPostprocessing = 0;
		};
		B9868B29171D11F80021AB7F /* Resources */ = {
			isa = PBXResourcesBuildPhase;
			buildActionMask = 2147483647;
			files = (
				B9868B38171D11F80021AB7F /* InfoPlist.strings in Resources */,
			);
			runOnlyForDeploymentPostprocessing = 0;
		};
/* End PBXResourcesBuildPhase section */

/* Begin PBXShellScriptBuildPhase section */
		B9868B2A171D11F80021AB7F /* ShellScript */ = {
			isa = PBXShellScriptBuildPhase;
			buildActionMask = 2147483647;
			files = (
			);
			inputPaths = (
			);
			outputPaths = (
			);
			runOnlyForDeploymentPostprocessing = 0;
			shellPath = /bin/sh;
			shellScript = "# Run the unit tests in this test bundle.\n\"${SYSTEM_DEVELOPER_DIR}/Tools/RunUnitTests\"\n";
		};
/* End PBXShellScriptBuildPhase section */

/* Begin PBXSourcesBuildPhase section */
		B9868AFF171D11F70021AB7F /* Sources */ = {
			isa = PBXSourcesBuildPhase;
			buildActionMask = 2147483647;
			files = (
				B9868B13171D11F70021AB7F /* main.m in Sources */,
				B9868B17171D11F70021AB7F /* GMAppDelegate.m in Sources */,
				B9868B20171D11F70021AB7F /* GMViewController.m in Sources */,
				B9C1E364172520F300A97D25 /* Reachability.m in Sources */,
			);
			runOnlyForDeploymentPostprocessing = 0;
		};
		B9868B27171D11F80021AB7F /* Sources */ = {
			isa = PBXSourcesBuildPhase;
			buildActionMask = 2147483647;
			files = (
				B9868B3B171D11F80021AB7F /* GamesWrapperTests.m in Sources */,
			);
			runOnlyForDeploymentPostprocessing = 0;
		};
/* End PBXSourcesBuildPhase section */

/* Begin PBXTargetDependency section */
		B9868B32171D11F80021AB7F /* PBXTargetDependency */ = {
			isa = PBXTargetDependency;
			target = B9868B02171D11F70021AB7F /* GamesWrapper */;
			targetProxy = B9868B31171D11F80021AB7F /* PBXContainerItemProxy */;
		};
/* End PBXTargetDependency section */

/* Begin PBXVariantGroup section */
		B9868B0F171D11F70021AB7F /* InfoPlist.strings */ = {
			isa = PBXVariantGroup;
			children = (
				B9868B10171D11F70021AB7F /* en */,
			);
			name = InfoPlist.strings;
			sourceTree = "<group>";
		};
		B9868B21171D11F70021AB7F /* GMViewController_iPhone.xib */ = {
			isa = PBXVariantGroup;
			children = (
				B9868B22171D11F70021AB7F /* en */,
			);
			name = GMViewController_iPhone.xib;
			sourceTree = "<group>";
		};
		B9868B24171D11F70021AB7F /* GMViewController_iPad.xib */ = {
			isa = PBXVariantGroup;
			children = (
				B9868B25171D11F70021AB7F /* en */,
			);
			name = GMViewController_iPad.xib;
			sourceTree = "<group>";
		};
		B9868B36171D11F80021AB7F /* InfoPlist.strings */ = {
			isa = PBXVariantGroup;
			children = (
				B9868B37171D11F80021AB7F /* en */,
			);
			name = InfoPlist.strings;
			sourceTree = "<group>";
		};
/* End PBXVariantGroup section */

/* Begin XCBuildConfiguration section */
		B9868B3C171D11F80021AB7F /* Debug */ = {
			isa = XCBuildConfiguration;
			buildSettings = {
				ALWAYS_SEARCH_USER_PATHS = NO;
				CLANG_CXX_LANGUAGE_STANDARD = "gnu++0x";
				CLANG_CXX_LIBRARY = "libc++";
				CLANG_ENABLE_OBJC_ARC = YES;
				CLANG_WARN_CONSTANT_CONVERSION = YES;
				CLANG_WARN_EMPTY_BODY = YES;
				CLANG_WARN_ENUM_CONVERSION = YES;
				CLANG_WARN_INT_CONVERSION = YES;
				CLANG_WARN__DUPLICATE_METHOD_MATCH = YES;
				CODE_SIGN_IDENTITY = "iPhone Developer: Bharat Ahluwalia (Z5QQKGB5TP)";
				"CODE_SIGN_IDENTITY[sdk=iphoneos*]" = "iPhone Developer: Bharat Ahluwalia (Z5QQKGB5TP)";
				COPY_PHASE_STRIP = NO;
				GCC_C_LANGUAGE_STANDARD = gnu99;
				GCC_DYNAMIC_NO_PIC = NO;
				GCC_OPTIMIZATION_LEVEL = 0;
				GCC_PREPROCESSOR_DEFINITIONS = (
					"DEBUG=1",
					"$(inherited)",
				);
				GCC_SYMBOLS_PRIVATE_EXTERN = NO;
				GCC_WARN_ABOUT_RETURN_TYPE = YES;
				GCC_WARN_UNINITIALIZED_AUTOS = YES;
				GCC_WARN_UNUSED_VARIABLE = YES;
				IPHONEOS_DEPLOYMENT_TARGET = 5.0;
				ONLY_ACTIVE_ARCH = YES;
				OTHER_LDFLAGS = "-lsqlite3.0";
				PROVISIONING_PROFILE = "8CF4DFC6-2DB7-45EC-BCCF-DBDF698B41C2";
				"PROVISIONING_PROFILE[sdk=iphoneos*]" = "8CF4DFC6-2DB7-45EC-BCCF-DBDF698B41C2";
				SDKROOT = iphoneos;
				TARGETED_DEVICE_FAMILY = "1,2";
			};
			name = Debug;
		};
		B9868B3D171D11F80021AB7F /* Release */ = {
			isa = XCBuildConfiguration;
			buildSettings = {
				ALWAYS_SEARCH_USER_PATHS = NO;
				CLANG_CXX_LANGUAGE_STANDARD = "gnu++0x";
				CLANG_CXX_LIBRARY = "libc++";
				CLANG_ENABLE_OBJC_ARC = YES;
				CLANG_WARN_CONSTANT_CONVERSION = YES;
				CLANG_WARN_EMPTY_BODY = YES;
				CLANG_WARN_ENUM_CONVERSION = YES;
				CLANG_WARN_INT_CONVERSION = YES;
				CLANG_WARN__DUPLICATE_METHOD_MATCH = YES;
				CODE_SIGN_IDENTITY = "iPhone Distribution: Aditi Technologies";
				"CODE_SIGN_IDENTITY[sdk=iphoneos*]" = "iPhone Distribution: Aditi Technologies";
				COPY_PHASE_STRIP = YES;
				GCC_C_LANGUAGE_STANDARD = gnu99;
				GCC_WARN_ABOUT_RETURN_TYPE = YES;
				GCC_WARN_UNINITIALIZED_AUTOS = YES;
				GCC_WARN_UNUSED_VARIABLE = YES;
				IPHONEOS_DEPLOYMENT_TARGET = 5.0;
				OTHER_CFLAGS = "-DNS_BLOCK_ASSERTIONS=1";
				OTHER_LDFLAGS = "-lsqlite3.0";
				PROVISIONING_PROFILE = "8063F3A5-E26F-4FBC-8566-425468AB43EB";
				"PROVISIONING_PROFILE[sdk=iphoneos*]" = "8063F3A5-E26F-4FBC-8566-425468AB43EB";
				SDKROOT = iphoneos;
				TARGETED_DEVICE_FAMILY = "1,2";
				VALIDATE_PRODUCT = YES;
			};
			name = Release;
		};
		B9868B3F171D11F80021AB7F /* Debug */ = {
			isa = XCBuildConfiguration;
			buildSettings = {
				CODE_SIGN_IDENTITY = "iPhone Distribution: Aditi Technologies";
				"CODE_SIGN_IDENTITY[sdk=iphoneos*]" = "iPhone Developer: Bharat Ahluwalia (Z5QQKGB5TP)";
				FRAMEWORK_SEARCH_PATHS = (
					"$(inherited)",
					"\"$(SRCROOT)\"",
					"\"$(SRCROOT)/GamesWrapper/Utilities\"",
				);
				GCC_PRECOMPILE_PREFIX_HEADER = YES;
				GCC_PREFIX_HEADER = "GamesWrapper/GamesWrapper-Prefix.pch";
				INFOPLIST_FILE = "GamesWrapper/GamesWrapper-Info.plist";
				IPHONEOS_DEPLOYMENT_TARGET = 5.0;
				LIBRARY_SEARCH_PATHS = (
					"$(inherited)",
					"\"$(SRCROOT)/GamesWrapper/Flurry iPhone SDK viPhone 4.2.1/Flurry-iOS-4.2.1/Flurry\"",
					"\"$(SRCROOT)/GamesWrapper/Flurry iPhone SDK viPhone 4.2.1/Flurry-iOS-4.2.1/FlurryAds\"",
					"\"$(SRCROOT)/GamesWrapper/Utilities/Flurry iPhone SDK viPhone 4.2.1/Flurry-iOS-4.2.1/Flurry\"",
					"\"$(SRCROOT)/GamesWrapper/Utilities/Flurry iPhone SDK viPhone 4.2.1/Flurry-iOS-4.2.1/FlurryAds\"",
				);
				PRODUCT_NAME = "$(TARGET_NAME)";
				PROVISIONING_PROFILE = "10FA9778-2650-4FD6-AD8E-FA067928047A";
				"PROVISIONING_PROFILE[sdk=iphoneos*]" = "75A8FDAF-E04D-4BB3-9586-2E23A0A6A550";
				WRAPPER_EXTENSION = app;
			};
			name = Debug;
		};
		B9868B40171D11F80021AB7F /* Release */ = {
			isa = XCBuildConfiguration;
			buildSettings = {
				CODE_SIGN_IDENTITY = "iPhone Distribution: Aditi Technologies";
				"CODE_SIGN_IDENTITY[sdk=iphoneos*]" = "iPhone Distribution: Aditi Technologies";
				FRAMEWORK_SEARCH_PATHS = (
					"$(inherited)",
					"\"$(SRCROOT)\"",
					"\"$(SRCROOT)/GamesWrapper/Utilities\"",
				);
				GCC_PRECOMPILE_PREFIX_HEADER = YES;
				GCC_PREFIX_HEADER = "GamesWrapper/GamesWrapper-Prefix.pch";
				INFOPLIST_FILE = "GamesWrapper/GamesWrapper-Info.plist";
				IPHONEOS_DEPLOYMENT_TARGET = 5.0;
				LIBRARY_SEARCH_PATHS = (
					"$(inherited)",
					"\"$(SRCROOT)/GamesWrapper/Flurry iPhone SDK viPhone 4.2.1/Flurry-iOS-4.2.1/Flurry\"",
					"\"$(SRCROOT)/GamesWrapper/Flurry iPhone SDK viPhone 4.2.1/Flurry-iOS-4.2.1/FlurryAds\"",
					"\"$(SRCROOT)/GamesWrapper/Utilities/Flurry iPhone SDK viPhone 4.2.1/Flurry-iOS-4.2.1/Flurry\"",
					"\"$(SRCROOT)/GamesWrapper/Utilities/Flurry iPhone SDK viPhone 4.2.1/Flurry-iOS-4.2.1/FlurryAds\"",
				);
				PRODUCT_NAME = "$(TARGET_NAME)";
				PROVISIONING_PROFILE = "6481B734-9AC1-4847-B89F-977A4EEBD299";
				"PROVISIONING_PROFILE[sdk=iphoneos*]" = "6481B734-9AC1-4847-B89F-977A4EEBD299";
				WRAPPER_EXTENSION = app;
			};
			name = Release;
		};
		B9868B42171D11F80021AB7F /* Debug */ = {
			isa = XCBuildConfiguration;
			buildSettings = {
				BUNDLE_LOADER = "$(BUILT_PRODUCTS_DIR)/GamesWrapper.app/GamesWrapper";
				FRAMEWORK_SEARCH_PATHS = (
					"\"$(SDKROOT)/Developer/Library/Frameworks\"",
					"\"$(DEVELOPER_LIBRARY_DIR)/Frameworks\"",
				);
				GCC_PRECOMPILE_PREFIX_HEADER = YES;
				GCC_PREFIX_HEADER = "GamesWrapper/GamesWrapper-Prefix.pch";
				INFOPLIST_FILE = "GamesWrapperTests/GamesWrapperTests-Info.plist";
				PRODUCT_NAME = "$(TARGET_NAME)";
				TEST_HOST = "$(BUNDLE_LOADER)";
				WRAPPER_EXTENSION = octest;
			};
			name = Debug;
		};
		B9868B43171D11F80021AB7F /* Release */ = {
			isa = XCBuildConfiguration;
			buildSettings = {
				BUNDLE_LOADER = "$(BUILT_PRODUCTS_DIR)/GamesWrapper.app/GamesWrapper";
				FRAMEWORK_SEARCH_PATHS = (
					"\"$(SDKROOT)/Developer/Library/Frameworks\"",
					"\"$(DEVELOPER_LIBRARY_DIR)/Frameworks\"",
				);
				GCC_PRECOMPILE_PREFIX_HEADER = YES;
				GCC_PREFIX_HEADER = "GamesWrapper/GamesWrapper-Prefix.pch";
				INFOPLIST_FILE = "GamesWrapperTests/GamesWrapperTests-Info.plist";
				PRODUCT_NAME = "$(TARGET_NAME)";
				TEST_HOST = "$(BUNDLE_LOADER)";
				WRAPPER_EXTENSION = octest;
			};
			name = Release;
		};
/* End XCBuildConfiguration section */

/* Begin XCConfigurationList section */
		B9868AFE171D11F70021AB7F /* Build configuration list for PBXProject "GamesWrapper" */ = {
			isa = XCConfigurationList;
			buildConfigurations = (
				B9868B3C171D11F80021AB7F /* Debug */,
				B9868B3D171D11F80021AB7F /* Release */,
			);
			defaultConfigurationIsVisible = 0;
			defaultConfigurationName = Release;
		};
		B9868B3E171D11F80021AB7F /* Build configuration list for PBXNativeTarget "GamesWrapper" */ = {
			isa = XCConfigurationList;
			buildConfigurations = (
				B9868B3F171D11F80021AB7F /* Debug */,
				B9868B40171D11F80021AB7F /* Release */,
			);
			defaultConfigurationIsVisible = 0;
			defaultConfigurationName = Release;
		};
		B9868B41171D11F80021AB7F /* Build configuration list for PBXNativeTarget "GamesWrapperTests" */ = {
			isa = XCConfigurationList;
			buildConfigurations = (
				B9868B42171D11F80021AB7F /* Debug */,
				B9868B43171D11F80021AB7F /* Release */,
			);
			defaultConfigurationIsVisible = 0;
			defaultConfigurationName = Release;
		};
/* End XCConfigurationList section */
	};
	rootObject = B9868AFB171D11F70021AB7F /* Project object */;
}
